
Microsoft Visual Studio Solution File, Format Version 12.00
# Visual Studio Version 16
VisualStudioVersion = 16.0.30204.135
MinimumVisualStudioVersion = 10.0.40219.1
Project("{A07B5EB6-E848-4116-A8D0-A826331D98C6}") = "Cloud.Web", "Cloud.Web.sfproj", "{7C7FBA67-AAEE-4487-ACAF-B8B7A5D51795}"
EndProject
Project("{9A19103F-16F7-4668-BE54-9A1E7A4F7556}") = "WebAPI", "..\WebAPI\WebAPI.csproj", "{09E87B48-4957-48EA-B29B-A6EC648CD3F0}"
EndProject
Project("{2150E333-8FDC-42A3-9474-1A3956D46DE8}") = "Common", "Common", "{91813790-03F2-4F10-855E-96D66B4BE487}"
EndProject
Project("{FAE04EC0-301F-11D3-BF4B-00C04F79EFBC}") = "Common", "..\..\OutageManagementSystem\Common\Common.csproj", "{892CBE15-9ED7-4540-81FA-0EAABA592138}"
EndProject
Project("{2150E333-8FDC-42A3-9474-1A3956D46DE8}") = "OMS.Web", "OMS.Web", "{AA22A48F-E911-42A3-BC89-48352049707D}"
EndProject
Project("{FAE04EC0-301F-11D3-BF4B-00C04F79EFBC}") = "OMS.Web.Services", "..\..\OMS.Web\OMS.Web.Services\OMS.Web.Services.csproj", "{C7CBB107-FBD7-435C-BB81-C19AAA37D6A5}"
EndProject
Project("{FAE04EC0-301F-11D3-BF4B-00C04F79EFBC}") = "OMS.Web.UI.Models", "..\..\OMS.Web\OMS.Web.UI.Models\OMS.Web.UI.Models.csproj", "{B4ED1DFF-BFC2-44B2-B98A-D985B1BC8179}"
EndProject
Project("{FAE04EC0-301F-11D3-BF4B-00C04F79EFBC}") = "OMS.Web.Common", "..\..\OMS.Web\OMS.Web.Common\OMS.Web.Common.csproj", "{63EA1AA4-DC22-4552-8454-346F1DA85082}"
EndProject
Project("{2150E333-8FDC-42A3-9474-1A3956D46DE8}") = "OMS.Web.Adapter", "OMS.Web.Adapter", "{58460925-A312-4A37-A5EC-6E035501CFC1}"
EndProject
Project("{FAE04EC0-301F-11D3-BF4B-00C04F79EFBC}") = "OMS.Web.Adapter.Contracts", "..\..\OMS.Web\OMS.Web.Adapter\OMS.Web.Adapter.Contracts\OMS.Web.Adapter.Contracts.csproj", "{0CAD32C4-5C09-467F-B5DC-57C646BAC2A2}"
EndProject
Project("{FAE04EC0-301F-11D3-BF4B-00C04F79EFBC}") = "WebAdapter", "WebAdapter\WebAdapter.csproj", "{E0F8617A-5164-4309-AC97-5E5C178ED9D8}"
EndProject
Global
	GlobalSection(SolutionConfigurationPlatforms) = preSolution
		Debug|Any CPU = Debug|Any CPU
		Debug|x64 = Debug|x64
		Debug|x86 = Debug|x86
		Release|Any CPU = Release|Any CPU
		Release|x64 = Release|x64
		Release|x86 = Release|x86
	EndGlobalSection
	GlobalSection(ProjectConfigurationPlatforms) = postSolution
		{7C7FBA67-AAEE-4487-ACAF-B8B7A5D51795}.Debug|Any CPU.ActiveCfg = Debug|x64
		{7C7FBA67-AAEE-4487-ACAF-B8B7A5D51795}.Debug|x64.ActiveCfg = Debug|x64
		{7C7FBA67-AAEE-4487-ACAF-B8B7A5D51795}.Debug|x64.Build.0 = Debug|x64
		{7C7FBA67-AAEE-4487-ACAF-B8B7A5D51795}.Debug|x64.Deploy.0 = Debug|x64
		{7C7FBA67-AAEE-4487-ACAF-B8B7A5D51795}.Debug|x86.ActiveCfg = Debug|x64
		{7C7FBA67-AAEE-4487-ACAF-B8B7A5D51795}.Release|Any CPU.ActiveCfg = Release|x64
		{7C7FBA67-AAEE-4487-ACAF-B8B7A5D51795}.Release|x64.ActiveCfg = Release|x64
		{7C7FBA67-AAEE-4487-ACAF-B8B7A5D51795}.Release|x64.Build.0 = Release|x64
		{7C7FBA67-AAEE-4487-ACAF-B8B7A5D51795}.Release|x64.Deploy.0 = Release|x64
		{7C7FBA67-AAEE-4487-ACAF-B8B7A5D51795}.Release|x86.ActiveCfg = Release|x64
		{09E87B48-4957-48EA-B29B-A6EC648CD3F0}.Debug|Any CPU.ActiveCfg = Debug|Any CPU
		{09E87B48-4957-48EA-B29B-A6EC648CD3F0}.Debug|Any CPU.Build.0 = Debug|Any CPU
		{09E87B48-4957-48EA-B29B-A6EC648CD3F0}.Debug|x64.ActiveCfg = Debug|Any CPU
		{09E87B48-4957-48EA-B29B-A6EC648CD3F0}.Debug|x64.Build.0 = Debug|Any CPU
		{09E87B48-4957-48EA-B29B-A6EC648CD3F0}.Debug|x86.ActiveCfg = Debug|Any CPU
		{09E87B48-4957-48EA-B29B-A6EC648CD3F0}.Debug|x86.Build.0 = Debug|Any CPU
		{09E87B48-4957-48EA-B29B-A6EC648CD3F0}.Release|Any CPU.ActiveCfg = Release|Any CPU
		{09E87B48-4957-48EA-B29B-A6EC648CD3F0}.Release|Any CPU.Build.0 = Release|Any CPU
		{09E87B48-4957-48EA-B29B-A6EC648CD3F0}.Release|x64.ActiveCfg = Release|Any CPU
		{09E87B48-4957-48EA-B29B-A6EC648CD3F0}.Release|x64.Build.0 = Release|Any CPU
		{09E87B48-4957-48EA-B29B-A6EC648CD3F0}.Release|x86.ActiveCfg = Release|Any CPU
		{09E87B48-4957-48EA-B29B-A6EC648CD3F0}.Release|x86.Build.0 = Release|Any CPU
		{892CBE15-9ED7-4540-81FA-0EAABA592138}.Debug|Any CPU.ActiveCfg = Debug|x86
		{892CBE15-9ED7-4540-81FA-0EAABA592138}.Debug|x64.ActiveCfg = Debug|x64
		{892CBE15-9ED7-4540-81FA-0EAABA592138}.Debug|x64.Build.0 = Debug|x64
		{892CBE15-9ED7-4540-81FA-0EAABA592138}.Debug|x86.ActiveCfg = Debug|x86
		{892CBE15-9ED7-4540-81FA-0EAABA592138}.Debug|x86.Build.0 = Debug|x86
		{892CBE15-9ED7-4540-81FA-0EAABA592138}.Release|Any CPU.ActiveCfg = Release|x86
		{892CBE15-9ED7-4540-81FA-0EAABA592138}.Release|x64.ActiveCfg = Release|x64
		{892CBE15-9ED7-4540-81FA-0EAABA592138}.Release|x64.Build.0 = Release|x64
		{892CBE15-9ED7-4540-81FA-0EAABA592138}.Release|x86.ActiveCfg = Release|x86
		{892CBE15-9ED7-4540-81FA-0EAABA592138}.Release|x86.Build.0 = Release|x86
		{C7CBB107-FBD7-435C-BB81-C19AAA37D6A5}.Debug|Any CPU.ActiveCfg = Debug|Any CPU
		{C7CBB107-FBD7-435C-BB81-C19AAA37D6A5}.Debug|Any CPU.Build.0 = Debug|Any CPU
		{C7CBB107-FBD7-435C-BB81-C19AAA37D6A5}.Debug|x64.ActiveCfg = Debug|Any CPU
		{C7CBB107-FBD7-435C-BB81-C19AAA37D6A5}.Debug|x64.Build.0 = Debug|Any CPU
		{C7CBB107-FBD7-435C-BB81-C19AAA37D6A5}.Debug|x86.ActiveCfg = Debug|Any CPU
		{C7CBB107-FBD7-435C-BB81-C19AAA37D6A5}.Debug|x86.Build.0 = Debug|Any CPU
		{C7CBB107-FBD7-435C-BB81-C19AAA37D6A5}.Release|Any CPU.ActiveCfg = Release|Any CPU
		{C7CBB107-FBD7-435C-BB81-C19AAA37D6A5}.Release|Any CPU.Build.0 = Release|Any CPU
		{C7CBB107-FBD7-435C-BB81-C19AAA37D6A5}.Release|x64.ActiveCfg = Release|Any CPU
		{C7CBB107-FBD7-435C-BB81-C19AAA37D6A5}.Release|x64.Build.0 = Release|Any CPU
		{C7CBB107-FBD7-435C-BB81-C19AAA37D6A5}.Release|x86.ActiveCfg = Release|Any CPU
		{C7CBB107-FBD7-435C-BB81-C19AAA37D6A5}.Release|x86.Build.0 = Release|Any CPU
		{B4ED1DFF-BFC2-44B2-B98A-D985B1BC8179}.Debug|Any CPU.ActiveCfg = Debug|Any CPU
		{B4ED1DFF-BFC2-44B2-B98A-D985B1BC8179}.Debug|Any CPU.Build.0 = Debug|Any CPU
		{B4ED1DFF-BFC2-44B2-B98A-D985B1BC8179}.Debug|x64.ActiveCfg = Debug|Any CPU
		{B4ED1DFF-BFC2-44B2-B98A-D985B1BC8179}.Debug|x64.Build.0 = Debug|Any CPU
		{B4ED1DFF-BFC2-44B2-B98A-D985B1BC8179}.Debug|x86.ActiveCfg = Debug|Any CPU
		{B4ED1DFF-BFC2-44B2-B98A-D985B1BC8179}.Debug|x86.Build.0 = Debug|Any CPU
		{B4ED1DFF-BFC2-44B2-B98A-D985B1BC8179}.Release|Any CPU.ActiveCfg = Release|Any CPU
		{B4ED1DFF-BFC2-44B2-B98A-D985B1BC8179}.Release|Any CPU.Build.0 = Release|Any CPU
		{B4ED1DFF-BFC2-44B2-B98A-D985B1BC8179}.Release|x64.ActiveCfg = Release|Any CPU
		{B4ED1DFF-BFC2-44B2-B98A-D985B1BC8179}.Release|x64.Build.0 = Release|Any CPU
		{B4ED1DFF-BFC2-44B2-B98A-D985B1BC8179}.Release|x86.ActiveCfg = Release|Any CPU
		{B4ED1DFF-BFC2-44B2-B98A-D985B1BC8179}.Release|x86.Build.0 = Release|Any CPU
		{63EA1AA4-DC22-4552-8454-346F1DA85082}.Debug|Any CPU.ActiveCfg = Debug|Any CPU
		{63EA1AA4-DC22-4552-8454-346F1DA85082}.Debug|Any CPU.Build.0 = Debug|Any CPU
		{63EA1AA4-DC22-4552-8454-346F1DA85082}.Debug|x64.ActiveCfg = Debug|Any CPU
		{63EA1AA4-DC22-4552-8454-346F1DA85082}.Debug|x64.Build.0 = Debug|Any CPU
		{63EA1AA4-DC22-4552-8454-346F1DA85082}.Debug|x86.ActiveCfg = Debug|Any CPU
		{63EA1AA4-DC22-4552-8454-346F1DA85082}.Debug|x86.Build.0 = Debug|Any CPU
		{63EA1AA4-DC22-4552-8454-346F1DA85082}.Release|Any CPU.ActiveCfg = Release|Any CPU
		{63EA1AA4-DC22-4552-8454-346F1DA85082}.Release|Any CPU.Build.0 = Release|Any CPU
		{63EA1AA4-DC22-4552-8454-346F1DA85082}.Release|x64.ActiveCfg = Release|Any CPU
		{63EA1AA4-DC22-4552-8454-346F1DA85082}.Release|x64.Build.0 = Release|Any CPU
		{63EA1AA4-DC22-4552-8454-346F1DA85082}.Release|x86.ActiveCfg = Release|Any CPU
		{63EA1AA4-DC22-4552-8454-346F1DA85082}.Release|x86.Build.0 = Release|Any CPU
		{0CAD32C4-5C09-467F-B5DC-57C646BAC2A2}.Debug|Any CPU.ActiveCfg = Debug|Any CPU
		{0CAD32C4-5C09-467F-B5DC-57C646BAC2A2}.Debug|Any CPU.Build.0 = Debug|Any CPU
		{0CAD32C4-5C09-467F-B5DC-57C646BAC2A2}.Debug|x64.ActiveCfg = Debug|Any CPU
		{0CAD32C4-5C09-467F-B5DC-57C646BAC2A2}.Debug|x64.Build.0 = Debug|Any CPU
		{0CAD32C4-5C09-467F-B5DC-57C646BAC2A2}.Debug|x86.ActiveCfg = Debug|Any CPU
		{0CAD32C4-5C09-467F-B5DC-57C646BAC2A2}.Debug|x86.Build.0 = Debug|Any CPU
		{0CAD32C4-5C09-467F-B5DC-57C646BAC2A2}.Release|Any CPU.ActiveCfg = Release|Any CPU
		{0CAD32C4-5C09-467F-B5DC-57C646BAC2A2}.Release|Any CPU.Build.0 = Release|Any CPU
		{0CAD32C4-5C09-467F-B5DC-57C646BAC2A2}.Release|x64.ActiveCfg = Release|Any CPU
		{0CAD32C4-5C09-467F-B5DC-57C646BAC2A2}.Release|x64.Build.0 = Release|Any CPU
		{0CAD32C4-5C09-467F-B5DC-57C646BAC2A2}.Release|x86.ActiveCfg = Release|Any CPU
		{0CAD32C4-5C09-467F-B5DC-57C646BAC2A2}.Release|x86.Build.0 = Release|Any CPU
		{E0F8617A-5164-4309-AC97-5E5C178ED9D8}.Debug|Any CPU.ActiveCfg = Debug|x64
		{E0F8617A-5164-4309-AC97-5E5C178ED9D8}.Debug|x64.ActiveCfg = Debug|x64
		{E0F8617A-5164-4309-AC97-5E5C178ED9D8}.Debug|x64.Build.0 = Debug|x64
		{E0F8617A-5164-4309-AC97-5E5C178ED9D8}.Debug|x86.ActiveCfg = Debug|x64
		{E0F8617A-5164-4309-AC97-5E5C178ED9D8}.Release|Any CPU.ActiveCfg = Release|x64
		{E0F8617A-5164-4309-AC97-5E5C178ED9D8}.Release|x64.ActiveCfg = Release|x64
		{E0F8617A-5164-4309-AC97-5E5C178ED9D8}.Release|x64.Build.0 = Release|x64
		{E0F8617A-5164-4309-AC97-5E5C178ED9D8}.Release|x86.ActiveCfg = Release|x64
	EndGlobalSection
	GlobalSection(SolutionProperties) = preSolution
		HideSolutionNode = FALSE
	EndGlobalSection
	GlobalSection(NestedProjects) = preSolution
		{892CBE15-9ED7-4540-81FA-0EAABA592138} = {91813790-03F2-4F10-855E-96D66B4BE487}
		{C7CBB107-FBD7-435C-BB81-C19AAA37D6A5} = {AA22A48F-E911-42A3-BC89-48352049707D}
		{B4ED1DFF-BFC2-44B2-B98A-D985B1BC8179} = {AA22A48F-E911-42A3-BC89-48352049707D}
		{63EA1AA4-DC22-4552-8454-346F1DA85082} = {AA22A48F-E911-42A3-BC89-48352049707D}
		{0CAD32C4-5C09-467F-B5DC-57C646BAC2A2} = {58460925-A312-4A37-A5EC-6E035501CFC1}
	EndGlobalSection
	GlobalSection(ExtensibilityGlobals) = postSolution
		SolutionGuid = {FBAD191B-57E1-4FD5-B6B1-5009A9A04CF0}
	EndGlobalSection
EndGlobal
