
Microsoft Visual Studio Solution File, Format Version 12.00
# Visual Studio Version 16
VisualStudioVersion = 16.0.30204.135
MinimumVisualStudioVersion = 10.0.40219.1
Project("{A07B5EB6-E848-4116-A8D0-A826331D98C6}") = "Cloud.Web", "Cloud.Web.sfproj", "{7C7FBA67-AAEE-4487-ACAF-B8B7A5D51795}"
EndProject
Project("{9A19103F-16F7-4668-BE54-9A1E7A4F7556}") = "WebAPI", "..\WebAPI\WebAPI.csproj", "{09E87B48-4957-48EA-B29B-A6EC648CD3F0}"
EndProject
Project("{2150E333-8FDC-42A3-9474-1A3956D46DE8}") = "Common", "Common", "{91813790-03F2-4F10-855E-96D66B4BE487}"
EndProject
Project("{FAE04EC0-301F-11D3-BF4B-00C04F79EFBC}") = "Common.Cloud", "..\..\OMS.Cloud\Common\Common.Cloud\Common.Cloud.csproj", "{FBEE1369-0F6C-41E6-8C62-8C1C5CDBB602}"
EndProject
Project("{FAE04EC0-301F-11D3-BF4B-00C04F79EFBC}") = "Common.PubSubContracts", "..\..\OMS.Cloud\Common\Contracts\Common.PubSubContracts\Common.PubSubContracts.csproj", "{AA75150D-EE56-49C0-9431-751F83CCC0CD}"
EndProject
Project("{2150E333-8FDC-42A3-9474-1A3956D46DE8}") = "Contracts", "Contracts", "{33DE5465-D8C6-4657-8415-3B5B8C66605E}"
EndProject
Project("{FAE04EC0-301F-11D3-BF4B-00C04F79EFBC}") = "Common.WebAdapterContracts", "..\Common\Contracts\Common.WebAdapterContracts\Common.WebAdapterContracts.csproj", "{A726658E-55CA-4F1B-BFF8-0E69816DEDAC}"
EndProject
Project("{FAE04EC0-301F-11D3-BF4B-00C04F79EFBC}") = "Common.Web", "..\Common\Web\Common.Web\Common.Web.csproj", "{4D11B605-EA66-40C1-8A96-644E42BBA91B}"
EndProject
Project("{FAE04EC0-301F-11D3-BF4B-00C04F79EFBC}") = "Common.WcfClient", "..\..\OMS.Cloud\Common\Common.WcfClient\Common.WcfClient.csproj", "{AE91CEB5-378A-4EEF-AEBF-C40ED1EF23CF}"
EndProject
Project("{FAE04EC0-301F-11D3-BF4B-00C04F79EFBC}") = "WebAdapterService", "WebAdapterService\WebAdapterService.csproj", "{E0596A48-B722-4559-BD12-526CBD746DE9}"
EndProject
Project("{FAE04EC0-301F-11D3-BF4B-00C04F79EFBC}") = "WebAdapterImplementation", "..\WebAdapterImplementation\WebAdapterImplementation.csproj", "{EE590ABB-4685-4F34-A344-6D5803FC2325}"
EndProject
Project("{FAE04EC0-301F-11D3-BF4B-00C04F79EFBC}") = "Common.CeContracts", "..\..\OMS.Cloud\Common\Contracts\Common.CeContracts\Common.CeContracts.csproj", "{D8B669F1-9B73-4F6A-9AFC-53AF4B0272AC}"
EndProject
Project("{FAE04EC0-301F-11D3-BF4B-00C04F79EFBC}") = "Common.CloudContracts", "..\..\OMS.Cloud\Common\Contracts\Common.CloudContracts\Common.CloudContracts.csproj", "{2307F7DC-6B87-4506-8365-6966712DD5FE}"
EndProject
Project("{FAE04EC0-301F-11D3-BF4B-00C04F79EFBC}") = "Common.NmsContracts", "..\..\OMS.Cloud\Common\Contracts\Common.NmsContracts\Common.NmsContracts.csproj", "{235804A8-9C8F-40EC-8786-5DAB24733977}"
EndProject
Project("{FAE04EC0-301F-11D3-BF4B-00C04F79EFBC}") = "Common.OmsContracts", "..\..\OMS.Cloud\Common\Contracts\Common.OmsContracts\Common.OmsContracts.csproj", "{7032AEF1-E55A-4D5C-90FF-E0B8B4C98BE0}"
EndProject
Project("{FAE04EC0-301F-11D3-BF4B-00C04F79EFBC}") = "Common.ScadaContracts", "..\..\OMS.Cloud\Common\Contracts\Common.ScadaContracts\Common.ScadaContracts.csproj", "{5F25D9C5-9A93-49E7-92F7-58E399AEF928}"
EndProject
Project("{FAE04EC0-301F-11D3-BF4B-00C04F79EFBC}") = "Common.TmsContracts", "..\..\OMS.Cloud\Common\Contracts\Common.TmsContracts\Common.TmsContracts.csproj", "{A07D94C2-40EF-48DB-B828-7E53E7F5A372}"
EndProject
Project("{FAE04EC0-301F-11D3-BF4B-00C04F79EFBC}") = "Common.CE", "..\..\OMS.Cloud\Common\Common.CE\Common.CE.csproj", "{4EAD0377-BD2D-4B7E-93A6-705DB815E8A7}"
EndProject
Project("{FAE04EC0-301F-11D3-BF4B-00C04F79EFBC}") = "Common.NMS", "..\..\OMS.Cloud\Common\Common.NMS\Common.NMS.csproj", "{E07DFE6A-8C18-460A-8DD4-47A3320223D7}"
EndProject
Project("{FAE04EC0-301F-11D3-BF4B-00C04F79EFBC}") = "Common.OMS", "..\..\OMS.Cloud\Common\Common.OMS\Common.OMS.csproj", "{8F96A078-BE16-4363-9B89-0B313D2E0F5E}"
EndProject
Project("{FAE04EC0-301F-11D3-BF4B-00C04F79EFBC}") = "Common.PubSub", "..\..\OMS.Cloud\Common\Common.PubSub\Common.PubSub.csproj", "{5B775779-A5AE-4F94-90EC-59973FA80D4D}"
EndProject
Project("{FAE04EC0-301F-11D3-BF4B-00C04F79EFBC}") = "Common.SCADA", "..\..\OMS.Cloud\Common\Common.SCADA\Common.SCADA.csproj", "{6A84DB56-920C-4FC1-9CB0-9C29D0FC1586}"
EndProject
Global
	GlobalSection(SolutionConfigurationPlatforms) = preSolution
		Debug|Any CPU = Debug|Any CPU
		Debug|x64 = Debug|x64
		Debug|x86 = Debug|x86
		Release|Any CPU = Release|Any CPU
		Release|x64 = Release|x64
		Release|x86 = Release|x86
	EndGlobalSection
	GlobalSection(ProjectConfigurationPlatforms) = postSolution
		{7C7FBA67-AAEE-4487-ACAF-B8B7A5D51795}.Debug|Any CPU.ActiveCfg = Debug|x64
		{7C7FBA67-AAEE-4487-ACAF-B8B7A5D51795}.Debug|x64.ActiveCfg = Debug|x64
		{7C7FBA67-AAEE-4487-ACAF-B8B7A5D51795}.Debug|x64.Build.0 = Debug|x64
		{7C7FBA67-AAEE-4487-ACAF-B8B7A5D51795}.Debug|x64.Deploy.0 = Debug|x64
		{7C7FBA67-AAEE-4487-ACAF-B8B7A5D51795}.Debug|x86.ActiveCfg = Debug|x64
		{7C7FBA67-AAEE-4487-ACAF-B8B7A5D51795}.Release|Any CPU.ActiveCfg = Release|x64
		{7C7FBA67-AAEE-4487-ACAF-B8B7A5D51795}.Release|x64.ActiveCfg = Release|x64
		{7C7FBA67-AAEE-4487-ACAF-B8B7A5D51795}.Release|x64.Build.0 = Release|x64
		{7C7FBA67-AAEE-4487-ACAF-B8B7A5D51795}.Release|x64.Deploy.0 = Release|x64
		{7C7FBA67-AAEE-4487-ACAF-B8B7A5D51795}.Release|x86.ActiveCfg = Release|x64
		{09E87B48-4957-48EA-B29B-A6EC648CD3F0}.Debug|Any CPU.ActiveCfg = Debug|Any CPU
		{09E87B48-4957-48EA-B29B-A6EC648CD3F0}.Debug|Any CPU.Build.0 = Debug|Any CPU
		{09E87B48-4957-48EA-B29B-A6EC648CD3F0}.Debug|x64.ActiveCfg = Debug|Any CPU
		{09E87B48-4957-48EA-B29B-A6EC648CD3F0}.Debug|x64.Build.0 = Debug|Any CPU
		{09E87B48-4957-48EA-B29B-A6EC648CD3F0}.Debug|x86.ActiveCfg = Debug|Any CPU
		{09E87B48-4957-48EA-B29B-A6EC648CD3F0}.Debug|x86.Build.0 = Debug|Any CPU
		{09E87B48-4957-48EA-B29B-A6EC648CD3F0}.Release|Any CPU.ActiveCfg = Release|Any CPU
		{09E87B48-4957-48EA-B29B-A6EC648CD3F0}.Release|Any CPU.Build.0 = Release|Any CPU
		{09E87B48-4957-48EA-B29B-A6EC648CD3F0}.Release|x64.ActiveCfg = Release|Any CPU
		{09E87B48-4957-48EA-B29B-A6EC648CD3F0}.Release|x64.Build.0 = Release|Any CPU
		{09E87B48-4957-48EA-B29B-A6EC648CD3F0}.Release|x86.ActiveCfg = Release|Any CPU
		{09E87B48-4957-48EA-B29B-A6EC648CD3F0}.Release|x86.Build.0 = Release|Any CPU
		{FBEE1369-0F6C-41E6-8C62-8C1C5CDBB602}.Debug|Any CPU.ActiveCfg = Debug|Any CPU
		{FBEE1369-0F6C-41E6-8C62-8C1C5CDBB602}.Debug|Any CPU.Build.0 = Debug|Any CPU
		{FBEE1369-0F6C-41E6-8C62-8C1C5CDBB602}.Debug|x64.ActiveCfg = Debug|Any CPU
		{FBEE1369-0F6C-41E6-8C62-8C1C5CDBB602}.Debug|x64.Build.0 = Debug|Any CPU
		{FBEE1369-0F6C-41E6-8C62-8C1C5CDBB602}.Debug|x86.ActiveCfg = Debug|Any CPU
		{FBEE1369-0F6C-41E6-8C62-8C1C5CDBB602}.Debug|x86.Build.0 = Debug|Any CPU
		{FBEE1369-0F6C-41E6-8C62-8C1C5CDBB602}.Release|Any CPU.ActiveCfg = Release|Any CPU
		{FBEE1369-0F6C-41E6-8C62-8C1C5CDBB602}.Release|Any CPU.Build.0 = Release|Any CPU
		{FBEE1369-0F6C-41E6-8C62-8C1C5CDBB602}.Release|x64.ActiveCfg = Release|Any CPU
		{FBEE1369-0F6C-41E6-8C62-8C1C5CDBB602}.Release|x64.Build.0 = Release|Any CPU
		{FBEE1369-0F6C-41E6-8C62-8C1C5CDBB602}.Release|x86.ActiveCfg = Release|Any CPU
		{FBEE1369-0F6C-41E6-8C62-8C1C5CDBB602}.Release|x86.Build.0 = Release|Any CPU
		{AA75150D-EE56-49C0-9431-751F83CCC0CD}.Debug|Any CPU.ActiveCfg = Debug|Any CPU
		{AA75150D-EE56-49C0-9431-751F83CCC0CD}.Debug|Any CPU.Build.0 = Debug|Any CPU
		{AA75150D-EE56-49C0-9431-751F83CCC0CD}.Debug|x64.ActiveCfg = Debug|Any CPU
		{AA75150D-EE56-49C0-9431-751F83CCC0CD}.Debug|x64.Build.0 = Debug|Any CPU
		{AA75150D-EE56-49C0-9431-751F83CCC0CD}.Debug|x86.ActiveCfg = Debug|Any CPU
		{AA75150D-EE56-49C0-9431-751F83CCC0CD}.Debug|x86.Build.0 = Debug|Any CPU
		{AA75150D-EE56-49C0-9431-751F83CCC0CD}.Release|Any CPU.ActiveCfg = Release|Any CPU
		{AA75150D-EE56-49C0-9431-751F83CCC0CD}.Release|Any CPU.Build.0 = Release|Any CPU
		{AA75150D-EE56-49C0-9431-751F83CCC0CD}.Release|x64.ActiveCfg = Release|Any CPU
		{AA75150D-EE56-49C0-9431-751F83CCC0CD}.Release|x64.Build.0 = Release|Any CPU
		{AA75150D-EE56-49C0-9431-751F83CCC0CD}.Release|x86.ActiveCfg = Release|Any CPU
		{AA75150D-EE56-49C0-9431-751F83CCC0CD}.Release|x86.Build.0 = Release|Any CPU
		{A726658E-55CA-4F1B-BFF8-0E69816DEDAC}.Debug|Any CPU.ActiveCfg = Debug|Any CPU
		{A726658E-55CA-4F1B-BFF8-0E69816DEDAC}.Debug|Any CPU.Build.0 = Debug|Any CPU
		{A726658E-55CA-4F1B-BFF8-0E69816DEDAC}.Debug|x64.ActiveCfg = Debug|Any CPU
		{A726658E-55CA-4F1B-BFF8-0E69816DEDAC}.Debug|x64.Build.0 = Debug|Any CPU
		{A726658E-55CA-4F1B-BFF8-0E69816DEDAC}.Debug|x86.ActiveCfg = Debug|Any CPU
		{A726658E-55CA-4F1B-BFF8-0E69816DEDAC}.Debug|x86.Build.0 = Debug|Any CPU
		{A726658E-55CA-4F1B-BFF8-0E69816DEDAC}.Release|Any CPU.ActiveCfg = Release|Any CPU
		{A726658E-55CA-4F1B-BFF8-0E69816DEDAC}.Release|Any CPU.Build.0 = Release|Any CPU
		{A726658E-55CA-4F1B-BFF8-0E69816DEDAC}.Release|x64.ActiveCfg = Release|Any CPU
		{A726658E-55CA-4F1B-BFF8-0E69816DEDAC}.Release|x64.Build.0 = Release|Any CPU
		{A726658E-55CA-4F1B-BFF8-0E69816DEDAC}.Release|x86.ActiveCfg = Release|Any CPU
		{A726658E-55CA-4F1B-BFF8-0E69816DEDAC}.Release|x86.Build.0 = Release|Any CPU
		{4D11B605-EA66-40C1-8A96-644E42BBA91B}.Debug|Any CPU.ActiveCfg = Debug|Any CPU
		{4D11B605-EA66-40C1-8A96-644E42BBA91B}.Debug|Any CPU.Build.0 = Debug|Any CPU
		{4D11B605-EA66-40C1-8A96-644E42BBA91B}.Debug|x64.ActiveCfg = Debug|Any CPU
		{4D11B605-EA66-40C1-8A96-644E42BBA91B}.Debug|x64.Build.0 = Debug|Any CPU
		{4D11B605-EA66-40C1-8A96-644E42BBA91B}.Debug|x86.ActiveCfg = Debug|Any CPU
		{4D11B605-EA66-40C1-8A96-644E42BBA91B}.Debug|x86.Build.0 = Debug|Any CPU
		{4D11B605-EA66-40C1-8A96-644E42BBA91B}.Release|Any CPU.ActiveCfg = Release|Any CPU
		{4D11B605-EA66-40C1-8A96-644E42BBA91B}.Release|Any CPU.Build.0 = Release|Any CPU
		{4D11B605-EA66-40C1-8A96-644E42BBA91B}.Release|x64.ActiveCfg = Release|Any CPU
		{4D11B605-EA66-40C1-8A96-644E42BBA91B}.Release|x64.Build.0 = Release|Any CPU
		{4D11B605-EA66-40C1-8A96-644E42BBA91B}.Release|x86.ActiveCfg = Release|Any CPU
		{4D11B605-EA66-40C1-8A96-644E42BBA91B}.Release|x86.Build.0 = Release|Any CPU
		{AE91CEB5-378A-4EEF-AEBF-C40ED1EF23CF}.Debug|Any CPU.ActiveCfg = Debug|Any CPU
		{AE91CEB5-378A-4EEF-AEBF-C40ED1EF23CF}.Debug|Any CPU.Build.0 = Debug|Any CPU
		{AE91CEB5-378A-4EEF-AEBF-C40ED1EF23CF}.Debug|x64.ActiveCfg = Debug|Any CPU
		{AE91CEB5-378A-4EEF-AEBF-C40ED1EF23CF}.Debug|x64.Build.0 = Debug|Any CPU
		{AE91CEB5-378A-4EEF-AEBF-C40ED1EF23CF}.Debug|x86.ActiveCfg = Debug|Any CPU
		{AE91CEB5-378A-4EEF-AEBF-C40ED1EF23CF}.Debug|x86.Build.0 = Debug|Any CPU
		{AE91CEB5-378A-4EEF-AEBF-C40ED1EF23CF}.Release|Any CPU.ActiveCfg = Release|Any CPU
		{AE91CEB5-378A-4EEF-AEBF-C40ED1EF23CF}.Release|Any CPU.Build.0 = Release|Any CPU
		{AE91CEB5-378A-4EEF-AEBF-C40ED1EF23CF}.Release|x64.ActiveCfg = Release|Any CPU
		{AE91CEB5-378A-4EEF-AEBF-C40ED1EF23CF}.Release|x64.Build.0 = Release|Any CPU
		{AE91CEB5-378A-4EEF-AEBF-C40ED1EF23CF}.Release|x86.ActiveCfg = Release|Any CPU
		{AE91CEB5-378A-4EEF-AEBF-C40ED1EF23CF}.Release|x86.Build.0 = Release|Any CPU
		{E0596A48-B722-4559-BD12-526CBD746DE9}.Debug|Any CPU.ActiveCfg = Debug|x64
		{E0596A48-B722-4559-BD12-526CBD746DE9}.Debug|x64.ActiveCfg = Debug|x64
		{E0596A48-B722-4559-BD12-526CBD746DE9}.Debug|x64.Build.0 = Debug|x64
		{E0596A48-B722-4559-BD12-526CBD746DE9}.Debug|x86.ActiveCfg = Debug|x64
		{E0596A48-B722-4559-BD12-526CBD746DE9}.Release|Any CPU.ActiveCfg = Release|x64
		{E0596A48-B722-4559-BD12-526CBD746DE9}.Release|x64.ActiveCfg = Release|x64
		{E0596A48-B722-4559-BD12-526CBD746DE9}.Release|x64.Build.0 = Release|x64
		{E0596A48-B722-4559-BD12-526CBD746DE9}.Release|x86.ActiveCfg = Release|x64
		{EE590ABB-4685-4F34-A344-6D5803FC2325}.Debug|Any CPU.ActiveCfg = Debug|Any CPU
		{EE590ABB-4685-4F34-A344-6D5803FC2325}.Debug|Any CPU.Build.0 = Debug|Any CPU
		{EE590ABB-4685-4F34-A344-6D5803FC2325}.Debug|x64.ActiveCfg = Debug|Any CPU
		{EE590ABB-4685-4F34-A344-6D5803FC2325}.Debug|x64.Build.0 = Debug|Any CPU
		{EE590ABB-4685-4F34-A344-6D5803FC2325}.Debug|x86.ActiveCfg = Debug|Any CPU
		{EE590ABB-4685-4F34-A344-6D5803FC2325}.Debug|x86.Build.0 = Debug|Any CPU
		{EE590ABB-4685-4F34-A344-6D5803FC2325}.Release|Any CPU.ActiveCfg = Release|Any CPU
		{EE590ABB-4685-4F34-A344-6D5803FC2325}.Release|Any CPU.Build.0 = Release|Any CPU
		{EE590ABB-4685-4F34-A344-6D5803FC2325}.Release|x64.ActiveCfg = Release|Any CPU
		{EE590ABB-4685-4F34-A344-6D5803FC2325}.Release|x64.Build.0 = Release|Any CPU
		{EE590ABB-4685-4F34-A344-6D5803FC2325}.Release|x86.ActiveCfg = Release|Any CPU
		{EE590ABB-4685-4F34-A344-6D5803FC2325}.Release|x86.Build.0 = Release|Any CPU
		{D8B669F1-9B73-4F6A-9AFC-53AF4B0272AC}.Debug|Any CPU.ActiveCfg = Debug|Any CPU
		{D8B669F1-9B73-4F6A-9AFC-53AF4B0272AC}.Debug|Any CPU.Build.0 = Debug|Any CPU
		{D8B669F1-9B73-4F6A-9AFC-53AF4B0272AC}.Debug|x64.ActiveCfg = Debug|Any CPU
		{D8B669F1-9B73-4F6A-9AFC-53AF4B0272AC}.Debug|x64.Build.0 = Debug|Any CPU
		{D8B669F1-9B73-4F6A-9AFC-53AF4B0272AC}.Debug|x86.ActiveCfg = Debug|Any CPU
		{D8B669F1-9B73-4F6A-9AFC-53AF4B0272AC}.Debug|x86.Build.0 = Debug|Any CPU
		{D8B669F1-9B73-4F6A-9AFC-53AF4B0272AC}.Release|Any CPU.ActiveCfg = Release|Any CPU
		{D8B669F1-9B73-4F6A-9AFC-53AF4B0272AC}.Release|Any CPU.Build.0 = Release|Any CPU
		{D8B669F1-9B73-4F6A-9AFC-53AF4B0272AC}.Release|x64.ActiveCfg = Release|Any CPU
		{D8B669F1-9B73-4F6A-9AFC-53AF4B0272AC}.Release|x64.Build.0 = Release|Any CPU
		{D8B669F1-9B73-4F6A-9AFC-53AF4B0272AC}.Release|x86.ActiveCfg = Release|Any CPU
		{D8B669F1-9B73-4F6A-9AFC-53AF4B0272AC}.Release|x86.Build.0 = Release|Any CPU
		{2307F7DC-6B87-4506-8365-6966712DD5FE}.Debug|Any CPU.ActiveCfg = Debug|Any CPU
		{2307F7DC-6B87-4506-8365-6966712DD5FE}.Debug|Any CPU.Build.0 = Debug|Any CPU
		{2307F7DC-6B87-4506-8365-6966712DD5FE}.Debug|x64.ActiveCfg = Debug|Any CPU
		{2307F7DC-6B87-4506-8365-6966712DD5FE}.Debug|x64.Build.0 = Debug|Any CPU
		{2307F7DC-6B87-4506-8365-6966712DD5FE}.Debug|x86.ActiveCfg = Debug|Any CPU
		{2307F7DC-6B87-4506-8365-6966712DD5FE}.Debug|x86.Build.0 = Debug|Any CPU
		{2307F7DC-6B87-4506-8365-6966712DD5FE}.Release|Any CPU.ActiveCfg = Release|Any CPU
		{2307F7DC-6B87-4506-8365-6966712DD5FE}.Release|Any CPU.Build.0 = Release|Any CPU
		{2307F7DC-6B87-4506-8365-6966712DD5FE}.Release|x64.ActiveCfg = Release|Any CPU
		{2307F7DC-6B87-4506-8365-6966712DD5FE}.Release|x64.Build.0 = Release|Any CPU
		{2307F7DC-6B87-4506-8365-6966712DD5FE}.Release|x86.ActiveCfg = Release|Any CPU
		{2307F7DC-6B87-4506-8365-6966712DD5FE}.Release|x86.Build.0 = Release|Any CPU
		{235804A8-9C8F-40EC-8786-5DAB24733977}.Debug|Any CPU.ActiveCfg = Debug|Any CPU
		{235804A8-9C8F-40EC-8786-5DAB24733977}.Debug|Any CPU.Build.0 = Debug|Any CPU
		{235804A8-9C8F-40EC-8786-5DAB24733977}.Debug|x64.ActiveCfg = Debug|Any CPU
		{235804A8-9C8F-40EC-8786-5DAB24733977}.Debug|x64.Build.0 = Debug|Any CPU
		{235804A8-9C8F-40EC-8786-5DAB24733977}.Debug|x86.ActiveCfg = Debug|Any CPU
		{235804A8-9C8F-40EC-8786-5DAB24733977}.Debug|x86.Build.0 = Debug|Any CPU
		{235804A8-9C8F-40EC-8786-5DAB24733977}.Release|Any CPU.ActiveCfg = Release|Any CPU
		{235804A8-9C8F-40EC-8786-5DAB24733977}.Release|Any CPU.Build.0 = Release|Any CPU
		{235804A8-9C8F-40EC-8786-5DAB24733977}.Release|x64.ActiveCfg = Release|Any CPU
		{235804A8-9C8F-40EC-8786-5DAB24733977}.Release|x64.Build.0 = Release|Any CPU
		{235804A8-9C8F-40EC-8786-5DAB24733977}.Release|x86.ActiveCfg = Release|Any CPU
		{235804A8-9C8F-40EC-8786-5DAB24733977}.Release|x86.Build.0 = Release|Any CPU
		{7032AEF1-E55A-4D5C-90FF-E0B8B4C98BE0}.Debug|Any CPU.ActiveCfg = Debug|Any CPU
		{7032AEF1-E55A-4D5C-90FF-E0B8B4C98BE0}.Debug|Any CPU.Build.0 = Debug|Any CPU
		{7032AEF1-E55A-4D5C-90FF-E0B8B4C98BE0}.Debug|x64.ActiveCfg = Debug|Any CPU
		{7032AEF1-E55A-4D5C-90FF-E0B8B4C98BE0}.Debug|x64.Build.0 = Debug|Any CPU
		{7032AEF1-E55A-4D5C-90FF-E0B8B4C98BE0}.Debug|x86.ActiveCfg = Debug|Any CPU
		{7032AEF1-E55A-4D5C-90FF-E0B8B4C98BE0}.Debug|x86.Build.0 = Debug|Any CPU
		{7032AEF1-E55A-4D5C-90FF-E0B8B4C98BE0}.Release|Any CPU.ActiveCfg = Release|Any CPU
		{7032AEF1-E55A-4D5C-90FF-E0B8B4C98BE0}.Release|Any CPU.Build.0 = Release|Any CPU
		{7032AEF1-E55A-4D5C-90FF-E0B8B4C98BE0}.Release|x64.ActiveCfg = Release|Any CPU
		{7032AEF1-E55A-4D5C-90FF-E0B8B4C98BE0}.Release|x64.Build.0 = Release|Any CPU
		{7032AEF1-E55A-4D5C-90FF-E0B8B4C98BE0}.Release|x86.ActiveCfg = Release|Any CPU
		{7032AEF1-E55A-4D5C-90FF-E0B8B4C98BE0}.Release|x86.Build.0 = Release|Any CPU
		{5F25D9C5-9A93-49E7-92F7-58E399AEF928}.Debug|Any CPU.ActiveCfg = Debug|Any CPU
		{5F25D9C5-9A93-49E7-92F7-58E399AEF928}.Debug|Any CPU.Build.0 = Debug|Any CPU
		{5F25D9C5-9A93-49E7-92F7-58E399AEF928}.Debug|x64.ActiveCfg = Debug|Any CPU
		{5F25D9C5-9A93-49E7-92F7-58E399AEF928}.Debug|x64.Build.0 = Debug|Any CPU
		{5F25D9C5-9A93-49E7-92F7-58E399AEF928}.Debug|x86.ActiveCfg = Debug|Any CPU
		{5F25D9C5-9A93-49E7-92F7-58E399AEF928}.Debug|x86.Build.0 = Debug|Any CPU
		{5F25D9C5-9A93-49E7-92F7-58E399AEF928}.Release|Any CPU.ActiveCfg = Release|Any CPU
		{5F25D9C5-9A93-49E7-92F7-58E399AEF928}.Release|Any CPU.Build.0 = Release|Any CPU
		{5F25D9C5-9A93-49E7-92F7-58E399AEF928}.Release|x64.ActiveCfg = Release|Any CPU
		{5F25D9C5-9A93-49E7-92F7-58E399AEF928}.Release|x64.Build.0 = Release|Any CPU
		{5F25D9C5-9A93-49E7-92F7-58E399AEF928}.Release|x86.ActiveCfg = Release|Any CPU
		{5F25D9C5-9A93-49E7-92F7-58E399AEF928}.Release|x86.Build.0 = Release|Any CPU
		{A07D94C2-40EF-48DB-B828-7E53E7F5A372}.Debug|Any CPU.ActiveCfg = Debug|Any CPU
		{A07D94C2-40EF-48DB-B828-7E53E7F5A372}.Debug|Any CPU.Build.0 = Debug|Any CPU
		{A07D94C2-40EF-48DB-B828-7E53E7F5A372}.Debug|x64.ActiveCfg = Debug|Any CPU
		{A07D94C2-40EF-48DB-B828-7E53E7F5A372}.Debug|x64.Build.0 = Debug|Any CPU
		{A07D94C2-40EF-48DB-B828-7E53E7F5A372}.Debug|x86.ActiveCfg = Debug|Any CPU
		{A07D94C2-40EF-48DB-B828-7E53E7F5A372}.Debug|x86.Build.0 = Debug|Any CPU
		{A07D94C2-40EF-48DB-B828-7E53E7F5A372}.Release|Any CPU.ActiveCfg = Release|Any CPU
		{A07D94C2-40EF-48DB-B828-7E53E7F5A372}.Release|Any CPU.Build.0 = Release|Any CPU
		{A07D94C2-40EF-48DB-B828-7E53E7F5A372}.Release|x64.ActiveCfg = Release|Any CPU
		{A07D94C2-40EF-48DB-B828-7E53E7F5A372}.Release|x64.Build.0 = Release|Any CPU
		{A07D94C2-40EF-48DB-B828-7E53E7F5A372}.Release|x86.ActiveCfg = Release|Any CPU
		{A07D94C2-40EF-48DB-B828-7E53E7F5A372}.Release|x86.Build.0 = Release|Any CPU
		{4EAD0377-BD2D-4B7E-93A6-705DB815E8A7}.Debug|Any CPU.ActiveCfg = Debug|Any CPU
		{4EAD0377-BD2D-4B7E-93A6-705DB815E8A7}.Debug|Any CPU.Build.0 = Debug|Any CPU
		{4EAD0377-BD2D-4B7E-93A6-705DB815E8A7}.Debug|x64.ActiveCfg = Debug|Any CPU
		{4EAD0377-BD2D-4B7E-93A6-705DB815E8A7}.Debug|x64.Build.0 = Debug|Any CPU
		{4EAD0377-BD2D-4B7E-93A6-705DB815E8A7}.Debug|x86.ActiveCfg = Debug|Any CPU
		{4EAD0377-BD2D-4B7E-93A6-705DB815E8A7}.Debug|x86.Build.0 = Debug|Any CPU
		{4EAD0377-BD2D-4B7E-93A6-705DB815E8A7}.Release|Any CPU.ActiveCfg = Release|Any CPU
		{4EAD0377-BD2D-4B7E-93A6-705DB815E8A7}.Release|Any CPU.Build.0 = Release|Any CPU
		{4EAD0377-BD2D-4B7E-93A6-705DB815E8A7}.Release|x64.ActiveCfg = Release|Any CPU
		{4EAD0377-BD2D-4B7E-93A6-705DB815E8A7}.Release|x64.Build.0 = Release|Any CPU
		{4EAD0377-BD2D-4B7E-93A6-705DB815E8A7}.Release|x86.ActiveCfg = Release|Any CPU
		{4EAD0377-BD2D-4B7E-93A6-705DB815E8A7}.Release|x86.Build.0 = Release|Any CPU
		{E07DFE6A-8C18-460A-8DD4-47A3320223D7}.Debug|Any CPU.ActiveCfg = Debug|Any CPU
		{E07DFE6A-8C18-460A-8DD4-47A3320223D7}.Debug|Any CPU.Build.0 = Debug|Any CPU
		{E07DFE6A-8C18-460A-8DD4-47A3320223D7}.Debug|x64.ActiveCfg = Debug|Any CPU
		{E07DFE6A-8C18-460A-8DD4-47A3320223D7}.Debug|x64.Build.0 = Debug|Any CPU
		{E07DFE6A-8C18-460A-8DD4-47A3320223D7}.Debug|x86.ActiveCfg = Debug|Any CPU
		{E07DFE6A-8C18-460A-8DD4-47A3320223D7}.Debug|x86.Build.0 = Debug|Any CPU
		{E07DFE6A-8C18-460A-8DD4-47A3320223D7}.Release|Any CPU.ActiveCfg = Release|Any CPU
		{E07DFE6A-8C18-460A-8DD4-47A3320223D7}.Release|Any CPU.Build.0 = Release|Any CPU
		{E07DFE6A-8C18-460A-8DD4-47A3320223D7}.Release|x64.ActiveCfg = Release|Any CPU
		{E07DFE6A-8C18-460A-8DD4-47A3320223D7}.Release|x64.Build.0 = Release|Any CPU
		{E07DFE6A-8C18-460A-8DD4-47A3320223D7}.Release|x86.ActiveCfg = Release|Any CPU
		{E07DFE6A-8C18-460A-8DD4-47A3320223D7}.Release|x86.Build.0 = Release|Any CPU
		{8F96A078-BE16-4363-9B89-0B313D2E0F5E}.Debug|Any CPU.ActiveCfg = Debug|Any CPU
		{8F96A078-BE16-4363-9B89-0B313D2E0F5E}.Debug|Any CPU.Build.0 = Debug|Any CPU
		{8F96A078-BE16-4363-9B89-0B313D2E0F5E}.Debug|x64.ActiveCfg = Debug|Any CPU
		{8F96A078-BE16-4363-9B89-0B313D2E0F5E}.Debug|x64.Build.0 = Debug|Any CPU
		{8F96A078-BE16-4363-9B89-0B313D2E0F5E}.Debug|x86.ActiveCfg = Debug|Any CPU
		{8F96A078-BE16-4363-9B89-0B313D2E0F5E}.Debug|x86.Build.0 = Debug|Any CPU
		{8F96A078-BE16-4363-9B89-0B313D2E0F5E}.Release|Any CPU.ActiveCfg = Release|Any CPU
		{8F96A078-BE16-4363-9B89-0B313D2E0F5E}.Release|Any CPU.Build.0 = Release|Any CPU
		{8F96A078-BE16-4363-9B89-0B313D2E0F5E}.Release|x64.ActiveCfg = Release|Any CPU
		{8F96A078-BE16-4363-9B89-0B313D2E0F5E}.Release|x64.Build.0 = Release|Any CPU
		{8F96A078-BE16-4363-9B89-0B313D2E0F5E}.Release|x86.ActiveCfg = Release|Any CPU
		{8F96A078-BE16-4363-9B89-0B313D2E0F5E}.Release|x86.Build.0 = Release|Any CPU
		{5B775779-A5AE-4F94-90EC-59973FA80D4D}.Debug|Any CPU.ActiveCfg = Debug|Any CPU
		{5B775779-A5AE-4F94-90EC-59973FA80D4D}.Debug|Any CPU.Build.0 = Debug|Any CPU
		{5B775779-A5AE-4F94-90EC-59973FA80D4D}.Debug|x64.ActiveCfg = Debug|Any CPU
		{5B775779-A5AE-4F94-90EC-59973FA80D4D}.Debug|x64.Build.0 = Debug|Any CPU
		{5B775779-A5AE-4F94-90EC-59973FA80D4D}.Debug|x86.ActiveCfg = Debug|Any CPU
		{5B775779-A5AE-4F94-90EC-59973FA80D4D}.Debug|x86.Build.0 = Debug|Any CPU
		{5B775779-A5AE-4F94-90EC-59973FA80D4D}.Release|Any CPU.ActiveCfg = Release|Any CPU
		{5B775779-A5AE-4F94-90EC-59973FA80D4D}.Release|Any CPU.Build.0 = Release|Any CPU
		{5B775779-A5AE-4F94-90EC-59973FA80D4D}.Release|x64.ActiveCfg = Release|Any CPU
		{5B775779-A5AE-4F94-90EC-59973FA80D4D}.Release|x64.Build.0 = Release|Any CPU
		{5B775779-A5AE-4F94-90EC-59973FA80D4D}.Release|x86.ActiveCfg = Release|Any CPU
		{5B775779-A5AE-4F94-90EC-59973FA80D4D}.Release|x86.Build.0 = Release|Any CPU
		{6A84DB56-920C-4FC1-9CB0-9C29D0FC1586}.Debug|Any CPU.ActiveCfg = Debug|Any CPU
		{6A84DB56-920C-4FC1-9CB0-9C29D0FC1586}.Debug|Any CPU.Build.0 = Debug|Any CPU
		{6A84DB56-920C-4FC1-9CB0-9C29D0FC1586}.Debug|x64.ActiveCfg = Debug|Any CPU
		{6A84DB56-920C-4FC1-9CB0-9C29D0FC1586}.Debug|x64.Build.0 = Debug|Any CPU
		{6A84DB56-920C-4FC1-9CB0-9C29D0FC1586}.Debug|x86.ActiveCfg = Debug|Any CPU
		{6A84DB56-920C-4FC1-9CB0-9C29D0FC1586}.Debug|x86.Build.0 = Debug|Any CPU
		{6A84DB56-920C-4FC1-9CB0-9C29D0FC1586}.Release|Any CPU.ActiveCfg = Release|Any CPU
		{6A84DB56-920C-4FC1-9CB0-9C29D0FC1586}.Release|Any CPU.Build.0 = Release|Any CPU
		{6A84DB56-920C-4FC1-9CB0-9C29D0FC1586}.Release|x64.ActiveCfg = Release|Any CPU
		{6A84DB56-920C-4FC1-9CB0-9C29D0FC1586}.Release|x64.Build.0 = Release|Any CPU
		{6A84DB56-920C-4FC1-9CB0-9C29D0FC1586}.Release|x86.ActiveCfg = Release|Any CPU
		{6A84DB56-920C-4FC1-9CB0-9C29D0FC1586}.Release|x86.Build.0 = Release|Any CPU
	EndGlobalSection
	GlobalSection(SolutionProperties) = preSolution
		HideSolutionNode = FALSE
	EndGlobalSection
	GlobalSection(NestedProjects) = preSolution
		{FBEE1369-0F6C-41E6-8C62-8C1C5CDBB602} = {91813790-03F2-4F10-855E-96D66B4BE487}
		{AA75150D-EE56-49C0-9431-751F83CCC0CD} = {33DE5465-D8C6-4657-8415-3B5B8C66605E}
		{33DE5465-D8C6-4657-8415-3B5B8C66605E} = {91813790-03F2-4F10-855E-96D66B4BE487}
		{A726658E-55CA-4F1B-BFF8-0E69816DEDAC} = {33DE5465-D8C6-4657-8415-3B5B8C66605E}
		{4D11B605-EA66-40C1-8A96-644E42BBA91B} = {91813790-03F2-4F10-855E-96D66B4BE487}
		{AE91CEB5-378A-4EEF-AEBF-C40ED1EF23CF} = {91813790-03F2-4F10-855E-96D66B4BE487}
		{D8B669F1-9B73-4F6A-9AFC-53AF4B0272AC} = {33DE5465-D8C6-4657-8415-3B5B8C66605E}
		{2307F7DC-6B87-4506-8365-6966712DD5FE} = {33DE5465-D8C6-4657-8415-3B5B8C66605E}
		{235804A8-9C8F-40EC-8786-5DAB24733977} = {33DE5465-D8C6-4657-8415-3B5B8C66605E}
		{7032AEF1-E55A-4D5C-90FF-E0B8B4C98BE0} = {33DE5465-D8C6-4657-8415-3B5B8C66605E}
		{5F25D9C5-9A93-49E7-92F7-58E399AEF928} = {33DE5465-D8C6-4657-8415-3B5B8C66605E}
		{A07D94C2-40EF-48DB-B828-7E53E7F5A372} = {33DE5465-D8C6-4657-8415-3B5B8C66605E}
		{4EAD0377-BD2D-4B7E-93A6-705DB815E8A7} = {91813790-03F2-4F10-855E-96D66B4BE487}
		{E07DFE6A-8C18-460A-8DD4-47A3320223D7} = {91813790-03F2-4F10-855E-96D66B4BE487}
		{8F96A078-BE16-4363-9B89-0B313D2E0F5E} = {91813790-03F2-4F10-855E-96D66B4BE487}
		{5B775779-A5AE-4F94-90EC-59973FA80D4D} = {91813790-03F2-4F10-855E-96D66B4BE487}
		{6A84DB56-920C-4FC1-9CB0-9C29D0FC1586} = {91813790-03F2-4F10-855E-96D66B4BE487}
	EndGlobalSection
	GlobalSection(ExtensibilityGlobals) = postSolution
		SolutionGuid = {FBAD191B-57E1-4FD5-B6B1-5009A9A04CF0}
	EndGlobalSection
EndGlobal
