
Microsoft Visual Studio Solution File, Format Version 12.00
# Visual Studio Version 16
VisualStudioVersion = 16.0.29609.76
MinimumVisualStudioVersion = 10.0.40219.1
Project("{2150E333-8FDC-42A3-9474-1A3956D46DE8}") = "CalculationEngineService", "CalculationEngineService", "{AB9540D3-A429-4238-8BB2-5D0114ED012E}"
EndProject
Project("{2150E333-8FDC-42A3-9474-1A3956D46DE8}") = "NetworkModelService", "NetworkModelService", "{28CF366A-EC87-4079-9FA6-1385A028E1C2}"
EndProject
Project("{2150E333-8FDC-42A3-9474-1A3956D46DE8}") = "Common", "Common", "{4C80DEF4-45DA-49FD-A732-0D686DC648EE}"
EndProject
Project("{FAE04EC0-301F-11D3-BF4B-00C04F79EFBC}") = "CalculationEngineServiceHost", "CalculationEngineService\CalculationEngineServiceHost\CalculationEngineServiceHost.csproj", "{8161DAA9-A01F-4C71-BB12-4EB918869DBC}"
EndProject
Project("{FAE04EC0-301F-11D3-BF4B-00C04F79EFBC}") = "NetworkModelServiceFunctions", "CalculationEngineService\NetworkModelServiceFunctions\NetworkModelServiceFunctions.csproj", "{D4553E8A-C694-4EBD-BA3C-0444A1D0C1EF}"
	ProjectSection(ProjectDependencies) = postProject
		{E1D2D69D-E03D-4FD7-8E4F-0FC95B68F0DD} = {E1D2D69D-E03D-4FD7-8E4F-0FC95B68F0DD}
	EndProjectSection
EndProject
Project("{FAE04EC0-301F-11D3-BF4B-00C04F79EFBC}") = "CECommon", "CalculationEngineService\CECommon\CECommon.csproj", "{E1D2D69D-E03D-4FD7-8E4F-0FC95B68F0DD}"
EndProject
Project("{FAE04EC0-301F-11D3-BF4B-00C04F79EFBC}") = "Common", "Common\Common.csproj", "{892CBE15-9ED7-4540-81FA-0EAABA592138}"
EndProject
Project("{2150E333-8FDC-42A3-9474-1A3956D46DE8}") = "CIMProfileCreator", "CIMProfileCreator", "{F3EAB0F7-63D3-4412-87DF-F4BDEF3E00EB}"
EndProject
Project("{2150E333-8FDC-42A3-9474-1A3956D46DE8}") = "DataImporter", "DataImporter", "{A123CF7F-B37A-431C-93C3-89D77E0374A2}"
EndProject
Project("{FAE04EC0-301F-11D3-BF4B-00C04F79EFBC}") = "CIMParser", "NetworkModelService\CIMParser\CIMParser.csproj", "{3C03A41C-BE4C-40A8-97D5-5DBAC0C34102}"
	ProjectSection(ProjectDependencies) = postProject
		{892CBE15-9ED7-4540-81FA-0EAABA592138} = {892CBE15-9ED7-4540-81FA-0EAABA592138}
	EndProjectSection
EndProject
Project("{FAE04EC0-301F-11D3-BF4B-00C04F79EFBC}") = "CIMProfileCreator", "NetworkModelService\CIMProfileCreator\CIMProfileCreator.csproj", "{05FA2F21-D4DE-4F42-8D8F-AC79993394F6}"
	ProjectSection(ProjectDependencies) = postProject
		{892CBE15-9ED7-4540-81FA-0EAABA592138} = {892CBE15-9ED7-4540-81FA-0EAABA592138}
		{3C03A41C-BE4C-40A8-97D5-5DBAC0C34102} = {3C03A41C-BE4C-40A8-97D5-5DBAC0C34102}
	EndProjectSection
EndProject
Project("{FAE04EC0-301F-11D3-BF4B-00C04F79EFBC}") = "CIMAdapter", "NetworkModelService\CIMAdapter\CIMAdapter.csproj", "{35679A04-DB61-4430-AD3F-65C2C2A53391}"
	ProjectSection(ProjectDependencies) = postProject
		{274DCAF7-5FDD-46A0-97E2-91DBCA365381} = {274DCAF7-5FDD-46A0-97E2-91DBCA365381}
	EndProjectSection
EndProject
Project("{FAE04EC0-301F-11D3-BF4B-00C04F79EFBC}") = "ModelLabsApp", "NetworkModelService\ModelLabsApp\ModelLabsApp.csproj", "{3DD11384-2CC1-4EE9-9F4A-02B6FE8759C0}"
	ProjectSection(ProjectDependencies) = postProject
		{35679A04-DB61-4430-AD3F-65C2C2A53391} = {35679A04-DB61-4430-AD3F-65C2C2A53391}
		{3C03A41C-BE4C-40A8-97D5-5DBAC0C34102} = {3C03A41C-BE4C-40A8-97D5-5DBAC0C34102}
		{274DCAF7-5FDD-46A0-97E2-91DBCA365381} = {274DCAF7-5FDD-46A0-97E2-91DBCA365381}
	EndProjectSection
EndProject
Project("{FAE04EC0-301F-11D3-BF4B-00C04F79EFBC}") = "NetworkModelServiceHost", "NetworkModelService\NetworkModelServiceHost\NetworkModelServiceHost.csproj", "{0DFE09A6-2A5D-4C50-BC03-FCC6FFE93B9A}"
EndProject
Project("{FAE04EC0-301F-11D3-BF4B-00C04F79EFBC}") = "NetworkModelService", "NetworkModelService\NetworkModelService\NetworkModelService.csproj", "{C348D8C1-43B0-423C-A70A-374D54510830}"
EndProject
Project("{FAE04EC0-301F-11D3-BF4B-00C04F79EFBC}") = "DataModel", "NetworkModelService\DataModel\DataModel.csproj", "{274DCAF7-5FDD-46A0-97E2-91DBCA365381}"
EndProject
Project("{2150E333-8FDC-42A3-9474-1A3956D46DE8}") = "TestClient", "TestClient", "{681EE228-E690-4D41-8E1A-306362901EF4}"
EndProject
Project("{FAE04EC0-301F-11D3-BF4B-00C04F79EFBC}") = "NMSTestClientUI", "NetworkModelService\NMSTestClientUI\NMSTestClientUI.csproj", "{DB770671-ECE8-4978-A992-E0D4D44F8FC8}"
EndProject
Project("{2150E333-8FDC-42A3-9474-1A3956D46DE8}") = "TransactionManagerService", "TransactionManagerService", "{65CC209D-49E2-456A-AD48-31494D75658C}"
EndProject
Project("{FAE04EC0-301F-11D3-BF4B-00C04F79EFBC}") = "TransactionManagerServiceHost", "TransactionManagerService\TransactionManagerServiceHost\TransactionManagerServiceHost.csproj", "{048D591B-F46C-49CF-B455-AE21DB97F419}"
	ProjectSection(ProjectDependencies) = postProject
		{892CBE15-9ED7-4540-81FA-0EAABA592138} = {892CBE15-9ED7-4540-81FA-0EAABA592138}
		{AA207779-062F-4502-AB4B-10B2D99457BA} = {AA207779-062F-4502-AB4B-10B2D99457BA}
	EndProjectSection
EndProject
Project("{FAE04EC0-301F-11D3-BF4B-00C04F79EFBC}") = "TransactionManagerService", "TransactionManagerService\TransactionManagerService\TransactionManagerService.csproj", "{AA207779-062F-4502-AB4B-10B2D99457BA}"
EndProject
Project("{FAE04EC0-301F-11D3-BF4B-00C04F79EFBC}") = "DistributedTransactionActor", "TransactionManagerService\DistributedTransactionActor\DistributedTransactionActor.csproj", "{D2B436C8-C9AF-4FE2-B881-B8D28228637B}"
EndProject
Project("{2150E333-8FDC-42A3-9474-1A3956D46DE8}") = "PubSubEngine", "PubSubEngine", "{D0EA7ECA-40CA-454D-B4D3-609CD3915FBD}"
EndProject
Project("{2150E333-8FDC-42A3-9474-1A3956D46DE8}") = "SCADA", "SCADA", "{F47B4360-F4CF-424E-A85E-623A1D2F297B}"
EndProject
Project("{FAE04EC0-301F-11D3-BF4B-00C04F79EFBC}") = "ModBus", "SCADA\ModBus\ModBus.csproj", "{6E88F6B5-11CB-485A-9BDF-C622FF837022}"
EndProject
Project("{FAE04EC0-301F-11D3-BF4B-00C04F79EFBC}") = "SCADAData", "SCADA\SCADA_Config_Data\SCADAData.csproj", "{C37F054D-37D9-46C0-881C-1EE3C8C77633}"
EndProject
Project("{FAE04EC0-301F-11D3-BF4B-00C04F79EFBC}") = "SCADACommon", "SCADA\SCADACommon\SCADACommon.csproj", "{7D87AA2B-ED19-47EA-B403-4EDC6B830D4A}"
	ProjectSection(ProjectDependencies) = postProject
		{892CBE15-9ED7-4540-81FA-0EAABA592138} = {892CBE15-9ED7-4540-81FA-0EAABA592138}
	EndProjectSection
EndProject
Project("{FAE04EC0-301F-11D3-BF4B-00C04F79EFBC}") = "SCADAServiceHost", "SCADA\SCADAServiceHost\SCADAServiceHost.csproj", "{6B61EBE5-1133-4EE9-A25A-82C14039C85B}"
EndProject
Project("{FAE04EC0-301F-11D3-BF4B-00C04F79EFBC}") = "SCADAService", "SCADA\SCADAService\SCADAService.csproj", "{DF3A5248-7638-41C8-998A-53112F1ACFA2}"
EndProject
Project("{FAE04EC0-301F-11D3-BF4B-00C04F79EFBC}") = "TestSub", "PubSubEngine\TestSub\TestSub.csproj", "{28D3AE66-AEFF-4E24-BAD4-5874EF13A329}"
EndProject
Project("{FAE04EC0-301F-11D3-BF4B-00C04F79EFBC}") = "PubSubEngineHost", "PubSubEngine\PubSubEngineHost\PubSubEngineHost.csproj", "{92A8D0F1-28DF-40BB-B8BF-B80DB2662E7C}"
EndProject
Project("{FAE04EC0-301F-11D3-BF4B-00C04F79EFBC}") = "PubSubEngine", "PubSubEngine\PubSubEngine\PubSubEngine.csproj", "{62921ECE-B533-4644-8DBF-1CFBFCA5EFC5}"
EndProject
Project("{FAE04EC0-301F-11D3-BF4B-00C04F79EFBC}") = "TopologyBuilder", "CalculationEngineService\TopologyBuilder\TopologyBuilder.csproj", "{F83B7FD0-C28B-4C96-A49C-7EA0E2B579F1}"
EndProject
Project("{FAE04EC0-301F-11D3-BF4B-00C04F79EFBC}") = "Topology", "CalculationEngineService\Topology\Topology.csproj", "{831A52CF-75FF-4EAB-BCEC-24547C588009}"
EndProject
Project("{FAE04EC0-301F-11D3-BF4B-00C04F79EFBC}") = "TopologyServiceClientMock", "CalculationEngineService\TopologyServiceClientMock\TopologyServiceClientMock.csproj", "{2A715511-30EF-4E48-8A4B-AFF923187C24}"
EndProject
Project("{2150E333-8FDC-42A3-9474-1A3956D46DE8}") = "OutageManagementService", "OutageManagementService", "{9DB302A8-78A0-459E-99DD-FE5E80E93E24}"
EndProject
Project("{FAE04EC0-301F-11D3-BF4B-00C04F79EFBC}") = "OutageManagementService", "OutageManagementService\OutageManagementService\OutageManagementService.csproj", "{6F2AB5E9-8313-4954-9D1C-EDBB772FD276}"
EndProject
Project("{FAE04EC0-301F-11D3-BF4B-00C04F79EFBC}") = "OutageManagementServiceHost", "OutageManagementService\OutageManagementServiceHost\OutageManagementServiceHost.csproj", "{F3C001F8-941D-4D47-B0BD-0B5268EBB68F}"
EndProject
Project("{FAE04EC0-301F-11D3-BF4B-00C04F79EFBC}") = "CalculationEngineService", "CalculationEngineService\CalculationEngineService\CalculationEngineService.csproj", "{D8BE54B0-1ED0-428E-A4A5-93B93A016D51}"
EndProject
Project("{FAE04EC0-301F-11D3-BF4B-00C04F79EFBC}") = "SCADACommanding", "CalculationEngineService\SCADACommanding\SCADACommanding.csproj", "{2E72183F-B2D1-4F43-8396-377AA1950078}"
EndProject
Project("{FAE04EC0-301F-11D3-BF4B-00C04F79EFBC}") = "OutageSimulator", "OutageManagementService\OutageSimulator\OutageSimulator.csproj", "{59746F56-A820-4DD3-8140-8AB4AA135B28}"
EndProject
Project("{FAE04EC0-301F-11D3-BF4B-00C04F79EFBC}") = "OutageDatabase", "OutageManagementService\OutageDatabase\OutageDatabase.csproj", "{F2CFC053-2CFC-41F4-8FCC-2887E4757E87}"
EndProject
Project("{FAE04EC0-301F-11D3-BF4B-00C04F79EFBC}") = "OMSTestClient", "OutageManagementService\OMSTestClient\OMSTestClient.csproj", "{5272C603-5EFF-4248-BB3D-563D05B48185}"
EndProject
Project("{FAE04EC0-301F-11D3-BF4B-00C04F79EFBC}") = "OMSCommon", "OutageManagementService\OMSCommon\OMSCommon.csproj", "{BC054AA3-2DD3-4657-B27B-6C2126803106}"
EndProject
Global
	GlobalSection(SolutionConfigurationPlatforms) = preSolution
		Debug|Any CPU = Debug|Any CPU
		Debug|x64 = Debug|x64
		Debug|x86 = Debug|x86
		Release|Any CPU = Release|Any CPU
		Release|x64 = Release|x64
		Release|x86 = Release|x86
	EndGlobalSection
	GlobalSection(ProjectConfigurationPlatforms) = postSolution
		{8161DAA9-A01F-4C71-BB12-4EB918869DBC}.Debug|Any CPU.ActiveCfg = Debug|Any CPU
		{8161DAA9-A01F-4C71-BB12-4EB918869DBC}.Debug|Any CPU.Build.0 = Debug|Any CPU
		{8161DAA9-A01F-4C71-BB12-4EB918869DBC}.Debug|x64.ActiveCfg = Debug|Any CPU
		{8161DAA9-A01F-4C71-BB12-4EB918869DBC}.Debug|x64.Build.0 = Debug|Any CPU
		{8161DAA9-A01F-4C71-BB12-4EB918869DBC}.Debug|x86.ActiveCfg = Debug|Any CPU
		{8161DAA9-A01F-4C71-BB12-4EB918869DBC}.Debug|x86.Build.0 = Debug|Any CPU
		{8161DAA9-A01F-4C71-BB12-4EB918869DBC}.Release|Any CPU.ActiveCfg = Release|Any CPU
		{8161DAA9-A01F-4C71-BB12-4EB918869DBC}.Release|Any CPU.Build.0 = Release|Any CPU
		{8161DAA9-A01F-4C71-BB12-4EB918869DBC}.Release|x64.ActiveCfg = Release|Any CPU
		{8161DAA9-A01F-4C71-BB12-4EB918869DBC}.Release|x64.Build.0 = Release|Any CPU
		{8161DAA9-A01F-4C71-BB12-4EB918869DBC}.Release|x86.ActiveCfg = Release|Any CPU
		{8161DAA9-A01F-4C71-BB12-4EB918869DBC}.Release|x86.Build.0 = Release|Any CPU
		{D4553E8A-C694-4EBD-BA3C-0444A1D0C1EF}.Debug|Any CPU.ActiveCfg = Debug|Any CPU
		{D4553E8A-C694-4EBD-BA3C-0444A1D0C1EF}.Debug|Any CPU.Build.0 = Debug|Any CPU
		{D4553E8A-C694-4EBD-BA3C-0444A1D0C1EF}.Debug|x64.ActiveCfg = Debug|Any CPU
		{D4553E8A-C694-4EBD-BA3C-0444A1D0C1EF}.Debug|x64.Build.0 = Debug|Any CPU
		{D4553E8A-C694-4EBD-BA3C-0444A1D0C1EF}.Debug|x86.ActiveCfg = Debug|Any CPU
		{D4553E8A-C694-4EBD-BA3C-0444A1D0C1EF}.Debug|x86.Build.0 = Debug|Any CPU
		{D4553E8A-C694-4EBD-BA3C-0444A1D0C1EF}.Release|Any CPU.ActiveCfg = Release|Any CPU
		{D4553E8A-C694-4EBD-BA3C-0444A1D0C1EF}.Release|Any CPU.Build.0 = Release|Any CPU
		{D4553E8A-C694-4EBD-BA3C-0444A1D0C1EF}.Release|x64.ActiveCfg = Release|Any CPU
		{D4553E8A-C694-4EBD-BA3C-0444A1D0C1EF}.Release|x64.Build.0 = Release|Any CPU
		{D4553E8A-C694-4EBD-BA3C-0444A1D0C1EF}.Release|x86.ActiveCfg = Release|Any CPU
		{D4553E8A-C694-4EBD-BA3C-0444A1D0C1EF}.Release|x86.Build.0 = Release|Any CPU
		{E1D2D69D-E03D-4FD7-8E4F-0FC95B68F0DD}.Debug|Any CPU.ActiveCfg = Debug|Any CPU
		{E1D2D69D-E03D-4FD7-8E4F-0FC95B68F0DD}.Debug|Any CPU.Build.0 = Debug|Any CPU
		{E1D2D69D-E03D-4FD7-8E4F-0FC95B68F0DD}.Debug|x64.ActiveCfg = Debug|Any CPU
		{E1D2D69D-E03D-4FD7-8E4F-0FC95B68F0DD}.Debug|x64.Build.0 = Debug|Any CPU
		{E1D2D69D-E03D-4FD7-8E4F-0FC95B68F0DD}.Debug|x86.ActiveCfg = Debug|Any CPU
		{E1D2D69D-E03D-4FD7-8E4F-0FC95B68F0DD}.Debug|x86.Build.0 = Debug|Any CPU
		{E1D2D69D-E03D-4FD7-8E4F-0FC95B68F0DD}.Release|Any CPU.ActiveCfg = Release|Any CPU
		{E1D2D69D-E03D-4FD7-8E4F-0FC95B68F0DD}.Release|Any CPU.Build.0 = Release|Any CPU
		{E1D2D69D-E03D-4FD7-8E4F-0FC95B68F0DD}.Release|x64.ActiveCfg = Release|Any CPU
		{E1D2D69D-E03D-4FD7-8E4F-0FC95B68F0DD}.Release|x64.Build.0 = Release|Any CPU
		{E1D2D69D-E03D-4FD7-8E4F-0FC95B68F0DD}.Release|x86.ActiveCfg = Release|Any CPU
		{E1D2D69D-E03D-4FD7-8E4F-0FC95B68F0DD}.Release|x86.Build.0 = Release|Any CPU
		{892CBE15-9ED7-4540-81FA-0EAABA592138}.Debug|Any CPU.ActiveCfg = Debug|x64
		{892CBE15-9ED7-4540-81FA-0EAABA592138}.Debug|Any CPU.Build.0 = Debug|x64
		{892CBE15-9ED7-4540-81FA-0EAABA592138}.Debug|x64.ActiveCfg = Debug|x86
		{892CBE15-9ED7-4540-81FA-0EAABA592138}.Debug|x64.Build.0 = Debug|x86
		{892CBE15-9ED7-4540-81FA-0EAABA592138}.Debug|x86.ActiveCfg = Debug|x86
		{892CBE15-9ED7-4540-81FA-0EAABA592138}.Debug|x86.Build.0 = Debug|x86
		{892CBE15-9ED7-4540-81FA-0EAABA592138}.Release|Any CPU.ActiveCfg = Release|x86
		{892CBE15-9ED7-4540-81FA-0EAABA592138}.Release|x64.ActiveCfg = Release|x64
		{892CBE15-9ED7-4540-81FA-0EAABA592138}.Release|x64.Build.0 = Release|x64
		{892CBE15-9ED7-4540-81FA-0EAABA592138}.Release|x86.ActiveCfg = Release|x86
		{892CBE15-9ED7-4540-81FA-0EAABA592138}.Release|x86.Build.0 = Release|x86
		{3C03A41C-BE4C-40A8-97D5-5DBAC0C34102}.Debug|Any CPU.ActiveCfg = Debug|x64
		{3C03A41C-BE4C-40A8-97D5-5DBAC0C34102}.Debug|Any CPU.Build.0 = Debug|x64
		{3C03A41C-BE4C-40A8-97D5-5DBAC0C34102}.Debug|x64.ActiveCfg = Debug|x86
		{3C03A41C-BE4C-40A8-97D5-5DBAC0C34102}.Debug|x64.Build.0 = Debug|x86
		{3C03A41C-BE4C-40A8-97D5-5DBAC0C34102}.Debug|x86.ActiveCfg = Debug|x86
		{3C03A41C-BE4C-40A8-97D5-5DBAC0C34102}.Debug|x86.Build.0 = Debug|x86
		{3C03A41C-BE4C-40A8-97D5-5DBAC0C34102}.Release|Any CPU.ActiveCfg = Release|x86
		{3C03A41C-BE4C-40A8-97D5-5DBAC0C34102}.Release|x64.ActiveCfg = Release|x64
		{3C03A41C-BE4C-40A8-97D5-5DBAC0C34102}.Release|x64.Build.0 = Release|x64
		{3C03A41C-BE4C-40A8-97D5-5DBAC0C34102}.Release|x86.ActiveCfg = Release|x86
		{3C03A41C-BE4C-40A8-97D5-5DBAC0C34102}.Release|x86.Build.0 = Release|x86
		{05FA2F21-D4DE-4F42-8D8F-AC79993394F6}.Debug|Any CPU.ActiveCfg = Debug|x64
		{05FA2F21-D4DE-4F42-8D8F-AC79993394F6}.Debug|Any CPU.Build.0 = Debug|x64
		{05FA2F21-D4DE-4F42-8D8F-AC79993394F6}.Debug|x64.ActiveCfg = Debug|x86
		{05FA2F21-D4DE-4F42-8D8F-AC79993394F6}.Debug|x64.Build.0 = Debug|x86
		{05FA2F21-D4DE-4F42-8D8F-AC79993394F6}.Debug|x86.ActiveCfg = Debug|x86
		{05FA2F21-D4DE-4F42-8D8F-AC79993394F6}.Debug|x86.Build.0 = Debug|x86
		{05FA2F21-D4DE-4F42-8D8F-AC79993394F6}.Release|Any CPU.ActiveCfg = Release|x86
		{05FA2F21-D4DE-4F42-8D8F-AC79993394F6}.Release|x64.ActiveCfg = Release|x64
		{05FA2F21-D4DE-4F42-8D8F-AC79993394F6}.Release|x64.Build.0 = Release|x64
		{05FA2F21-D4DE-4F42-8D8F-AC79993394F6}.Release|x86.ActiveCfg = Release|x86
		{05FA2F21-D4DE-4F42-8D8F-AC79993394F6}.Release|x86.Build.0 = Release|x86
		{35679A04-DB61-4430-AD3F-65C2C2A53391}.Debug|Any CPU.ActiveCfg = Debug|Any CPU
		{35679A04-DB61-4430-AD3F-65C2C2A53391}.Debug|Any CPU.Build.0 = Debug|Any CPU
		{35679A04-DB61-4430-AD3F-65C2C2A53391}.Debug|x64.ActiveCfg = Debug|Any CPU
		{35679A04-DB61-4430-AD3F-65C2C2A53391}.Debug|x64.Build.0 = Debug|Any CPU
		{35679A04-DB61-4430-AD3F-65C2C2A53391}.Debug|x86.ActiveCfg = Debug|Any CPU
		{35679A04-DB61-4430-AD3F-65C2C2A53391}.Debug|x86.Build.0 = Debug|Any CPU
		{35679A04-DB61-4430-AD3F-65C2C2A53391}.Release|Any CPU.ActiveCfg = Release|Any CPU
		{35679A04-DB61-4430-AD3F-65C2C2A53391}.Release|Any CPU.Build.0 = Release|Any CPU
		{35679A04-DB61-4430-AD3F-65C2C2A53391}.Release|x64.ActiveCfg = Release|Any CPU
		{35679A04-DB61-4430-AD3F-65C2C2A53391}.Release|x64.Build.0 = Release|Any CPU
		{35679A04-DB61-4430-AD3F-65C2C2A53391}.Release|x86.ActiveCfg = Release|Any CPU
		{35679A04-DB61-4430-AD3F-65C2C2A53391}.Release|x86.Build.0 = Release|Any CPU
		{3DD11384-2CC1-4EE9-9F4A-02B6FE8759C0}.Debug|Any CPU.ActiveCfg = Debug|x64
		{3DD11384-2CC1-4EE9-9F4A-02B6FE8759C0}.Debug|Any CPU.Build.0 = Debug|x64
		{3DD11384-2CC1-4EE9-9F4A-02B6FE8759C0}.Debug|x64.ActiveCfg = Debug|x86
		{3DD11384-2CC1-4EE9-9F4A-02B6FE8759C0}.Debug|x64.Build.0 = Debug|x86
		{3DD11384-2CC1-4EE9-9F4A-02B6FE8759C0}.Debug|x86.ActiveCfg = Debug|x86
		{3DD11384-2CC1-4EE9-9F4A-02B6FE8759C0}.Debug|x86.Build.0 = Debug|x86
		{3DD11384-2CC1-4EE9-9F4A-02B6FE8759C0}.Release|Any CPU.ActiveCfg = Release|x86
		{3DD11384-2CC1-4EE9-9F4A-02B6FE8759C0}.Release|x64.ActiveCfg = Release|x64
		{3DD11384-2CC1-4EE9-9F4A-02B6FE8759C0}.Release|x64.Build.0 = Release|x64
		{3DD11384-2CC1-4EE9-9F4A-02B6FE8759C0}.Release|x86.ActiveCfg = Release|x86
		{3DD11384-2CC1-4EE9-9F4A-02B6FE8759C0}.Release|x86.Build.0 = Release|x86
		{0DFE09A6-2A5D-4C50-BC03-FCC6FFE93B9A}.Debug|Any CPU.ActiveCfg = Debug|Any CPU
		{0DFE09A6-2A5D-4C50-BC03-FCC6FFE93B9A}.Debug|Any CPU.Build.0 = Debug|Any CPU
		{0DFE09A6-2A5D-4C50-BC03-FCC6FFE93B9A}.Debug|x64.ActiveCfg = Debug|Any CPU
		{0DFE09A6-2A5D-4C50-BC03-FCC6FFE93B9A}.Debug|x64.Build.0 = Debug|Any CPU
		{0DFE09A6-2A5D-4C50-BC03-FCC6FFE93B9A}.Debug|x86.ActiveCfg = Debug|Any CPU
		{0DFE09A6-2A5D-4C50-BC03-FCC6FFE93B9A}.Debug|x86.Build.0 = Debug|Any CPU
		{0DFE09A6-2A5D-4C50-BC03-FCC6FFE93B9A}.Release|Any CPU.ActiveCfg = Release|Any CPU
		{0DFE09A6-2A5D-4C50-BC03-FCC6FFE93B9A}.Release|Any CPU.Build.0 = Release|Any CPU
		{0DFE09A6-2A5D-4C50-BC03-FCC6FFE93B9A}.Release|x64.ActiveCfg = Release|Any CPU
		{0DFE09A6-2A5D-4C50-BC03-FCC6FFE93B9A}.Release|x64.Build.0 = Release|Any CPU
		{0DFE09A6-2A5D-4C50-BC03-FCC6FFE93B9A}.Release|x86.ActiveCfg = Release|Any CPU
		{0DFE09A6-2A5D-4C50-BC03-FCC6FFE93B9A}.Release|x86.Build.0 = Release|Any CPU
		{C348D8C1-43B0-423C-A70A-374D54510830}.Debug|Any CPU.ActiveCfg = Debug|Any CPU
		{C348D8C1-43B0-423C-A70A-374D54510830}.Debug|Any CPU.Build.0 = Debug|Any CPU
		{C348D8C1-43B0-423C-A70A-374D54510830}.Debug|x64.ActiveCfg = Debug|Any CPU
		{C348D8C1-43B0-423C-A70A-374D54510830}.Debug|x64.Build.0 = Debug|Any CPU
		{C348D8C1-43B0-423C-A70A-374D54510830}.Debug|x86.ActiveCfg = Debug|Any CPU
		{C348D8C1-43B0-423C-A70A-374D54510830}.Debug|x86.Build.0 = Debug|Any CPU
		{C348D8C1-43B0-423C-A70A-374D54510830}.Release|Any CPU.ActiveCfg = Release|Any CPU
		{C348D8C1-43B0-423C-A70A-374D54510830}.Release|Any CPU.Build.0 = Release|Any CPU
		{C348D8C1-43B0-423C-A70A-374D54510830}.Release|x64.ActiveCfg = Release|Any CPU
		{C348D8C1-43B0-423C-A70A-374D54510830}.Release|x64.Build.0 = Release|Any CPU
		{C348D8C1-43B0-423C-A70A-374D54510830}.Release|x86.ActiveCfg = Release|Any CPU
		{C348D8C1-43B0-423C-A70A-374D54510830}.Release|x86.Build.0 = Release|Any CPU
		{274DCAF7-5FDD-46A0-97E2-91DBCA365381}.Debug|Any CPU.ActiveCfg = Debug|Any CPU
		{274DCAF7-5FDD-46A0-97E2-91DBCA365381}.Debug|Any CPU.Build.0 = Debug|Any CPU
		{274DCAF7-5FDD-46A0-97E2-91DBCA365381}.Debug|x64.ActiveCfg = Debug|Any CPU
		{274DCAF7-5FDD-46A0-97E2-91DBCA365381}.Debug|x64.Build.0 = Debug|Any CPU
		{274DCAF7-5FDD-46A0-97E2-91DBCA365381}.Debug|x86.ActiveCfg = Debug|Any CPU
		{274DCAF7-5FDD-46A0-97E2-91DBCA365381}.Debug|x86.Build.0 = Debug|Any CPU
		{274DCAF7-5FDD-46A0-97E2-91DBCA365381}.Release|Any CPU.ActiveCfg = Release|Any CPU
		{274DCAF7-5FDD-46A0-97E2-91DBCA365381}.Release|Any CPU.Build.0 = Release|Any CPU
		{274DCAF7-5FDD-46A0-97E2-91DBCA365381}.Release|x64.ActiveCfg = Release|Any CPU
		{274DCAF7-5FDD-46A0-97E2-91DBCA365381}.Release|x64.Build.0 = Release|Any CPU
		{274DCAF7-5FDD-46A0-97E2-91DBCA365381}.Release|x86.ActiveCfg = Release|Any CPU
		{274DCAF7-5FDD-46A0-97E2-91DBCA365381}.Release|x86.Build.0 = Release|Any CPU
		{DB770671-ECE8-4978-A992-E0D4D44F8FC8}.Debug|Any CPU.ActiveCfg = Debug|Any CPU
		{DB770671-ECE8-4978-A992-E0D4D44F8FC8}.Debug|Any CPU.Build.0 = Debug|Any CPU
		{DB770671-ECE8-4978-A992-E0D4D44F8FC8}.Debug|x64.ActiveCfg = Debug|Any CPU
		{DB770671-ECE8-4978-A992-E0D4D44F8FC8}.Debug|x64.Build.0 = Debug|Any CPU
		{DB770671-ECE8-4978-A992-E0D4D44F8FC8}.Debug|x86.ActiveCfg = Debug|Any CPU
		{DB770671-ECE8-4978-A992-E0D4D44F8FC8}.Debug|x86.Build.0 = Debug|Any CPU
		{DB770671-ECE8-4978-A992-E0D4D44F8FC8}.Release|Any CPU.ActiveCfg = Release|Any CPU
		{DB770671-ECE8-4978-A992-E0D4D44F8FC8}.Release|Any CPU.Build.0 = Release|Any CPU
		{DB770671-ECE8-4978-A992-E0D4D44F8FC8}.Release|x64.ActiveCfg = Release|Any CPU
		{DB770671-ECE8-4978-A992-E0D4D44F8FC8}.Release|x64.Build.0 = Release|Any CPU
		{DB770671-ECE8-4978-A992-E0D4D44F8FC8}.Release|x86.ActiveCfg = Release|Any CPU
		{DB770671-ECE8-4978-A992-E0D4D44F8FC8}.Release|x86.Build.0 = Release|Any CPU
		{048D591B-F46C-49CF-B455-AE21DB97F419}.Debug|Any CPU.ActiveCfg = Debug|Any CPU
		{048D591B-F46C-49CF-B455-AE21DB97F419}.Debug|Any CPU.Build.0 = Debug|Any CPU
		{048D591B-F46C-49CF-B455-AE21DB97F419}.Debug|x64.ActiveCfg = Debug|Any CPU
		{048D591B-F46C-49CF-B455-AE21DB97F419}.Debug|x64.Build.0 = Debug|Any CPU
		{048D591B-F46C-49CF-B455-AE21DB97F419}.Debug|x86.ActiveCfg = Debug|Any CPU
		{048D591B-F46C-49CF-B455-AE21DB97F419}.Debug|x86.Build.0 = Debug|Any CPU
		{048D591B-F46C-49CF-B455-AE21DB97F419}.Release|Any CPU.ActiveCfg = Release|Any CPU
		{048D591B-F46C-49CF-B455-AE21DB97F419}.Release|Any CPU.Build.0 = Release|Any CPU
		{048D591B-F46C-49CF-B455-AE21DB97F419}.Release|x64.ActiveCfg = Release|Any CPU
		{048D591B-F46C-49CF-B455-AE21DB97F419}.Release|x64.Build.0 = Release|Any CPU
		{048D591B-F46C-49CF-B455-AE21DB97F419}.Release|x86.ActiveCfg = Release|Any CPU
		{048D591B-F46C-49CF-B455-AE21DB97F419}.Release|x86.Build.0 = Release|Any CPU
		{AA207779-062F-4502-AB4B-10B2D99457BA}.Debug|Any CPU.ActiveCfg = Debug|Any CPU
		{AA207779-062F-4502-AB4B-10B2D99457BA}.Debug|Any CPU.Build.0 = Debug|Any CPU
		{AA207779-062F-4502-AB4B-10B2D99457BA}.Debug|x64.ActiveCfg = Debug|Any CPU
		{AA207779-062F-4502-AB4B-10B2D99457BA}.Debug|x64.Build.0 = Debug|Any CPU
		{AA207779-062F-4502-AB4B-10B2D99457BA}.Debug|x86.ActiveCfg = Debug|Any CPU
		{AA207779-062F-4502-AB4B-10B2D99457BA}.Debug|x86.Build.0 = Debug|Any CPU
		{AA207779-062F-4502-AB4B-10B2D99457BA}.Release|Any CPU.ActiveCfg = Release|Any CPU
		{AA207779-062F-4502-AB4B-10B2D99457BA}.Release|Any CPU.Build.0 = Release|Any CPU
		{AA207779-062F-4502-AB4B-10B2D99457BA}.Release|x64.ActiveCfg = Release|Any CPU
		{AA207779-062F-4502-AB4B-10B2D99457BA}.Release|x64.Build.0 = Release|Any CPU
		{AA207779-062F-4502-AB4B-10B2D99457BA}.Release|x86.ActiveCfg = Release|Any CPU
		{AA207779-062F-4502-AB4B-10B2D99457BA}.Release|x86.Build.0 = Release|Any CPU
		{D2B436C8-C9AF-4FE2-B881-B8D28228637B}.Debug|Any CPU.ActiveCfg = Debug|Any CPU
		{D2B436C8-C9AF-4FE2-B881-B8D28228637B}.Debug|Any CPU.Build.0 = Debug|Any CPU
		{D2B436C8-C9AF-4FE2-B881-B8D28228637B}.Debug|x64.ActiveCfg = Debug|Any CPU
		{D2B436C8-C9AF-4FE2-B881-B8D28228637B}.Debug|x64.Build.0 = Debug|Any CPU
		{D2B436C8-C9AF-4FE2-B881-B8D28228637B}.Debug|x86.ActiveCfg = Debug|Any CPU
		{D2B436C8-C9AF-4FE2-B881-B8D28228637B}.Debug|x86.Build.0 = Debug|Any CPU
		{D2B436C8-C9AF-4FE2-B881-B8D28228637B}.Release|Any CPU.ActiveCfg = Release|Any CPU
		{D2B436C8-C9AF-4FE2-B881-B8D28228637B}.Release|Any CPU.Build.0 = Release|Any CPU
		{D2B436C8-C9AF-4FE2-B881-B8D28228637B}.Release|x64.ActiveCfg = Release|Any CPU
		{D2B436C8-C9AF-4FE2-B881-B8D28228637B}.Release|x64.Build.0 = Release|Any CPU
		{D2B436C8-C9AF-4FE2-B881-B8D28228637B}.Release|x86.ActiveCfg = Release|Any CPU
		{D2B436C8-C9AF-4FE2-B881-B8D28228637B}.Release|x86.Build.0 = Release|Any CPU
		{6E88F6B5-11CB-485A-9BDF-C622FF837022}.Debug|Any CPU.ActiveCfg = Debug|Any CPU
		{6E88F6B5-11CB-485A-9BDF-C622FF837022}.Debug|Any CPU.Build.0 = Debug|Any CPU
		{6E88F6B5-11CB-485A-9BDF-C622FF837022}.Debug|x64.ActiveCfg = Debug|Any CPU
		{6E88F6B5-11CB-485A-9BDF-C622FF837022}.Debug|x64.Build.0 = Debug|Any CPU
		{6E88F6B5-11CB-485A-9BDF-C622FF837022}.Debug|x86.ActiveCfg = Debug|Any CPU
		{6E88F6B5-11CB-485A-9BDF-C622FF837022}.Debug|x86.Build.0 = Debug|Any CPU
		{6E88F6B5-11CB-485A-9BDF-C622FF837022}.Release|Any CPU.ActiveCfg = Release|Any CPU
		{6E88F6B5-11CB-485A-9BDF-C622FF837022}.Release|Any CPU.Build.0 = Release|Any CPU
		{6E88F6B5-11CB-485A-9BDF-C622FF837022}.Release|x64.ActiveCfg = Release|Any CPU
		{6E88F6B5-11CB-485A-9BDF-C622FF837022}.Release|x64.Build.0 = Release|Any CPU
		{6E88F6B5-11CB-485A-9BDF-C622FF837022}.Release|x86.ActiveCfg = Release|Any CPU
		{6E88F6B5-11CB-485A-9BDF-C622FF837022}.Release|x86.Build.0 = Release|Any CPU
		{C37F054D-37D9-46C0-881C-1EE3C8C77633}.Debug|Any CPU.ActiveCfg = Debug|Any CPU
		{C37F054D-37D9-46C0-881C-1EE3C8C77633}.Debug|Any CPU.Build.0 = Debug|Any CPU
		{C37F054D-37D9-46C0-881C-1EE3C8C77633}.Debug|x64.ActiveCfg = Debug|Any CPU
		{C37F054D-37D9-46C0-881C-1EE3C8C77633}.Debug|x64.Build.0 = Debug|Any CPU
		{C37F054D-37D9-46C0-881C-1EE3C8C77633}.Debug|x86.ActiveCfg = Debug|Any CPU
		{C37F054D-37D9-46C0-881C-1EE3C8C77633}.Debug|x86.Build.0 = Debug|Any CPU
		{C37F054D-37D9-46C0-881C-1EE3C8C77633}.Release|Any CPU.ActiveCfg = Release|Any CPU
		{C37F054D-37D9-46C0-881C-1EE3C8C77633}.Release|Any CPU.Build.0 = Release|Any CPU
		{C37F054D-37D9-46C0-881C-1EE3C8C77633}.Release|x64.ActiveCfg = Release|Any CPU
		{C37F054D-37D9-46C0-881C-1EE3C8C77633}.Release|x64.Build.0 = Release|Any CPU
		{C37F054D-37D9-46C0-881C-1EE3C8C77633}.Release|x86.ActiveCfg = Release|Any CPU
		{C37F054D-37D9-46C0-881C-1EE3C8C77633}.Release|x86.Build.0 = Release|Any CPU
		{7D87AA2B-ED19-47EA-B403-4EDC6B830D4A}.Debug|Any CPU.ActiveCfg = Debug|Any CPU
		{7D87AA2B-ED19-47EA-B403-4EDC6B830D4A}.Debug|Any CPU.Build.0 = Debug|Any CPU
		{7D87AA2B-ED19-47EA-B403-4EDC6B830D4A}.Debug|x64.ActiveCfg = Debug|Any CPU
		{7D87AA2B-ED19-47EA-B403-4EDC6B830D4A}.Debug|x64.Build.0 = Debug|Any CPU
		{7D87AA2B-ED19-47EA-B403-4EDC6B830D4A}.Debug|x86.ActiveCfg = Debug|Any CPU
		{7D87AA2B-ED19-47EA-B403-4EDC6B830D4A}.Debug|x86.Build.0 = Debug|Any CPU
		{7D87AA2B-ED19-47EA-B403-4EDC6B830D4A}.Release|Any CPU.ActiveCfg = Release|Any CPU
		{7D87AA2B-ED19-47EA-B403-4EDC6B830D4A}.Release|Any CPU.Build.0 = Release|Any CPU
		{7D87AA2B-ED19-47EA-B403-4EDC6B830D4A}.Release|x64.ActiveCfg = Release|Any CPU
		{7D87AA2B-ED19-47EA-B403-4EDC6B830D4A}.Release|x64.Build.0 = Release|Any CPU
		{7D87AA2B-ED19-47EA-B403-4EDC6B830D4A}.Release|x86.ActiveCfg = Release|Any CPU
		{7D87AA2B-ED19-47EA-B403-4EDC6B830D4A}.Release|x86.Build.0 = Release|Any CPU
		{6B61EBE5-1133-4EE9-A25A-82C14039C85B}.Debug|Any CPU.ActiveCfg = Debug|Any CPU
		{6B61EBE5-1133-4EE9-A25A-82C14039C85B}.Debug|Any CPU.Build.0 = Debug|Any CPU
		{6B61EBE5-1133-4EE9-A25A-82C14039C85B}.Debug|x64.ActiveCfg = Debug|Any CPU
		{6B61EBE5-1133-4EE9-A25A-82C14039C85B}.Debug|x64.Build.0 = Debug|Any CPU
		{6B61EBE5-1133-4EE9-A25A-82C14039C85B}.Debug|x86.ActiveCfg = Debug|Any CPU
		{6B61EBE5-1133-4EE9-A25A-82C14039C85B}.Debug|x86.Build.0 = Debug|Any CPU
		{6B61EBE5-1133-4EE9-A25A-82C14039C85B}.Release|Any CPU.ActiveCfg = Release|Any CPU
		{6B61EBE5-1133-4EE9-A25A-82C14039C85B}.Release|Any CPU.Build.0 = Release|Any CPU
		{6B61EBE5-1133-4EE9-A25A-82C14039C85B}.Release|x64.ActiveCfg = Release|Any CPU
		{6B61EBE5-1133-4EE9-A25A-82C14039C85B}.Release|x64.Build.0 = Release|Any CPU
		{6B61EBE5-1133-4EE9-A25A-82C14039C85B}.Release|x86.ActiveCfg = Release|Any CPU
		{6B61EBE5-1133-4EE9-A25A-82C14039C85B}.Release|x86.Build.0 = Release|Any CPU
		{DF3A5248-7638-41C8-998A-53112F1ACFA2}.Debug|Any CPU.ActiveCfg = Debug|Any CPU
		{DF3A5248-7638-41C8-998A-53112F1ACFA2}.Debug|Any CPU.Build.0 = Debug|Any CPU
		{DF3A5248-7638-41C8-998A-53112F1ACFA2}.Debug|x64.ActiveCfg = Debug|Any CPU
		{DF3A5248-7638-41C8-998A-53112F1ACFA2}.Debug|x64.Build.0 = Debug|Any CPU
		{DF3A5248-7638-41C8-998A-53112F1ACFA2}.Debug|x86.ActiveCfg = Debug|Any CPU
		{DF3A5248-7638-41C8-998A-53112F1ACFA2}.Debug|x86.Build.0 = Debug|Any CPU
		{DF3A5248-7638-41C8-998A-53112F1ACFA2}.Release|Any CPU.ActiveCfg = Release|Any CPU
		{DF3A5248-7638-41C8-998A-53112F1ACFA2}.Release|Any CPU.Build.0 = Release|Any CPU
		{DF3A5248-7638-41C8-998A-53112F1ACFA2}.Release|x64.ActiveCfg = Release|Any CPU
		{DF3A5248-7638-41C8-998A-53112F1ACFA2}.Release|x64.Build.0 = Release|Any CPU
		{DF3A5248-7638-41C8-998A-53112F1ACFA2}.Release|x86.ActiveCfg = Release|Any CPU
		{DF3A5248-7638-41C8-998A-53112F1ACFA2}.Release|x86.Build.0 = Release|Any CPU
		{28D3AE66-AEFF-4E24-BAD4-5874EF13A329}.Debug|Any CPU.ActiveCfg = Debug|Any CPU
		{28D3AE66-AEFF-4E24-BAD4-5874EF13A329}.Debug|Any CPU.Build.0 = Debug|Any CPU
		{28D3AE66-AEFF-4E24-BAD4-5874EF13A329}.Debug|x64.ActiveCfg = Debug|Any CPU
		{28D3AE66-AEFF-4E24-BAD4-5874EF13A329}.Debug|x64.Build.0 = Debug|Any CPU
		{28D3AE66-AEFF-4E24-BAD4-5874EF13A329}.Debug|x86.ActiveCfg = Debug|Any CPU
		{28D3AE66-AEFF-4E24-BAD4-5874EF13A329}.Debug|x86.Build.0 = Debug|Any CPU
		{28D3AE66-AEFF-4E24-BAD4-5874EF13A329}.Release|Any CPU.ActiveCfg = Release|Any CPU
		{28D3AE66-AEFF-4E24-BAD4-5874EF13A329}.Release|Any CPU.Build.0 = Release|Any CPU
		{28D3AE66-AEFF-4E24-BAD4-5874EF13A329}.Release|x64.ActiveCfg = Release|Any CPU
		{28D3AE66-AEFF-4E24-BAD4-5874EF13A329}.Release|x64.Build.0 = Release|Any CPU
		{28D3AE66-AEFF-4E24-BAD4-5874EF13A329}.Release|x86.ActiveCfg = Release|Any CPU
		{28D3AE66-AEFF-4E24-BAD4-5874EF13A329}.Release|x86.Build.0 = Release|Any CPU
		{92A8D0F1-28DF-40BB-B8BF-B80DB2662E7C}.Debug|Any CPU.ActiveCfg = Debug|Any CPU
		{92A8D0F1-28DF-40BB-B8BF-B80DB2662E7C}.Debug|Any CPU.Build.0 = Debug|Any CPU
		{92A8D0F1-28DF-40BB-B8BF-B80DB2662E7C}.Debug|x64.ActiveCfg = Debug|Any CPU
		{92A8D0F1-28DF-40BB-B8BF-B80DB2662E7C}.Debug|x64.Build.0 = Debug|Any CPU
		{92A8D0F1-28DF-40BB-B8BF-B80DB2662E7C}.Debug|x86.ActiveCfg = Debug|Any CPU
		{92A8D0F1-28DF-40BB-B8BF-B80DB2662E7C}.Debug|x86.Build.0 = Debug|Any CPU
		{92A8D0F1-28DF-40BB-B8BF-B80DB2662E7C}.Release|Any CPU.ActiveCfg = Release|Any CPU
		{92A8D0F1-28DF-40BB-B8BF-B80DB2662E7C}.Release|Any CPU.Build.0 = Release|Any CPU
		{92A8D0F1-28DF-40BB-B8BF-B80DB2662E7C}.Release|x64.ActiveCfg = Release|Any CPU
		{92A8D0F1-28DF-40BB-B8BF-B80DB2662E7C}.Release|x64.Build.0 = Release|Any CPU
		{92A8D0F1-28DF-40BB-B8BF-B80DB2662E7C}.Release|x86.ActiveCfg = Release|Any CPU
		{92A8D0F1-28DF-40BB-B8BF-B80DB2662E7C}.Release|x86.Build.0 = Release|Any CPU
		{62921ECE-B533-4644-8DBF-1CFBFCA5EFC5}.Debug|Any CPU.ActiveCfg = Debug|Any CPU
		{62921ECE-B533-4644-8DBF-1CFBFCA5EFC5}.Debug|Any CPU.Build.0 = Debug|Any CPU
		{62921ECE-B533-4644-8DBF-1CFBFCA5EFC5}.Debug|x64.ActiveCfg = Debug|Any CPU
		{62921ECE-B533-4644-8DBF-1CFBFCA5EFC5}.Debug|x64.Build.0 = Debug|Any CPU
		{62921ECE-B533-4644-8DBF-1CFBFCA5EFC5}.Debug|x86.ActiveCfg = Debug|Any CPU
		{62921ECE-B533-4644-8DBF-1CFBFCA5EFC5}.Debug|x86.Build.0 = Debug|Any CPU
		{62921ECE-B533-4644-8DBF-1CFBFCA5EFC5}.Release|Any CPU.ActiveCfg = Release|Any CPU
		{62921ECE-B533-4644-8DBF-1CFBFCA5EFC5}.Release|Any CPU.Build.0 = Release|Any CPU
		{62921ECE-B533-4644-8DBF-1CFBFCA5EFC5}.Release|x64.ActiveCfg = Release|Any CPU
		{62921ECE-B533-4644-8DBF-1CFBFCA5EFC5}.Release|x64.Build.0 = Release|Any CPU
		{62921ECE-B533-4644-8DBF-1CFBFCA5EFC5}.Release|x86.ActiveCfg = Release|Any CPU
		{62921ECE-B533-4644-8DBF-1CFBFCA5EFC5}.Release|x86.Build.0 = Release|Any CPU
		{F83B7FD0-C28B-4C96-A49C-7EA0E2B579F1}.Debug|Any CPU.ActiveCfg = Debug|Any CPU
		{F83B7FD0-C28B-4C96-A49C-7EA0E2B579F1}.Debug|Any CPU.Build.0 = Debug|Any CPU
		{F83B7FD0-C28B-4C96-A49C-7EA0E2B579F1}.Debug|x64.ActiveCfg = Debug|Any CPU
		{F83B7FD0-C28B-4C96-A49C-7EA0E2B579F1}.Debug|x64.Build.0 = Debug|Any CPU
		{F83B7FD0-C28B-4C96-A49C-7EA0E2B579F1}.Debug|x86.ActiveCfg = Debug|Any CPU
		{F83B7FD0-C28B-4C96-A49C-7EA0E2B579F1}.Debug|x86.Build.0 = Debug|Any CPU
		{F83B7FD0-C28B-4C96-A49C-7EA0E2B579F1}.Release|Any CPU.ActiveCfg = Release|Any CPU
		{F83B7FD0-C28B-4C96-A49C-7EA0E2B579F1}.Release|Any CPU.Build.0 = Release|Any CPU
		{F83B7FD0-C28B-4C96-A49C-7EA0E2B579F1}.Release|x64.ActiveCfg = Release|Any CPU
		{F83B7FD0-C28B-4C96-A49C-7EA0E2B579F1}.Release|x64.Build.0 = Release|Any CPU
		{F83B7FD0-C28B-4C96-A49C-7EA0E2B579F1}.Release|x86.ActiveCfg = Release|Any CPU
		{F83B7FD0-C28B-4C96-A49C-7EA0E2B579F1}.Release|x86.Build.0 = Release|Any CPU
		{831A52CF-75FF-4EAB-BCEC-24547C588009}.Debug|Any CPU.ActiveCfg = Debug|Any CPU
		{831A52CF-75FF-4EAB-BCEC-24547C588009}.Debug|Any CPU.Build.0 = Debug|Any CPU
		{831A52CF-75FF-4EAB-BCEC-24547C588009}.Debug|x64.ActiveCfg = Debug|Any CPU
		{831A52CF-75FF-4EAB-BCEC-24547C588009}.Debug|x64.Build.0 = Debug|Any CPU
		{831A52CF-75FF-4EAB-BCEC-24547C588009}.Debug|x86.ActiveCfg = Debug|Any CPU
		{831A52CF-75FF-4EAB-BCEC-24547C588009}.Debug|x86.Build.0 = Debug|Any CPU
		{831A52CF-75FF-4EAB-BCEC-24547C588009}.Release|Any CPU.ActiveCfg = Release|Any CPU
		{831A52CF-75FF-4EAB-BCEC-24547C588009}.Release|Any CPU.Build.0 = Release|Any CPU
		{831A52CF-75FF-4EAB-BCEC-24547C588009}.Release|x64.ActiveCfg = Release|Any CPU
		{831A52CF-75FF-4EAB-BCEC-24547C588009}.Release|x64.Build.0 = Release|Any CPU
		{831A52CF-75FF-4EAB-BCEC-24547C588009}.Release|x86.ActiveCfg = Release|Any CPU
		{831A52CF-75FF-4EAB-BCEC-24547C588009}.Release|x86.Build.0 = Release|Any CPU
		{2A715511-30EF-4E48-8A4B-AFF923187C24}.Debug|Any CPU.ActiveCfg = Debug|Any CPU
		{2A715511-30EF-4E48-8A4B-AFF923187C24}.Debug|Any CPU.Build.0 = Debug|Any CPU
		{2A715511-30EF-4E48-8A4B-AFF923187C24}.Debug|x64.ActiveCfg = Debug|Any CPU
		{2A715511-30EF-4E48-8A4B-AFF923187C24}.Debug|x64.Build.0 = Debug|Any CPU
		{2A715511-30EF-4E48-8A4B-AFF923187C24}.Debug|x86.ActiveCfg = Debug|Any CPU
		{2A715511-30EF-4E48-8A4B-AFF923187C24}.Debug|x86.Build.0 = Debug|Any CPU
		{2A715511-30EF-4E48-8A4B-AFF923187C24}.Release|Any CPU.ActiveCfg = Release|Any CPU
		{2A715511-30EF-4E48-8A4B-AFF923187C24}.Release|Any CPU.Build.0 = Release|Any CPU
		{2A715511-30EF-4E48-8A4B-AFF923187C24}.Release|x64.ActiveCfg = Release|Any CPU
		{2A715511-30EF-4E48-8A4B-AFF923187C24}.Release|x64.Build.0 = Release|Any CPU
		{2A715511-30EF-4E48-8A4B-AFF923187C24}.Release|x86.ActiveCfg = Release|Any CPU
		{2A715511-30EF-4E48-8A4B-AFF923187C24}.Release|x86.Build.0 = Release|Any CPU
		{6F2AB5E9-8313-4954-9D1C-EDBB772FD276}.Debug|Any CPU.ActiveCfg = Debug|Any CPU
		{6F2AB5E9-8313-4954-9D1C-EDBB772FD276}.Debug|Any CPU.Build.0 = Debug|Any CPU
		{6F2AB5E9-8313-4954-9D1C-EDBB772FD276}.Debug|x64.ActiveCfg = Debug|Any CPU
		{6F2AB5E9-8313-4954-9D1C-EDBB772FD276}.Debug|x64.Build.0 = Debug|Any CPU
		{6F2AB5E9-8313-4954-9D1C-EDBB772FD276}.Debug|x86.ActiveCfg = Debug|Any CPU
		{6F2AB5E9-8313-4954-9D1C-EDBB772FD276}.Debug|x86.Build.0 = Debug|Any CPU
		{6F2AB5E9-8313-4954-9D1C-EDBB772FD276}.Release|Any CPU.ActiveCfg = Release|Any CPU
		{6F2AB5E9-8313-4954-9D1C-EDBB772FD276}.Release|Any CPU.Build.0 = Release|Any CPU
		{6F2AB5E9-8313-4954-9D1C-EDBB772FD276}.Release|x64.ActiveCfg = Release|Any CPU
		{6F2AB5E9-8313-4954-9D1C-EDBB772FD276}.Release|x64.Build.0 = Release|Any CPU
		{6F2AB5E9-8313-4954-9D1C-EDBB772FD276}.Release|x86.ActiveCfg = Release|Any CPU
		{6F2AB5E9-8313-4954-9D1C-EDBB772FD276}.Release|x86.Build.0 = Release|Any CPU
		{F3C001F8-941D-4D47-B0BD-0B5268EBB68F}.Debug|Any CPU.ActiveCfg = Debug|Any CPU
		{F3C001F8-941D-4D47-B0BD-0B5268EBB68F}.Debug|Any CPU.Build.0 = Debug|Any CPU
		{F3C001F8-941D-4D47-B0BD-0B5268EBB68F}.Debug|x64.ActiveCfg = Debug|Any CPU
		{F3C001F8-941D-4D47-B0BD-0B5268EBB68F}.Debug|x64.Build.0 = Debug|Any CPU
		{F3C001F8-941D-4D47-B0BD-0B5268EBB68F}.Debug|x86.ActiveCfg = Debug|Any CPU
		{F3C001F8-941D-4D47-B0BD-0B5268EBB68F}.Debug|x86.Build.0 = Debug|Any CPU
		{F3C001F8-941D-4D47-B0BD-0B5268EBB68F}.Release|Any CPU.ActiveCfg = Release|Any CPU
		{F3C001F8-941D-4D47-B0BD-0B5268EBB68F}.Release|Any CPU.Build.0 = Release|Any CPU
		{F3C001F8-941D-4D47-B0BD-0B5268EBB68F}.Release|x64.ActiveCfg = Release|Any CPU
		{F3C001F8-941D-4D47-B0BD-0B5268EBB68F}.Release|x64.Build.0 = Release|Any CPU
		{F3C001F8-941D-4D47-B0BD-0B5268EBB68F}.Release|x86.ActiveCfg = Release|Any CPU
		{F3C001F8-941D-4D47-B0BD-0B5268EBB68F}.Release|x86.Build.0 = Release|Any CPU
		{D8BE54B0-1ED0-428E-A4A5-93B93A016D51}.Debug|Any CPU.ActiveCfg = Debug|Any CPU
		{D8BE54B0-1ED0-428E-A4A5-93B93A016D51}.Debug|Any CPU.Build.0 = Debug|Any CPU
		{D8BE54B0-1ED0-428E-A4A5-93B93A016D51}.Debug|x64.ActiveCfg = Debug|Any CPU
		{D8BE54B0-1ED0-428E-A4A5-93B93A016D51}.Debug|x64.Build.0 = Debug|Any CPU
		{D8BE54B0-1ED0-428E-A4A5-93B93A016D51}.Debug|x86.ActiveCfg = Debug|Any CPU
		{D8BE54B0-1ED0-428E-A4A5-93B93A016D51}.Debug|x86.Build.0 = Debug|Any CPU
		{D8BE54B0-1ED0-428E-A4A5-93B93A016D51}.Release|Any CPU.ActiveCfg = Release|Any CPU
		{D8BE54B0-1ED0-428E-A4A5-93B93A016D51}.Release|Any CPU.Build.0 = Release|Any CPU
		{D8BE54B0-1ED0-428E-A4A5-93B93A016D51}.Release|x64.ActiveCfg = Release|Any CPU
		{D8BE54B0-1ED0-428E-A4A5-93B93A016D51}.Release|x64.Build.0 = Release|Any CPU
		{D8BE54B0-1ED0-428E-A4A5-93B93A016D51}.Release|x86.ActiveCfg = Release|Any CPU
		{D8BE54B0-1ED0-428E-A4A5-93B93A016D51}.Release|x86.Build.0 = Release|Any CPU
		{2E72183F-B2D1-4F43-8396-377AA1950078}.Debug|Any CPU.ActiveCfg = Debug|Any CPU
		{2E72183F-B2D1-4F43-8396-377AA1950078}.Debug|Any CPU.Build.0 = Debug|Any CPU
		{2E72183F-B2D1-4F43-8396-377AA1950078}.Debug|x64.ActiveCfg = Debug|Any CPU
		{2E72183F-B2D1-4F43-8396-377AA1950078}.Debug|x64.Build.0 = Debug|Any CPU
		{2E72183F-B2D1-4F43-8396-377AA1950078}.Debug|x86.ActiveCfg = Debug|Any CPU
		{2E72183F-B2D1-4F43-8396-377AA1950078}.Debug|x86.Build.0 = Debug|Any CPU
		{2E72183F-B2D1-4F43-8396-377AA1950078}.Release|Any CPU.ActiveCfg = Release|Any CPU
		{2E72183F-B2D1-4F43-8396-377AA1950078}.Release|Any CPU.Build.0 = Release|Any CPU
		{2E72183F-B2D1-4F43-8396-377AA1950078}.Release|x64.ActiveCfg = Release|Any CPU
		{2E72183F-B2D1-4F43-8396-377AA1950078}.Release|x64.Build.0 = Release|Any CPU
		{2E72183F-B2D1-4F43-8396-377AA1950078}.Release|x86.ActiveCfg = Release|Any CPU
		{2E72183F-B2D1-4F43-8396-377AA1950078}.Release|x86.Build.0 = Release|Any CPU
		{59746F56-A820-4DD3-8140-8AB4AA135B28}.Debug|Any CPU.ActiveCfg = Debug|Any CPU
		{59746F56-A820-4DD3-8140-8AB4AA135B28}.Debug|Any CPU.Build.0 = Debug|Any CPU
		{59746F56-A820-4DD3-8140-8AB4AA135B28}.Debug|x64.ActiveCfg = Debug|Any CPU
		{59746F56-A820-4DD3-8140-8AB4AA135B28}.Debug|x64.Build.0 = Debug|Any CPU
		{59746F56-A820-4DD3-8140-8AB4AA135B28}.Debug|x86.ActiveCfg = Debug|Any CPU
		{59746F56-A820-4DD3-8140-8AB4AA135B28}.Debug|x86.Build.0 = Debug|Any CPU
		{59746F56-A820-4DD3-8140-8AB4AA135B28}.Release|Any CPU.ActiveCfg = Release|Any CPU
		{59746F56-A820-4DD3-8140-8AB4AA135B28}.Release|Any CPU.Build.0 = Release|Any CPU
		{59746F56-A820-4DD3-8140-8AB4AA135B28}.Release|x64.ActiveCfg = Release|Any CPU
		{59746F56-A820-4DD3-8140-8AB4AA135B28}.Release|x64.Build.0 = Release|Any CPU
		{59746F56-A820-4DD3-8140-8AB4AA135B28}.Release|x86.ActiveCfg = Release|Any CPU
		{59746F56-A820-4DD3-8140-8AB4AA135B28}.Release|x86.Build.0 = Release|Any CPU
		{F2CFC053-2CFC-41F4-8FCC-2887E4757E87}.Debug|Any CPU.ActiveCfg = Debug|Any CPU
		{F2CFC053-2CFC-41F4-8FCC-2887E4757E87}.Debug|Any CPU.Build.0 = Debug|Any CPU
		{F2CFC053-2CFC-41F4-8FCC-2887E4757E87}.Debug|x64.ActiveCfg = Debug|Any CPU
		{F2CFC053-2CFC-41F4-8FCC-2887E4757E87}.Debug|x64.Build.0 = Debug|Any CPU
		{F2CFC053-2CFC-41F4-8FCC-2887E4757E87}.Debug|x86.ActiveCfg = Debug|Any CPU
		{F2CFC053-2CFC-41F4-8FCC-2887E4757E87}.Debug|x86.Build.0 = Debug|Any CPU
		{F2CFC053-2CFC-41F4-8FCC-2887E4757E87}.Release|Any CPU.ActiveCfg = Release|Any CPU
		{F2CFC053-2CFC-41F4-8FCC-2887E4757E87}.Release|Any CPU.Build.0 = Release|Any CPU
		{F2CFC053-2CFC-41F4-8FCC-2887E4757E87}.Release|x64.ActiveCfg = Release|Any CPU
		{F2CFC053-2CFC-41F4-8FCC-2887E4757E87}.Release|x64.Build.0 = Release|Any CPU
		{F2CFC053-2CFC-41F4-8FCC-2887E4757E87}.Release|x86.ActiveCfg = Release|Any CPU
		{F2CFC053-2CFC-41F4-8FCC-2887E4757E87}.Release|x86.Build.0 = Release|Any CPU
		{5272C603-5EFF-4248-BB3D-563D05B48185}.Debug|Any CPU.ActiveCfg = Debug|Any CPU
		{5272C603-5EFF-4248-BB3D-563D05B48185}.Debug|Any CPU.Build.0 = Debug|Any CPU
		{5272C603-5EFF-4248-BB3D-563D05B48185}.Debug|x64.ActiveCfg = Debug|Any CPU
		{5272C603-5EFF-4248-BB3D-563D05B48185}.Debug|x64.Build.0 = Debug|Any CPU
		{5272C603-5EFF-4248-BB3D-563D05B48185}.Debug|x86.ActiveCfg = Debug|Any CPU
		{5272C603-5EFF-4248-BB3D-563D05B48185}.Debug|x86.Build.0 = Debug|Any CPU
		{5272C603-5EFF-4248-BB3D-563D05B48185}.Release|Any CPU.ActiveCfg = Release|Any CPU
		{5272C603-5EFF-4248-BB3D-563D05B48185}.Release|Any CPU.Build.0 = Release|Any CPU
		{5272C603-5EFF-4248-BB3D-563D05B48185}.Release|x64.ActiveCfg = Release|Any CPU
		{5272C603-5EFF-4248-BB3D-563D05B48185}.Release|x64.Build.0 = Release|Any CPU
		{5272C603-5EFF-4248-BB3D-563D05B48185}.Release|x86.ActiveCfg = Release|Any CPU
		{5272C603-5EFF-4248-BB3D-563D05B48185}.Release|x86.Build.0 = Release|Any CPU
		{BC054AA3-2DD3-4657-B27B-6C2126803106}.Debug|Any CPU.ActiveCfg = Debug|Any CPU
		{BC054AA3-2DD3-4657-B27B-6C2126803106}.Debug|Any CPU.Build.0 = Debug|Any CPU
		{BC054AA3-2DD3-4657-B27B-6C2126803106}.Debug|x64.ActiveCfg = Debug|Any CPU
		{BC054AA3-2DD3-4657-B27B-6C2126803106}.Debug|x64.Build.0 = Debug|Any CPU
		{BC054AA3-2DD3-4657-B27B-6C2126803106}.Debug|x86.ActiveCfg = Debug|Any CPU
		{BC054AA3-2DD3-4657-B27B-6C2126803106}.Debug|x86.Build.0 = Debug|Any CPU
		{BC054AA3-2DD3-4657-B27B-6C2126803106}.Release|Any CPU.ActiveCfg = Release|Any CPU
		{BC054AA3-2DD3-4657-B27B-6C2126803106}.Release|Any CPU.Build.0 = Release|Any CPU
		{BC054AA3-2DD3-4657-B27B-6C2126803106}.Release|x64.ActiveCfg = Release|Any CPU
		{BC054AA3-2DD3-4657-B27B-6C2126803106}.Release|x64.Build.0 = Release|Any CPU
		{BC054AA3-2DD3-4657-B27B-6C2126803106}.Release|x86.ActiveCfg = Release|Any CPU
		{BC054AA3-2DD3-4657-B27B-6C2126803106}.Release|x86.Build.0 = Release|Any CPU
	EndGlobalSection
	GlobalSection(SolutionProperties) = preSolution
		HideSolutionNode = FALSE
	EndGlobalSection
	GlobalSection(NestedProjects) = preSolution
		{8161DAA9-A01F-4C71-BB12-4EB918869DBC} = {AB9540D3-A429-4238-8BB2-5D0114ED012E}
		{D4553E8A-C694-4EBD-BA3C-0444A1D0C1EF} = {AB9540D3-A429-4238-8BB2-5D0114ED012E}
		{E1D2D69D-E03D-4FD7-8E4F-0FC95B68F0DD} = {AB9540D3-A429-4238-8BB2-5D0114ED012E}
		{892CBE15-9ED7-4540-81FA-0EAABA592138} = {4C80DEF4-45DA-49FD-A732-0D686DC648EE}
		{F3EAB0F7-63D3-4412-87DF-F4BDEF3E00EB} = {28CF366A-EC87-4079-9FA6-1385A028E1C2}
		{A123CF7F-B37A-431C-93C3-89D77E0374A2} = {28CF366A-EC87-4079-9FA6-1385A028E1C2}
		{3C03A41C-BE4C-40A8-97D5-5DBAC0C34102} = {F3EAB0F7-63D3-4412-87DF-F4BDEF3E00EB}
		{05FA2F21-D4DE-4F42-8D8F-AC79993394F6} = {F3EAB0F7-63D3-4412-87DF-F4BDEF3E00EB}
		{35679A04-DB61-4430-AD3F-65C2C2A53391} = {A123CF7F-B37A-431C-93C3-89D77E0374A2}
		{3DD11384-2CC1-4EE9-9F4A-02B6FE8759C0} = {A123CF7F-B37A-431C-93C3-89D77E0374A2}
		{0DFE09A6-2A5D-4C50-BC03-FCC6FFE93B9A} = {28CF366A-EC87-4079-9FA6-1385A028E1C2}
		{C348D8C1-43B0-423C-A70A-374D54510830} = {28CF366A-EC87-4079-9FA6-1385A028E1C2}
		{274DCAF7-5FDD-46A0-97E2-91DBCA365381} = {28CF366A-EC87-4079-9FA6-1385A028E1C2}
		{681EE228-E690-4D41-8E1A-306362901EF4} = {28CF366A-EC87-4079-9FA6-1385A028E1C2}
		{DB770671-ECE8-4978-A992-E0D4D44F8FC8} = {681EE228-E690-4D41-8E1A-306362901EF4}
		{048D591B-F46C-49CF-B455-AE21DB97F419} = {65CC209D-49E2-456A-AD48-31494D75658C}
		{AA207779-062F-4502-AB4B-10B2D99457BA} = {65CC209D-49E2-456A-AD48-31494D75658C}
		{D2B436C8-C9AF-4FE2-B881-B8D28228637B} = {65CC209D-49E2-456A-AD48-31494D75658C}
		{6E88F6B5-11CB-485A-9BDF-C622FF837022} = {F47B4360-F4CF-424E-A85E-623A1D2F297B}
		{C37F054D-37D9-46C0-881C-1EE3C8C77633} = {F47B4360-F4CF-424E-A85E-623A1D2F297B}
		{7D87AA2B-ED19-47EA-B403-4EDC6B830D4A} = {F47B4360-F4CF-424E-A85E-623A1D2F297B}
		{6B61EBE5-1133-4EE9-A25A-82C14039C85B} = {F47B4360-F4CF-424E-A85E-623A1D2F297B}
		{DF3A5248-7638-41C8-998A-53112F1ACFA2} = {F47B4360-F4CF-424E-A85E-623A1D2F297B}
		{28D3AE66-AEFF-4E24-BAD4-5874EF13A329} = {D0EA7ECA-40CA-454D-B4D3-609CD3915FBD}
		{92A8D0F1-28DF-40BB-B8BF-B80DB2662E7C} = {D0EA7ECA-40CA-454D-B4D3-609CD3915FBD}
		{62921ECE-B533-4644-8DBF-1CFBFCA5EFC5} = {D0EA7ECA-40CA-454D-B4D3-609CD3915FBD}
		{F83B7FD0-C28B-4C96-A49C-7EA0E2B579F1} = {AB9540D3-A429-4238-8BB2-5D0114ED012E}
		{831A52CF-75FF-4EAB-BCEC-24547C588009} = {AB9540D3-A429-4238-8BB2-5D0114ED012E}
		{2A715511-30EF-4E48-8A4B-AFF923187C24} = {AB9540D3-A429-4238-8BB2-5D0114ED012E}
		{6F2AB5E9-8313-4954-9D1C-EDBB772FD276} = {9DB302A8-78A0-459E-99DD-FE5E80E93E24}
		{F3C001F8-941D-4D47-B0BD-0B5268EBB68F} = {9DB302A8-78A0-459E-99DD-FE5E80E93E24}
		{D8BE54B0-1ED0-428E-A4A5-93B93A016D51} = {AB9540D3-A429-4238-8BB2-5D0114ED012E}
		{2E72183F-B2D1-4F43-8396-377AA1950078} = {AB9540D3-A429-4238-8BB2-5D0114ED012E}
		{59746F56-A820-4DD3-8140-8AB4AA135B28} = {9DB302A8-78A0-459E-99DD-FE5E80E93E24}
		{F2CFC053-2CFC-41F4-8FCC-2887E4757E87} = {9DB302A8-78A0-459E-99DD-FE5E80E93E24}
		{5272C603-5EFF-4248-BB3D-563D05B48185} = {9DB302A8-78A0-459E-99DD-FE5E80E93E24}
		{BC054AA3-2DD3-4657-B27B-6C2126803106} = {9DB302A8-78A0-459E-99DD-FE5E80E93E24}
	EndGlobalSection
	GlobalSection(ExtensibilityGlobals) = postSolution
		SolutionGuid = {28760A05-312F-4AA5-9831-305EE698F2F1}
	EndGlobalSection
EndGlobal
