
Microsoft Visual Studio Solution File, Format Version 12.00
# Visual Studio Version 16
VisualStudioVersion = 16.0.29920.165
MinimumVisualStudioVersion = 10.0.40219.1
Project("{A07B5EB6-E848-4116-A8D0-A826331D98C6}") = "OMS.Cloud", "OMS.Cloud\OMS.Cloud.sfproj", "{7B09BC19-BD7B-484D-82C4-0A4326EB6777}"
EndProject
Project("{FAE04EC0-301F-11D3-BF4B-00C04F79EFBC}") = "SCADA.ModelProviderService", "SCADA\ModelProvider\SCADA.ModelProviderService\SCADA.ModelProviderService.csproj", "{DE385DE4-96A1-4CB0-A853-56425EC534D6}"
EndProject
Project("{2150E333-8FDC-42A3-9474-1A3956D46DE8}") = "SCADA", "SCADA", "{59D60414-B0FB-4A6E-8CEE-A6FC387A5A53}"
EndProject
Project("{2150E333-8FDC-42A3-9474-1A3956D46DE8}") = "ModelProvider", "ModelProvider", "{7832FB84-700F-4A9A-89E5-4BD9F38EDCD8}"
EndProject
Project("{2150E333-8FDC-42A3-9474-1A3956D46DE8}") = "Acquisition", "Acquisition", "{0F674328-FA69-4F6C-AB70-9D8B01EC83DB}"
EndProject
Project("{2150E333-8FDC-42A3-9474-1A3956D46DE8}") = "FunctionExecutior", "FunctionExecutior", "{039B8809-03A5-4783-9C2E-FC53C884B9AD}"
EndProject
Project("{FAE04EC0-301F-11D3-BF4B-00C04F79EFBC}") = "SCADA.ModelProviderImplementation", "SCADA\ModelProvider\SCADA.ModelProviderImplementation\SCADA.ModelProviderImplementation.csproj", "{01D58FA3-7E45-4310-8C89-2F0226F4A0D6}"
EndProject
Project("{FAE04EC0-301F-11D3-BF4B-00C04F79EFBC}") = "SCADA.FunctionExecutorImplementation", "SCADA\FunctionExecutor\SCADA.FunctionExecutorImplementation\SCADA.FunctionExecutorImplementation.csproj", "{63E5FB17-6A61-4110-8266-02D5F5E35822}"
EndProject
Project("{FAE04EC0-301F-11D3-BF4B-00C04F79EFBC}") = "SCADA.AcquisitionImplementation", "SCADA\Acquisition\SCADA.AcquisitionImplementation\SCADA.AcquisitionImplementation.csproj", "{70268375-6F86-40F2-9D9B-0A5E18D870D0}"
EndProject
Project("{FAE04EC0-301F-11D3-BF4B-00C04F79EFBC}") = "SCADA.FunctionExecutorService", "SCADA\FunctionExecutor\SCADA.FunctionExecutorService\SCADA.FunctionExecutorService.csproj", "{2088AB3A-612C-4495-A745-D032D121ABC2}"
EndProject
Project("{2150E333-8FDC-42A3-9474-1A3956D46DE8}") = "Common", "Common", "{1273566C-3127-47ED-987F-48FE148D53F9}"
EndProject
Project("{FAE04EC0-301F-11D3-BF4B-00C04F79EFBC}") = "Common", "..\OutageManagementSystem\Common\Common.csproj", "{892CBE15-9ED7-4540-81FA-0EAABA592138}"
EndProject
Project("{2150E333-8FDC-42A3-9474-1A3956D46DE8}") = "Contracts", "Contracts", "{34A9CA67-9D17-4AD5-B259-B1D60BACBF17}"
EndProject
Project("{FAE04EC0-301F-11D3-BF4B-00C04F79EFBC}") = "Common.DistributedTransactionContracts", "Common\Contracts\Common.DistributedTransactionContracts\Common.DistributedTransactionContracts.csproj", "{A07D94C2-40EF-48DB-B828-7E53E7F5A372}"
EndProject
Project("{FAE04EC0-301F-11D3-BF4B-00C04F79EFBC}") = "Common.NmsContracts", "Common\Contracts\Common.NmsContracts\Common.NmsContracts.csproj", "{235804A8-9C8F-40EC-8786-5DAB24733977}"
EndProject
Project("{FAE04EC0-301F-11D3-BF4B-00C04F79EFBC}") = "Common.ScadaContracts", "Common\Contracts\Common.ScadaContracts\Common.ScadaContracts.csproj", "{5F25D9C5-9A93-49E7-92F7-58E399AEF928}"
EndProject
Project("{FAE04EC0-301F-11D3-BF4B-00C04F79EFBC}") = "Common.Cloud", "Common\Common.Cloud\Common.Cloud.csproj", "{FBEE1369-0F6C-41E6-8C62-8C1C5CDBB602}"
EndProject
Project("{FAE04EC0-301F-11D3-BF4B-00C04F79EFBC}") = "Common.SCADA", "Common\Common.SCADA\Common.SCADA.csproj", "{6A84DB56-920C-4FC1-9CB0-9C29D0FC1586}"
EndProject
Project("{FAE04EC0-301F-11D3-BF4B-00C04F79EFBC}") = "Common.NMS", "Common\Common.NMS\Common.NMS.csproj", "{E07DFE6A-8C18-460A-8DD4-47A3320223D7}"
EndProject
Project("{FAE04EC0-301F-11D3-BF4B-00C04F79EFBC}") = "SCADA.ModbusFunctions", "SCADA\FunctionExecutor\SCADA.ModbusFunctions\SCADA.ModbusFunctions.csproj", "{C28AD7E4-881E-45AB-987F-5834A0D3CAAB}"
EndProject
Global
	GlobalSection(SolutionConfigurationPlatforms) = preSolution
		Debug|Any CPU = Debug|Any CPU
		Debug|x64 = Debug|x64
		Debug|x86 = Debug|x86
		Release|Any CPU = Release|Any CPU
		Release|x64 = Release|x64
		Release|x86 = Release|x86
	EndGlobalSection
	GlobalSection(ProjectConfigurationPlatforms) = postSolution
		{7B09BC19-BD7B-484D-82C4-0A4326EB6777}.Debug|Any CPU.ActiveCfg = Debug|x64
		{7B09BC19-BD7B-484D-82C4-0A4326EB6777}.Debug|x64.ActiveCfg = Debug|x64
		{7B09BC19-BD7B-484D-82C4-0A4326EB6777}.Debug|x64.Build.0 = Debug|x64
		{7B09BC19-BD7B-484D-82C4-0A4326EB6777}.Debug|x64.Deploy.0 = Debug|x64
		{7B09BC19-BD7B-484D-82C4-0A4326EB6777}.Debug|x86.ActiveCfg = Debug|x64
		{7B09BC19-BD7B-484D-82C4-0A4326EB6777}.Release|Any CPU.ActiveCfg = Release|x64
		{7B09BC19-BD7B-484D-82C4-0A4326EB6777}.Release|x64.ActiveCfg = Release|x64
		{7B09BC19-BD7B-484D-82C4-0A4326EB6777}.Release|x64.Build.0 = Release|x64
		{7B09BC19-BD7B-484D-82C4-0A4326EB6777}.Release|x64.Deploy.0 = Release|x64
		{7B09BC19-BD7B-484D-82C4-0A4326EB6777}.Release|x86.ActiveCfg = Release|x64
		{DE385DE4-96A1-4CB0-A853-56425EC534D6}.Debug|Any CPU.ActiveCfg = Debug|x64
		{DE385DE4-96A1-4CB0-A853-56425EC534D6}.Debug|x64.ActiveCfg = Debug|x64
		{DE385DE4-96A1-4CB0-A853-56425EC534D6}.Debug|x64.Build.0 = Debug|x64
		{DE385DE4-96A1-4CB0-A853-56425EC534D6}.Debug|x86.ActiveCfg = Debug|x64
		{DE385DE4-96A1-4CB0-A853-56425EC534D6}.Release|Any CPU.ActiveCfg = Release|x64
		{DE385DE4-96A1-4CB0-A853-56425EC534D6}.Release|x64.ActiveCfg = Release|x64
		{DE385DE4-96A1-4CB0-A853-56425EC534D6}.Release|x64.Build.0 = Release|x64
		{DE385DE4-96A1-4CB0-A853-56425EC534D6}.Release|x86.ActiveCfg = Release|x64
		{01D58FA3-7E45-4310-8C89-2F0226F4A0D6}.Debug|Any CPU.ActiveCfg = Debug|Any CPU
		{01D58FA3-7E45-4310-8C89-2F0226F4A0D6}.Debug|Any CPU.Build.0 = Debug|Any CPU
		{01D58FA3-7E45-4310-8C89-2F0226F4A0D6}.Debug|x64.ActiveCfg = Debug|Any CPU
		{01D58FA3-7E45-4310-8C89-2F0226F4A0D6}.Debug|x64.Build.0 = Debug|Any CPU
		{01D58FA3-7E45-4310-8C89-2F0226F4A0D6}.Debug|x86.ActiveCfg = Debug|Any CPU
		{01D58FA3-7E45-4310-8C89-2F0226F4A0D6}.Debug|x86.Build.0 = Debug|Any CPU
		{01D58FA3-7E45-4310-8C89-2F0226F4A0D6}.Release|Any CPU.ActiveCfg = Release|Any CPU
		{01D58FA3-7E45-4310-8C89-2F0226F4A0D6}.Release|Any CPU.Build.0 = Release|Any CPU
		{01D58FA3-7E45-4310-8C89-2F0226F4A0D6}.Release|x64.ActiveCfg = Release|Any CPU
		{01D58FA3-7E45-4310-8C89-2F0226F4A0D6}.Release|x64.Build.0 = Release|Any CPU
		{01D58FA3-7E45-4310-8C89-2F0226F4A0D6}.Release|x86.ActiveCfg = Release|Any CPU
		{01D58FA3-7E45-4310-8C89-2F0226F4A0D6}.Release|x86.Build.0 = Release|Any CPU
		{63E5FB17-6A61-4110-8266-02D5F5E35822}.Debug|Any CPU.ActiveCfg = Debug|Any CPU
		{63E5FB17-6A61-4110-8266-02D5F5E35822}.Debug|Any CPU.Build.0 = Debug|Any CPU
		{63E5FB17-6A61-4110-8266-02D5F5E35822}.Debug|x64.ActiveCfg = Debug|Any CPU
		{63E5FB17-6A61-4110-8266-02D5F5E35822}.Debug|x64.Build.0 = Debug|Any CPU
		{63E5FB17-6A61-4110-8266-02D5F5E35822}.Debug|x86.ActiveCfg = Debug|Any CPU
		{63E5FB17-6A61-4110-8266-02D5F5E35822}.Debug|x86.Build.0 = Debug|Any CPU
		{63E5FB17-6A61-4110-8266-02D5F5E35822}.Release|Any CPU.ActiveCfg = Release|Any CPU
		{63E5FB17-6A61-4110-8266-02D5F5E35822}.Release|Any CPU.Build.0 = Release|Any CPU
		{63E5FB17-6A61-4110-8266-02D5F5E35822}.Release|x64.ActiveCfg = Release|Any CPU
		{63E5FB17-6A61-4110-8266-02D5F5E35822}.Release|x64.Build.0 = Release|Any CPU
		{63E5FB17-6A61-4110-8266-02D5F5E35822}.Release|x86.ActiveCfg = Release|Any CPU
		{63E5FB17-6A61-4110-8266-02D5F5E35822}.Release|x86.Build.0 = Release|Any CPU
		{70268375-6F86-40F2-9D9B-0A5E18D870D0}.Debug|Any CPU.ActiveCfg = Debug|Any CPU
		{70268375-6F86-40F2-9D9B-0A5E18D870D0}.Debug|Any CPU.Build.0 = Debug|Any CPU
		{70268375-6F86-40F2-9D9B-0A5E18D870D0}.Debug|x64.ActiveCfg = Debug|Any CPU
		{70268375-6F86-40F2-9D9B-0A5E18D870D0}.Debug|x64.Build.0 = Debug|Any CPU
		{70268375-6F86-40F2-9D9B-0A5E18D870D0}.Debug|x86.ActiveCfg = Debug|Any CPU
		{70268375-6F86-40F2-9D9B-0A5E18D870D0}.Debug|x86.Build.0 = Debug|Any CPU
		{70268375-6F86-40F2-9D9B-0A5E18D870D0}.Release|Any CPU.ActiveCfg = Release|Any CPU
		{70268375-6F86-40F2-9D9B-0A5E18D870D0}.Release|Any CPU.Build.0 = Release|Any CPU
		{70268375-6F86-40F2-9D9B-0A5E18D870D0}.Release|x64.ActiveCfg = Release|Any CPU
		{70268375-6F86-40F2-9D9B-0A5E18D870D0}.Release|x64.Build.0 = Release|Any CPU
		{70268375-6F86-40F2-9D9B-0A5E18D870D0}.Release|x86.ActiveCfg = Release|Any CPU
		{70268375-6F86-40F2-9D9B-0A5E18D870D0}.Release|x86.Build.0 = Release|Any CPU
		{2088AB3A-612C-4495-A745-D032D121ABC2}.Debug|Any CPU.ActiveCfg = Debug|x64
		{2088AB3A-612C-4495-A745-D032D121ABC2}.Debug|x64.ActiveCfg = Debug|x64
		{2088AB3A-612C-4495-A745-D032D121ABC2}.Debug|x64.Build.0 = Debug|x64
		{2088AB3A-612C-4495-A745-D032D121ABC2}.Debug|x86.ActiveCfg = Debug|x64
		{2088AB3A-612C-4495-A745-D032D121ABC2}.Release|Any CPU.ActiveCfg = Release|x64
		{2088AB3A-612C-4495-A745-D032D121ABC2}.Release|x64.ActiveCfg = Release|x64
		{2088AB3A-612C-4495-A745-D032D121ABC2}.Release|x64.Build.0 = Release|x64
		{2088AB3A-612C-4495-A745-D032D121ABC2}.Release|x86.ActiveCfg = Release|x64
		{892CBE15-9ED7-4540-81FA-0EAABA592138}.Debug|Any CPU.ActiveCfg = Debug|x86
		{892CBE15-9ED7-4540-81FA-0EAABA592138}.Debug|x64.ActiveCfg = Debug|x64
		{892CBE15-9ED7-4540-81FA-0EAABA592138}.Debug|x64.Build.0 = Debug|x64
		{892CBE15-9ED7-4540-81FA-0EAABA592138}.Debug|x86.ActiveCfg = Debug|x86
		{892CBE15-9ED7-4540-81FA-0EAABA592138}.Debug|x86.Build.0 = Debug|x86
		{892CBE15-9ED7-4540-81FA-0EAABA592138}.Release|Any CPU.ActiveCfg = Release|x86
		{892CBE15-9ED7-4540-81FA-0EAABA592138}.Release|x64.ActiveCfg = Release|x64
		{892CBE15-9ED7-4540-81FA-0EAABA592138}.Release|x64.Build.0 = Release|x64
		{892CBE15-9ED7-4540-81FA-0EAABA592138}.Release|x86.ActiveCfg = Release|x86
		{892CBE15-9ED7-4540-81FA-0EAABA592138}.Release|x86.Build.0 = Release|x86
		{A07D94C2-40EF-48DB-B828-7E53E7F5A372}.Debug|Any CPU.ActiveCfg = Debug|Any CPU
		{A07D94C2-40EF-48DB-B828-7E53E7F5A372}.Debug|Any CPU.Build.0 = Debug|Any CPU
		{A07D94C2-40EF-48DB-B828-7E53E7F5A372}.Debug|x64.ActiveCfg = Debug|Any CPU
		{A07D94C2-40EF-48DB-B828-7E53E7F5A372}.Debug|x64.Build.0 = Debug|Any CPU
		{A07D94C2-40EF-48DB-B828-7E53E7F5A372}.Debug|x86.ActiveCfg = Debug|Any CPU
		{A07D94C2-40EF-48DB-B828-7E53E7F5A372}.Debug|x86.Build.0 = Debug|Any CPU
		{A07D94C2-40EF-48DB-B828-7E53E7F5A372}.Release|Any CPU.ActiveCfg = Release|Any CPU
		{A07D94C2-40EF-48DB-B828-7E53E7F5A372}.Release|Any CPU.Build.0 = Release|Any CPU
		{A07D94C2-40EF-48DB-B828-7E53E7F5A372}.Release|x64.ActiveCfg = Release|Any CPU
		{A07D94C2-40EF-48DB-B828-7E53E7F5A372}.Release|x64.Build.0 = Release|Any CPU
		{A07D94C2-40EF-48DB-B828-7E53E7F5A372}.Release|x86.ActiveCfg = Release|Any CPU
		{A07D94C2-40EF-48DB-B828-7E53E7F5A372}.Release|x86.Build.0 = Release|Any CPU
		{235804A8-9C8F-40EC-8786-5DAB24733977}.Debug|Any CPU.ActiveCfg = Debug|Any CPU
		{235804A8-9C8F-40EC-8786-5DAB24733977}.Debug|Any CPU.Build.0 = Debug|Any CPU
		{235804A8-9C8F-40EC-8786-5DAB24733977}.Debug|x64.ActiveCfg = Debug|Any CPU
		{235804A8-9C8F-40EC-8786-5DAB24733977}.Debug|x64.Build.0 = Debug|Any CPU
		{235804A8-9C8F-40EC-8786-5DAB24733977}.Debug|x86.ActiveCfg = Debug|Any CPU
		{235804A8-9C8F-40EC-8786-5DAB24733977}.Debug|x86.Build.0 = Debug|Any CPU
		{235804A8-9C8F-40EC-8786-5DAB24733977}.Release|Any CPU.ActiveCfg = Release|Any CPU
		{235804A8-9C8F-40EC-8786-5DAB24733977}.Release|Any CPU.Build.0 = Release|Any CPU
		{235804A8-9C8F-40EC-8786-5DAB24733977}.Release|x64.ActiveCfg = Release|Any CPU
		{235804A8-9C8F-40EC-8786-5DAB24733977}.Release|x64.Build.0 = Release|Any CPU
		{235804A8-9C8F-40EC-8786-5DAB24733977}.Release|x86.ActiveCfg = Release|Any CPU
		{235804A8-9C8F-40EC-8786-5DAB24733977}.Release|x86.Build.0 = Release|Any CPU
		{5F25D9C5-9A93-49E7-92F7-58E399AEF928}.Debug|Any CPU.ActiveCfg = Debug|Any CPU
		{5F25D9C5-9A93-49E7-92F7-58E399AEF928}.Debug|Any CPU.Build.0 = Debug|Any CPU
		{5F25D9C5-9A93-49E7-92F7-58E399AEF928}.Debug|x64.ActiveCfg = Debug|Any CPU
		{5F25D9C5-9A93-49E7-92F7-58E399AEF928}.Debug|x64.Build.0 = Debug|Any CPU
		{5F25D9C5-9A93-49E7-92F7-58E399AEF928}.Debug|x86.ActiveCfg = Debug|Any CPU
		{5F25D9C5-9A93-49E7-92F7-58E399AEF928}.Debug|x86.Build.0 = Debug|Any CPU
		{5F25D9C5-9A93-49E7-92F7-58E399AEF928}.Release|Any CPU.ActiveCfg = Release|Any CPU
		{5F25D9C5-9A93-49E7-92F7-58E399AEF928}.Release|Any CPU.Build.0 = Release|Any CPU
		{5F25D9C5-9A93-49E7-92F7-58E399AEF928}.Release|x64.ActiveCfg = Release|Any CPU
		{5F25D9C5-9A93-49E7-92F7-58E399AEF928}.Release|x64.Build.0 = Release|Any CPU
		{5F25D9C5-9A93-49E7-92F7-58E399AEF928}.Release|x86.ActiveCfg = Release|Any CPU
		{5F25D9C5-9A93-49E7-92F7-58E399AEF928}.Release|x86.Build.0 = Release|Any CPU
		{FBEE1369-0F6C-41E6-8C62-8C1C5CDBB602}.Debug|Any CPU.ActiveCfg = Debug|Any CPU
		{FBEE1369-0F6C-41E6-8C62-8C1C5CDBB602}.Debug|Any CPU.Build.0 = Debug|Any CPU
		{FBEE1369-0F6C-41E6-8C62-8C1C5CDBB602}.Debug|x64.ActiveCfg = Debug|Any CPU
		{FBEE1369-0F6C-41E6-8C62-8C1C5CDBB602}.Debug|x64.Build.0 = Debug|Any CPU
		{FBEE1369-0F6C-41E6-8C62-8C1C5CDBB602}.Debug|x86.ActiveCfg = Debug|Any CPU
		{FBEE1369-0F6C-41E6-8C62-8C1C5CDBB602}.Debug|x86.Build.0 = Debug|Any CPU
		{FBEE1369-0F6C-41E6-8C62-8C1C5CDBB602}.Release|Any CPU.ActiveCfg = Release|Any CPU
		{FBEE1369-0F6C-41E6-8C62-8C1C5CDBB602}.Release|Any CPU.Build.0 = Release|Any CPU
		{FBEE1369-0F6C-41E6-8C62-8C1C5CDBB602}.Release|x64.ActiveCfg = Release|Any CPU
		{FBEE1369-0F6C-41E6-8C62-8C1C5CDBB602}.Release|x64.Build.0 = Release|Any CPU
		{FBEE1369-0F6C-41E6-8C62-8C1C5CDBB602}.Release|x86.ActiveCfg = Release|Any CPU
		{FBEE1369-0F6C-41E6-8C62-8C1C5CDBB602}.Release|x86.Build.0 = Release|Any CPU
		{6A84DB56-920C-4FC1-9CB0-9C29D0FC1586}.Debug|Any CPU.ActiveCfg = Debug|Any CPU
		{6A84DB56-920C-4FC1-9CB0-9C29D0FC1586}.Debug|Any CPU.Build.0 = Debug|Any CPU
		{6A84DB56-920C-4FC1-9CB0-9C29D0FC1586}.Debug|x64.ActiveCfg = Debug|Any CPU
		{6A84DB56-920C-4FC1-9CB0-9C29D0FC1586}.Debug|x64.Build.0 = Debug|Any CPU
		{6A84DB56-920C-4FC1-9CB0-9C29D0FC1586}.Debug|x86.ActiveCfg = Debug|Any CPU
		{6A84DB56-920C-4FC1-9CB0-9C29D0FC1586}.Debug|x86.Build.0 = Debug|Any CPU
		{6A84DB56-920C-4FC1-9CB0-9C29D0FC1586}.Release|Any CPU.ActiveCfg = Release|Any CPU
		{6A84DB56-920C-4FC1-9CB0-9C29D0FC1586}.Release|Any CPU.Build.0 = Release|Any CPU
		{6A84DB56-920C-4FC1-9CB0-9C29D0FC1586}.Release|x64.ActiveCfg = Release|Any CPU
		{6A84DB56-920C-4FC1-9CB0-9C29D0FC1586}.Release|x64.Build.0 = Release|Any CPU
		{6A84DB56-920C-4FC1-9CB0-9C29D0FC1586}.Release|x86.ActiveCfg = Release|Any CPU
		{6A84DB56-920C-4FC1-9CB0-9C29D0FC1586}.Release|x86.Build.0 = Release|Any CPU
		{E07DFE6A-8C18-460A-8DD4-47A3320223D7}.Debug|Any CPU.ActiveCfg = Debug|Any CPU
		{E07DFE6A-8C18-460A-8DD4-47A3320223D7}.Debug|Any CPU.Build.0 = Debug|Any CPU
		{E07DFE6A-8C18-460A-8DD4-47A3320223D7}.Debug|x64.ActiveCfg = Debug|Any CPU
		{E07DFE6A-8C18-460A-8DD4-47A3320223D7}.Debug|x64.Build.0 = Debug|Any CPU
		{E07DFE6A-8C18-460A-8DD4-47A3320223D7}.Debug|x86.ActiveCfg = Debug|Any CPU
		{E07DFE6A-8C18-460A-8DD4-47A3320223D7}.Debug|x86.Build.0 = Debug|Any CPU
		{E07DFE6A-8C18-460A-8DD4-47A3320223D7}.Release|Any CPU.ActiveCfg = Release|Any CPU
		{E07DFE6A-8C18-460A-8DD4-47A3320223D7}.Release|Any CPU.Build.0 = Release|Any CPU
		{E07DFE6A-8C18-460A-8DD4-47A3320223D7}.Release|x64.ActiveCfg = Release|Any CPU
		{E07DFE6A-8C18-460A-8DD4-47A3320223D7}.Release|x64.Build.0 = Release|Any CPU
		{E07DFE6A-8C18-460A-8DD4-47A3320223D7}.Release|x86.ActiveCfg = Release|Any CPU
		{E07DFE6A-8C18-460A-8DD4-47A3320223D7}.Release|x86.Build.0 = Release|Any CPU
		{C28AD7E4-881E-45AB-987F-5834A0D3CAAB}.Debug|Any CPU.ActiveCfg = Debug|Any CPU
		{C28AD7E4-881E-45AB-987F-5834A0D3CAAB}.Debug|Any CPU.Build.0 = Debug|Any CPU
		{C28AD7E4-881E-45AB-987F-5834A0D3CAAB}.Debug|x64.ActiveCfg = Debug|Any CPU
		{C28AD7E4-881E-45AB-987F-5834A0D3CAAB}.Debug|x64.Build.0 = Debug|Any CPU
		{C28AD7E4-881E-45AB-987F-5834A0D3CAAB}.Debug|x86.ActiveCfg = Debug|Any CPU
		{C28AD7E4-881E-45AB-987F-5834A0D3CAAB}.Debug|x86.Build.0 = Debug|Any CPU
		{C28AD7E4-881E-45AB-987F-5834A0D3CAAB}.Release|Any CPU.ActiveCfg = Release|Any CPU
		{C28AD7E4-881E-45AB-987F-5834A0D3CAAB}.Release|Any CPU.Build.0 = Release|Any CPU
		{C28AD7E4-881E-45AB-987F-5834A0D3CAAB}.Release|x64.ActiveCfg = Release|Any CPU
		{C28AD7E4-881E-45AB-987F-5834A0D3CAAB}.Release|x64.Build.0 = Release|Any CPU
		{C28AD7E4-881E-45AB-987F-5834A0D3CAAB}.Release|x86.ActiveCfg = Release|Any CPU
		{C28AD7E4-881E-45AB-987F-5834A0D3CAAB}.Release|x86.Build.0 = Release|Any CPU
	EndGlobalSection
	GlobalSection(SolutionProperties) = preSolution
		HideSolutionNode = FALSE
	EndGlobalSection
	GlobalSection(NestedProjects) = preSolution
		{DE385DE4-96A1-4CB0-A853-56425EC534D6} = {7832FB84-700F-4A9A-89E5-4BD9F38EDCD8}
		{7832FB84-700F-4A9A-89E5-4BD9F38EDCD8} = {59D60414-B0FB-4A6E-8CEE-A6FC387A5A53}
		{0F674328-FA69-4F6C-AB70-9D8B01EC83DB} = {59D60414-B0FB-4A6E-8CEE-A6FC387A5A53}
		{039B8809-03A5-4783-9C2E-FC53C884B9AD} = {59D60414-B0FB-4A6E-8CEE-A6FC387A5A53}
		{01D58FA3-7E45-4310-8C89-2F0226F4A0D6} = {7832FB84-700F-4A9A-89E5-4BD9F38EDCD8}
		{63E5FB17-6A61-4110-8266-02D5F5E35822} = {039B8809-03A5-4783-9C2E-FC53C884B9AD}
		{70268375-6F86-40F2-9D9B-0A5E18D870D0} = {0F674328-FA69-4F6C-AB70-9D8B01EC83DB}
		{2088AB3A-612C-4495-A745-D032D121ABC2} = {039B8809-03A5-4783-9C2E-FC53C884B9AD}
		{892CBE15-9ED7-4540-81FA-0EAABA592138} = {1273566C-3127-47ED-987F-48FE148D53F9}
		{34A9CA67-9D17-4AD5-B259-B1D60BACBF17} = {1273566C-3127-47ED-987F-48FE148D53F9}
		{A07D94C2-40EF-48DB-B828-7E53E7F5A372} = {34A9CA67-9D17-4AD5-B259-B1D60BACBF17}
		{235804A8-9C8F-40EC-8786-5DAB24733977} = {34A9CA67-9D17-4AD5-B259-B1D60BACBF17}
		{5F25D9C5-9A93-49E7-92F7-58E399AEF928} = {34A9CA67-9D17-4AD5-B259-B1D60BACBF17}
		{FBEE1369-0F6C-41E6-8C62-8C1C5CDBB602} = {1273566C-3127-47ED-987F-48FE148D53F9}
		{6A84DB56-920C-4FC1-9CB0-9C29D0FC1586} = {1273566C-3127-47ED-987F-48FE148D53F9}
		{E07DFE6A-8C18-460A-8DD4-47A3320223D7} = {1273566C-3127-47ED-987F-48FE148D53F9}
		{C28AD7E4-881E-45AB-987F-5834A0D3CAAB} = {039B8809-03A5-4783-9C2E-FC53C884B9AD}
	EndGlobalSection
	GlobalSection(ExtensibilityGlobals) = postSolution
		SolutionGuid = {900889C5-0CD3-44E8-ADE4-9BED7AA01A1E}
	EndGlobalSection
EndGlobal
