
Microsoft Visual Studio Solution File, Format Version 12.00
# Visual Studio Version 16
VisualStudioVersion = 16.0.29806.167
MinimumVisualStudioVersion = 10.0.40219.1
Project("{A07B5EB6-E848-4116-A8D0-A826331D98C6}") = "OMS.Cloud", "OMS.Cloud\OMS.Cloud.sfproj", "{CCE7B623-4CA6-430B-BAE6-D5296D3B80DA}"
EndProject
Project("{FAE04EC0-301F-11D3-BF4B-00C04F79EFBC}") = "NMS.Stateless", "NMS\NMS.Stateless\NMS.Stateless.csproj", "{11BE4757-A86A-4687-ABB9-C791AD6B2900}"
EndProject
Project("{2150E333-8FDC-42A3-9474-1A3956D46DE8}") = "NMS", "NMS", "{2CDD12E2-9967-4738-BC6C-E5C13E02100F}"
EndProject
Project("{2150E333-8FDC-42A3-9474-1A3956D46DE8}") = "Common", "Common", "{FC46F935-CE43-447B-8E6C-80B547D70BC4}"
EndProject
Project("{FAE04EC0-301F-11D3-BF4B-00C04F79EFBC}") = "Common.Cloud", "Common\Common.Cloud\Common.Cloud.csproj", "{FBEE1369-0F6C-41E6-8C62-8C1C5CDBB602}"
EndProject
Project("{FAE04EC0-301F-11D3-BF4B-00C04F79EFBC}") = "NMS.Provider", "NMS\NMS.Provider\NMS.Provider.csproj", "{DC569D7F-23C2-4DB6-A49E-03459F3D38CF}"
EndProject
Project("{FAE04EC0-301F-11D3-BF4B-00C04F79EFBC}") = "Common", "..\OutageManagementSystem\Common\Common.csproj", "{892CBE15-9ED7-4540-81FA-0EAABA592138}"
EndProject
Project("{FAE04EC0-301F-11D3-BF4B-00C04F79EFBC}") = "DistributedTransactionActor", "..\OutageManagementSystem\TransactionManagerService\DistributedTransactionActor\DistributedTransactionActor.csproj", "{D2B436C8-C9AF-4FE2-B881-B8D28228637B}"
EndProject
Global
	GlobalSection(SolutionConfigurationPlatforms) = preSolution
		Debug|Any CPU = Debug|Any CPU
		Debug|x64 = Debug|x64
		Debug|x86 = Debug|x86
		Release|Any CPU = Release|Any CPU
		Release|x64 = Release|x64
		Release|x86 = Release|x86
	EndGlobalSection
	GlobalSection(ProjectConfigurationPlatforms) = postSolution
		{CCE7B623-4CA6-430B-BAE6-D5296D3B80DA}.Debug|Any CPU.ActiveCfg = Debug|x64
		{CCE7B623-4CA6-430B-BAE6-D5296D3B80DA}.Debug|x64.ActiveCfg = Debug|x64
		{CCE7B623-4CA6-430B-BAE6-D5296D3B80DA}.Debug|x64.Build.0 = Debug|x64
		{CCE7B623-4CA6-430B-BAE6-D5296D3B80DA}.Debug|x64.Deploy.0 = Debug|x64
		{CCE7B623-4CA6-430B-BAE6-D5296D3B80DA}.Debug|x86.ActiveCfg = Debug|x64
		{CCE7B623-4CA6-430B-BAE6-D5296D3B80DA}.Release|Any CPU.ActiveCfg = Release|x64
		{CCE7B623-4CA6-430B-BAE6-D5296D3B80DA}.Release|x64.ActiveCfg = Release|x64
		{CCE7B623-4CA6-430B-BAE6-D5296D3B80DA}.Release|x64.Build.0 = Release|x64
		{CCE7B623-4CA6-430B-BAE6-D5296D3B80DA}.Release|x64.Deploy.0 = Release|x64
		{CCE7B623-4CA6-430B-BAE6-D5296D3B80DA}.Release|x86.ActiveCfg = Release|x64
		{11BE4757-A86A-4687-ABB9-C791AD6B2900}.Debug|Any CPU.ActiveCfg = Debug|x64
		{11BE4757-A86A-4687-ABB9-C791AD6B2900}.Debug|x64.ActiveCfg = Debug|x64
		{11BE4757-A86A-4687-ABB9-C791AD6B2900}.Debug|x64.Build.0 = Debug|x64
		{11BE4757-A86A-4687-ABB9-C791AD6B2900}.Debug|x86.ActiveCfg = Debug|x64
		{11BE4757-A86A-4687-ABB9-C791AD6B2900}.Release|Any CPU.ActiveCfg = Release|x64
		{11BE4757-A86A-4687-ABB9-C791AD6B2900}.Release|x64.ActiveCfg = Release|x64
		{11BE4757-A86A-4687-ABB9-C791AD6B2900}.Release|x64.Build.0 = Release|x64
		{11BE4757-A86A-4687-ABB9-C791AD6B2900}.Release|x86.ActiveCfg = Release|x64
		{FBEE1369-0F6C-41E6-8C62-8C1C5CDBB602}.Debug|Any CPU.ActiveCfg = Debug|Any CPU
		{FBEE1369-0F6C-41E6-8C62-8C1C5CDBB602}.Debug|Any CPU.Build.0 = Debug|Any CPU
		{FBEE1369-0F6C-41E6-8C62-8C1C5CDBB602}.Debug|x64.ActiveCfg = Debug|Any CPU
		{FBEE1369-0F6C-41E6-8C62-8C1C5CDBB602}.Debug|x64.Build.0 = Debug|Any CPU
		{FBEE1369-0F6C-41E6-8C62-8C1C5CDBB602}.Debug|x86.ActiveCfg = Debug|Any CPU
		{FBEE1369-0F6C-41E6-8C62-8C1C5CDBB602}.Debug|x86.Build.0 = Debug|Any CPU
		{FBEE1369-0F6C-41E6-8C62-8C1C5CDBB602}.Release|Any CPU.ActiveCfg = Release|Any CPU
		{FBEE1369-0F6C-41E6-8C62-8C1C5CDBB602}.Release|Any CPU.Build.0 = Release|Any CPU
		{FBEE1369-0F6C-41E6-8C62-8C1C5CDBB602}.Release|x64.ActiveCfg = Release|Any CPU
		{FBEE1369-0F6C-41E6-8C62-8C1C5CDBB602}.Release|x64.Build.0 = Release|Any CPU
		{FBEE1369-0F6C-41E6-8C62-8C1C5CDBB602}.Release|x86.ActiveCfg = Release|Any CPU
		{FBEE1369-0F6C-41E6-8C62-8C1C5CDBB602}.Release|x86.Build.0 = Release|Any CPU
		{DC569D7F-23C2-4DB6-A49E-03459F3D38CF}.Debug|Any CPU.ActiveCfg = Debug|Any CPU
		{DC569D7F-23C2-4DB6-A49E-03459F3D38CF}.Debug|Any CPU.Build.0 = Debug|Any CPU
		{DC569D7F-23C2-4DB6-A49E-03459F3D38CF}.Debug|x64.ActiveCfg = Debug|Any CPU
		{DC569D7F-23C2-4DB6-A49E-03459F3D38CF}.Debug|x64.Build.0 = Debug|Any CPU
		{DC569D7F-23C2-4DB6-A49E-03459F3D38CF}.Debug|x86.ActiveCfg = Debug|Any CPU
		{DC569D7F-23C2-4DB6-A49E-03459F3D38CF}.Debug|x86.Build.0 = Debug|Any CPU
		{DC569D7F-23C2-4DB6-A49E-03459F3D38CF}.Release|Any CPU.ActiveCfg = Release|Any CPU
		{DC569D7F-23C2-4DB6-A49E-03459F3D38CF}.Release|Any CPU.Build.0 = Release|Any CPU
		{DC569D7F-23C2-4DB6-A49E-03459F3D38CF}.Release|x64.ActiveCfg = Release|Any CPU
		{DC569D7F-23C2-4DB6-A49E-03459F3D38CF}.Release|x64.Build.0 = Release|Any CPU
		{DC569D7F-23C2-4DB6-A49E-03459F3D38CF}.Release|x86.ActiveCfg = Release|Any CPU
		{DC569D7F-23C2-4DB6-A49E-03459F3D38CF}.Release|x86.Build.0 = Release|Any CPU
		{892CBE15-9ED7-4540-81FA-0EAABA592138}.Debug|Any CPU.ActiveCfg = Debug|x86
		{892CBE15-9ED7-4540-81FA-0EAABA592138}.Debug|x64.ActiveCfg = Debug|x64
		{892CBE15-9ED7-4540-81FA-0EAABA592138}.Debug|x64.Build.0 = Debug|x64
		{892CBE15-9ED7-4540-81FA-0EAABA592138}.Debug|x86.ActiveCfg = Debug|x86
		{892CBE15-9ED7-4540-81FA-0EAABA592138}.Debug|x86.Build.0 = Debug|x86
		{892CBE15-9ED7-4540-81FA-0EAABA592138}.Release|Any CPU.ActiveCfg = Release|x86
		{892CBE15-9ED7-4540-81FA-0EAABA592138}.Release|x64.ActiveCfg = Release|x64
		{892CBE15-9ED7-4540-81FA-0EAABA592138}.Release|x64.Build.0 = Release|x64
		{892CBE15-9ED7-4540-81FA-0EAABA592138}.Release|x86.ActiveCfg = Release|x86
		{892CBE15-9ED7-4540-81FA-0EAABA592138}.Release|x86.Build.0 = Release|x86
		{D2B436C8-C9AF-4FE2-B881-B8D28228637B}.Debug|Any CPU.ActiveCfg = Debug|Any CPU
		{D2B436C8-C9AF-4FE2-B881-B8D28228637B}.Debug|Any CPU.Build.0 = Debug|Any CPU
		{D2B436C8-C9AF-4FE2-B881-B8D28228637B}.Debug|x64.ActiveCfg = Debug|Any CPU
		{D2B436C8-C9AF-4FE2-B881-B8D28228637B}.Debug|x64.Build.0 = Debug|Any CPU
		{D2B436C8-C9AF-4FE2-B881-B8D28228637B}.Debug|x86.ActiveCfg = Debug|Any CPU
		{D2B436C8-C9AF-4FE2-B881-B8D28228637B}.Debug|x86.Build.0 = Debug|Any CPU
		{D2B436C8-C9AF-4FE2-B881-B8D28228637B}.Release|Any CPU.ActiveCfg = Release|Any CPU
		{D2B436C8-C9AF-4FE2-B881-B8D28228637B}.Release|Any CPU.Build.0 = Release|Any CPU
		{D2B436C8-C9AF-4FE2-B881-B8D28228637B}.Release|x64.ActiveCfg = Release|Any CPU
		{D2B436C8-C9AF-4FE2-B881-B8D28228637B}.Release|x64.Build.0 = Release|Any CPU
		{D2B436C8-C9AF-4FE2-B881-B8D28228637B}.Release|x86.ActiveCfg = Release|Any CPU
		{D2B436C8-C9AF-4FE2-B881-B8D28228637B}.Release|x86.Build.0 = Release|Any CPU
	EndGlobalSection
	GlobalSection(SolutionProperties) = preSolution
		HideSolutionNode = FALSE
	EndGlobalSection
	GlobalSection(NestedProjects) = preSolution
		{11BE4757-A86A-4687-ABB9-C791AD6B2900} = {2CDD12E2-9967-4738-BC6C-E5C13E02100F}
		{FBEE1369-0F6C-41E6-8C62-8C1C5CDBB602} = {FC46F935-CE43-447B-8E6C-80B547D70BC4}
		{DC569D7F-23C2-4DB6-A49E-03459F3D38CF} = {2CDD12E2-9967-4738-BC6C-E5C13E02100F}
		{892CBE15-9ED7-4540-81FA-0EAABA592138} = {FC46F935-CE43-447B-8E6C-80B547D70BC4}
	EndGlobalSection
	GlobalSection(ExtensibilityGlobals) = postSolution
		SolutionGuid = {B9B2EF58-4AF2-4DA4-8058-8AA01DC0DEFB}
	EndGlobalSection
EndGlobal
