
Microsoft Visual Studio Solution File, Format Version 12.00
# Visual Studio Version 16
VisualStudioVersion = 16.0.29920.165
MinimumVisualStudioVersion = 10.0.40219.1
Project("{A07B5EB6-E848-4116-A8D0-A826331D98C6}") = "OMS.Cloud", "OMS.Cloud\OMS.Cloud.sfproj", "{7B09BC19-BD7B-484D-82C4-0A4326EB6777}"
EndProject
Project("{FAE04EC0-301F-11D3-BF4B-00C04F79EFBC}") = "SCADA.ModelProviderService", "SCADA\ModelProvider\SCADA.ModelProviderService\SCADA.ModelProviderService.csproj", "{DE385DE4-96A1-4CB0-A853-56425EC534D6}"
EndProject
Project("{2150E333-8FDC-42A3-9474-1A3956D46DE8}") = "SCADA", "SCADA", "{59D60414-B0FB-4A6E-8CEE-A6FC387A5A53}"
EndProject
Project("{2150E333-8FDC-42A3-9474-1A3956D46DE8}") = "ModelProvider", "ModelProvider", "{7832FB84-700F-4A9A-89E5-4BD9F38EDCD8}"
EndProject
Project("{2150E333-8FDC-42A3-9474-1A3956D46DE8}") = "Acquisition", "Acquisition", "{0F674328-FA69-4F6C-AB70-9D8B01EC83DB}"
EndProject
Project("{2150E333-8FDC-42A3-9474-1A3956D46DE8}") = "FunctionExecutior", "FunctionExecutior", "{039B8809-03A5-4783-9C2E-FC53C884B9AD}"
EndProject
Project("{FAE04EC0-301F-11D3-BF4B-00C04F79EFBC}") = "SCADA.ModelProviderImplementation", "SCADA\ModelProvider\SCADA.ModelProviderImplementation\SCADA.ModelProviderImplementation.csproj", "{01D58FA3-7E45-4310-8C89-2F0226F4A0D6}"
EndProject
Project("{FAE04EC0-301F-11D3-BF4B-00C04F79EFBC}") = "SCADA.FunctionExecutorImplementation", "SCADA\FunctionExecutor\SCADA.FunctionExecutorImplementation\SCADA.FunctionExecutorImplementation.csproj", "{63E5FB17-6A61-4110-8266-02D5F5E35822}"
EndProject
Project("{FAE04EC0-301F-11D3-BF4B-00C04F79EFBC}") = "SCADA.AcquisitionImplementation", "SCADA\Acquisition\SCADA.AcquisitionImplementation\SCADA.AcquisitionImplementation.csproj", "{70268375-6F86-40F2-9D9B-0A5E18D870D0}"
EndProject
Project("{FAE04EC0-301F-11D3-BF4B-00C04F79EFBC}") = "SCADA.FunctionExecutorService", "SCADA\FunctionExecutor\SCADA.FunctionExecutorService\SCADA.FunctionExecutorService.csproj", "{2088AB3A-612C-4495-A745-D032D121ABC2}"
EndProject
Project("{2150E333-8FDC-42A3-9474-1A3956D46DE8}") = "Common", "Common", "{1273566C-3127-47ED-987F-48FE148D53F9}"
EndProject
Project("{2150E333-8FDC-42A3-9474-1A3956D46DE8}") = "Contracts", "Contracts", "{34A9CA67-9D17-4AD5-B259-B1D60BACBF17}"
EndProject
Project("{FAE04EC0-301F-11D3-BF4B-00C04F79EFBC}") = "Common.DistributedTransactionContracts", "Common\Contracts\Common.DistributedTransactionContracts\Common.DistributedTransactionContracts.csproj", "{A07D94C2-40EF-48DB-B828-7E53E7F5A372}"
EndProject
Project("{FAE04EC0-301F-11D3-BF4B-00C04F79EFBC}") = "Common.NmsContracts", "Common\Contracts\Common.NmsContracts\Common.NmsContracts.csproj", "{235804A8-9C8F-40EC-8786-5DAB24733977}"
EndProject
Project("{FAE04EC0-301F-11D3-BF4B-00C04F79EFBC}") = "Common.ScadaContracts", "Common\Contracts\Common.ScadaContracts\Common.ScadaContracts.csproj", "{5F25D9C5-9A93-49E7-92F7-58E399AEF928}"
EndProject
Project("{FAE04EC0-301F-11D3-BF4B-00C04F79EFBC}") = "Common.Cloud", "Common\Common.Cloud\Common.Cloud.csproj", "{FBEE1369-0F6C-41E6-8C62-8C1C5CDBB602}"
EndProject
Project("{FAE04EC0-301F-11D3-BF4B-00C04F79EFBC}") = "Common.SCADA", "Common\Common.SCADA\Common.SCADA.csproj", "{6A84DB56-920C-4FC1-9CB0-9C29D0FC1586}"
EndProject
Project("{FAE04EC0-301F-11D3-BF4B-00C04F79EFBC}") = "Common.NMS", "Common\Common.NMS\Common.NMS.csproj", "{E07DFE6A-8C18-460A-8DD4-47A3320223D7}"
EndProject
Project("{FAE04EC0-301F-11D3-BF4B-00C04F79EFBC}") = "SCADA.AcquisitionService", "SCADA\Acquisition\SCADA.AcquisitionService\SCADA.AcquisitionService.csproj", "{5E3A0536-9983-41FF-B083-7823DE6C0C68}"
EndProject
Project("{2150E333-8FDC-42A3-9474-1A3956D46DE8}") = "Commanding", "Commanding", "{F19A6BE6-6FC6-40F0-B49E-BF1EEE7FFDD6}"
EndProject
Project("{2150E333-8FDC-42A3-9474-1A3956D46DE8}") = "NMS", "NMS", "{F9184B5A-8054-446B-9768-48AF0CF1CA7F}"
EndProject
Project("{FAE04EC0-301F-11D3-BF4B-00C04F79EFBC}") = "SCADA.CommandingService", "SCADA\Commanding\SCADA.CommandingService\SCADA.CommandingService.csproj", "{9276E328-FBD9-4AA6-863A-0FAE8B665625}"
EndProject
Project("{FAE04EC0-301F-11D3-BF4B-00C04F79EFBC}") = "SCADA.CommandingImplementation", "SCADA\Commanding\SCADA.CommandingImplementation\SCADA.CommandingImplementation.csproj", "{06A9FD17-9E70-4CBF-AD4B-9AD68BB2CBF4}"
EndProject
Project("{FAE04EC0-301F-11D3-BF4B-00C04F79EFBC}") = "NMS.DataModel", "NMS\DataModel\NMS.DataModel.csproj", "{274DCAF7-5FDD-46A0-97E2-91DBCA365381}"
EndProject
Project("{FAE04EC0-301F-11D3-BF4B-00C04F79EFBC}") = "NMS.GdaImplementation", "NMS\NMS.GdaImplementation\NMS.GdaImplementation.csproj", "{BA3D0EA9-5697-412C-B9A3-B71E988709CE}"
EndProject
Project("{FAE04EC0-301F-11D3-BF4B-00C04F79EFBC}") = "TestService", "TestService\TestService.csproj", "{1CBAD4E4-7C41-4273-9B8B-70CC97EFEE4A}"
EndProject
Project("{2150E333-8FDC-42A3-9474-1A3956D46DE8}") = "Maintenance", "Maintenance", "{DF04B40F-DF58-4085-A6E6-AB5C4B38D8DA}"
EndProject
Project("{FAE04EC0-301F-11D3-BF4B-00C04F79EFBC}") = "NMS.GdaService", "NMS\NMS.GdaService\NMS.GdaService.csproj", "{4CC0B3F4-8E22-4AEB-82ED-F8F67DAA0699}"
EndProject
Project("{FAE04EC0-301F-11D3-BF4B-00C04F79EFBC}") = "CIMAdapter", "NMS\Maintenance\CIMAdapter\CIMAdapter.csproj", "{35679A04-DB61-4430-AD3F-65C2C2A53391}"
EndProject
Project("{FAE04EC0-301F-11D3-BF4B-00C04F79EFBC}") = "CIMParser", "NMS\Maintenance\CIMParser\CIMParser.csproj", "{3C03A41C-BE4C-40A8-97D5-5DBAC0C34102}"
EndProject
Project("{FAE04EC0-301F-11D3-BF4B-00C04F79EFBC}") = "CIMProfileCreator", "NMS\Maintenance\CIMProfileCreator\CIMProfileCreator.csproj", "{05FA2F21-D4DE-4F42-8D8F-AC79993394F6}"
EndProject
Project("{FAE04EC0-301F-11D3-BF4B-00C04F79EFBC}") = "ModelLabsApp", "NMS\Maintenance\ModelLabsApp\ModelLabsApp.csproj", "{3DD11384-2CC1-4EE9-9F4A-02B6FE8759C0}"
EndProject
Project("{FAE04EC0-301F-11D3-BF4B-00C04F79EFBC}") = "NMSTestClientUI", "NMS\Maintenance\NMSTestClientUI\NMSTestClientUI.csproj", "{DB770671-ECE8-4978-A992-E0D4D44F8FC8}"
EndProject
Project("{2150E333-8FDC-42A3-9474-1A3956D46DE8}") = "PUB_SUB", "PUB_SUB", "{611D98F4-AC14-44AC-8049-5FED992B8410}"
EndProject
Project("{FAE04EC0-301F-11D3-BF4B-00C04F79EFBC}") = "PubSubService", "PUB_SUB\PubSubService\PubSubService.csproj", "{D4ABD5DE-047E-495C-B4DB-503CD2C002C0}"
EndProject
Project("{FAE04EC0-301F-11D3-BF4B-00C04F79EFBC}") = "PubSubImplementation", "PUB_SUB\PubSubImplementation\PubSubImplementation.csproj", "{C210A526-3C5A-470F-9E1F-DF6D19A4D257}"
EndProject
Project("{FAE04EC0-301F-11D3-BF4B-00C04F79EFBC}") = "Common.PubSubContracts", "Common\Contracts\Common.PubSubContracts\Common.PubSubContracts.csproj", "{AA75150D-EE56-49C0-9431-751F83CCC0CD}"
EndProject
Project("{FAE04EC0-301F-11D3-BF4B-00C04F79EFBC}") = "Common.PubSub", "Common\Common.PubSub\Common.PubSub.csproj", "{5B775779-A5AE-4F94-90EC-59973FA80D4D}"
EndProject
Project("{FAE04EC0-301F-11D3-BF4B-00C04F79EFBC}") = "Common.WcfClient", "Common\Common.WcfClient\Common.WcfClient.csproj", "{AE91CEB5-378A-4EEF-AEBF-C40ED1EF23CF}"
EndProject
Project("{2150E333-8FDC-42A3-9474-1A3956D46DE8}") = "TMS", "TMS", "{3767D842-1115-4B94-BD63-D2CD4BE82F62}"
EndProject
Global
	GlobalSection(SolutionConfigurationPlatforms) = preSolution
		Debug|Any CPU = Debug|Any CPU
		Debug|x64 = Debug|x64
		Debug|x86 = Debug|x86
		Release|Any CPU = Release|Any CPU
		Release|x64 = Release|x64
		Release|x86 = Release|x86
	EndGlobalSection
	GlobalSection(ProjectConfigurationPlatforms) = postSolution
		{7B09BC19-BD7B-484D-82C4-0A4326EB6777}.Debug|Any CPU.ActiveCfg = Debug|x64
		{7B09BC19-BD7B-484D-82C4-0A4326EB6777}.Debug|x64.ActiveCfg = Debug|x64
		{7B09BC19-BD7B-484D-82C4-0A4326EB6777}.Debug|x64.Build.0 = Debug|x64
		{7B09BC19-BD7B-484D-82C4-0A4326EB6777}.Debug|x64.Deploy.0 = Debug|x64
		{7B09BC19-BD7B-484D-82C4-0A4326EB6777}.Debug|x86.ActiveCfg = Debug|x64
		{7B09BC19-BD7B-484D-82C4-0A4326EB6777}.Release|Any CPU.ActiveCfg = Release|x64
		{7B09BC19-BD7B-484D-82C4-0A4326EB6777}.Release|x64.ActiveCfg = Release|x64
		{7B09BC19-BD7B-484D-82C4-0A4326EB6777}.Release|x64.Build.0 = Release|x64
		{7B09BC19-BD7B-484D-82C4-0A4326EB6777}.Release|x64.Deploy.0 = Release|x64
		{7B09BC19-BD7B-484D-82C4-0A4326EB6777}.Release|x86.ActiveCfg = Release|x64
		{DE385DE4-96A1-4CB0-A853-56425EC534D6}.Debug|Any CPU.ActiveCfg = Debug|x64
		{DE385DE4-96A1-4CB0-A853-56425EC534D6}.Debug|x64.ActiveCfg = Debug|x64
		{DE385DE4-96A1-4CB0-A853-56425EC534D6}.Debug|x64.Build.0 = Debug|x64
		{DE385DE4-96A1-4CB0-A853-56425EC534D6}.Debug|x86.ActiveCfg = Debug|x64
		{DE385DE4-96A1-4CB0-A853-56425EC534D6}.Release|Any CPU.ActiveCfg = Release|x64
		{DE385DE4-96A1-4CB0-A853-56425EC534D6}.Release|x64.ActiveCfg = Release|x64
		{DE385DE4-96A1-4CB0-A853-56425EC534D6}.Release|x64.Build.0 = Release|x64
		{DE385DE4-96A1-4CB0-A853-56425EC534D6}.Release|x86.ActiveCfg = Release|x64
		{01D58FA3-7E45-4310-8C89-2F0226F4A0D6}.Debug|Any CPU.ActiveCfg = Debug|Any CPU
		{01D58FA3-7E45-4310-8C89-2F0226F4A0D6}.Debug|Any CPU.Build.0 = Debug|Any CPU
		{01D58FA3-7E45-4310-8C89-2F0226F4A0D6}.Debug|x64.ActiveCfg = Debug|Any CPU
		{01D58FA3-7E45-4310-8C89-2F0226F4A0D6}.Debug|x64.Build.0 = Debug|Any CPU
		{01D58FA3-7E45-4310-8C89-2F0226F4A0D6}.Debug|x86.ActiveCfg = Debug|Any CPU
		{01D58FA3-7E45-4310-8C89-2F0226F4A0D6}.Debug|x86.Build.0 = Debug|Any CPU
		{01D58FA3-7E45-4310-8C89-2F0226F4A0D6}.Release|Any CPU.ActiveCfg = Release|Any CPU
		{01D58FA3-7E45-4310-8C89-2F0226F4A0D6}.Release|Any CPU.Build.0 = Release|Any CPU
		{01D58FA3-7E45-4310-8C89-2F0226F4A0D6}.Release|x64.ActiveCfg = Release|Any CPU
		{01D58FA3-7E45-4310-8C89-2F0226F4A0D6}.Release|x64.Build.0 = Release|Any CPU
		{01D58FA3-7E45-4310-8C89-2F0226F4A0D6}.Release|x86.ActiveCfg = Release|Any CPU
		{01D58FA3-7E45-4310-8C89-2F0226F4A0D6}.Release|x86.Build.0 = Release|Any CPU
		{63E5FB17-6A61-4110-8266-02D5F5E35822}.Debug|Any CPU.ActiveCfg = Debug|Any CPU
		{63E5FB17-6A61-4110-8266-02D5F5E35822}.Debug|Any CPU.Build.0 = Debug|Any CPU
		{63E5FB17-6A61-4110-8266-02D5F5E35822}.Debug|x64.ActiveCfg = Debug|Any CPU
		{63E5FB17-6A61-4110-8266-02D5F5E35822}.Debug|x64.Build.0 = Debug|Any CPU
		{63E5FB17-6A61-4110-8266-02D5F5E35822}.Debug|x86.ActiveCfg = Debug|Any CPU
		{63E5FB17-6A61-4110-8266-02D5F5E35822}.Debug|x86.Build.0 = Debug|Any CPU
		{63E5FB17-6A61-4110-8266-02D5F5E35822}.Release|Any CPU.ActiveCfg = Release|Any CPU
		{63E5FB17-6A61-4110-8266-02D5F5E35822}.Release|Any CPU.Build.0 = Release|Any CPU
		{63E5FB17-6A61-4110-8266-02D5F5E35822}.Release|x64.ActiveCfg = Release|Any CPU
		{63E5FB17-6A61-4110-8266-02D5F5E35822}.Release|x64.Build.0 = Release|Any CPU
		{63E5FB17-6A61-4110-8266-02D5F5E35822}.Release|x86.ActiveCfg = Release|Any CPU
		{63E5FB17-6A61-4110-8266-02D5F5E35822}.Release|x86.Build.0 = Release|Any CPU
		{70268375-6F86-40F2-9D9B-0A5E18D870D0}.Debug|Any CPU.ActiveCfg = Debug|Any CPU
		{70268375-6F86-40F2-9D9B-0A5E18D870D0}.Debug|Any CPU.Build.0 = Debug|Any CPU
		{70268375-6F86-40F2-9D9B-0A5E18D870D0}.Debug|x64.ActiveCfg = Debug|Any CPU
		{70268375-6F86-40F2-9D9B-0A5E18D870D0}.Debug|x64.Build.0 = Debug|Any CPU
		{70268375-6F86-40F2-9D9B-0A5E18D870D0}.Debug|x86.ActiveCfg = Debug|Any CPU
		{70268375-6F86-40F2-9D9B-0A5E18D870D0}.Debug|x86.Build.0 = Debug|Any CPU
		{70268375-6F86-40F2-9D9B-0A5E18D870D0}.Release|Any CPU.ActiveCfg = Release|Any CPU
		{70268375-6F86-40F2-9D9B-0A5E18D870D0}.Release|Any CPU.Build.0 = Release|Any CPU
		{70268375-6F86-40F2-9D9B-0A5E18D870D0}.Release|x64.ActiveCfg = Release|Any CPU
		{70268375-6F86-40F2-9D9B-0A5E18D870D0}.Release|x64.Build.0 = Release|Any CPU
		{70268375-6F86-40F2-9D9B-0A5E18D870D0}.Release|x86.ActiveCfg = Release|Any CPU
		{70268375-6F86-40F2-9D9B-0A5E18D870D0}.Release|x86.Build.0 = Release|Any CPU
		{2088AB3A-612C-4495-A745-D032D121ABC2}.Debug|Any CPU.ActiveCfg = Debug|x64
		{2088AB3A-612C-4495-A745-D032D121ABC2}.Debug|x64.ActiveCfg = Debug|x64
		{2088AB3A-612C-4495-A745-D032D121ABC2}.Debug|x64.Build.0 = Debug|x64
		{2088AB3A-612C-4495-A745-D032D121ABC2}.Debug|x86.ActiveCfg = Debug|x64
		{2088AB3A-612C-4495-A745-D032D121ABC2}.Release|Any CPU.ActiveCfg = Release|x64
		{2088AB3A-612C-4495-A745-D032D121ABC2}.Release|x64.ActiveCfg = Release|x64
		{2088AB3A-612C-4495-A745-D032D121ABC2}.Release|x64.Build.0 = Release|x64
		{2088AB3A-612C-4495-A745-D032D121ABC2}.Release|x86.ActiveCfg = Release|x64
		{A07D94C2-40EF-48DB-B828-7E53E7F5A372}.Debug|Any CPU.ActiveCfg = Debug|Any CPU
		{A07D94C2-40EF-48DB-B828-7E53E7F5A372}.Debug|Any CPU.Build.0 = Debug|Any CPU
		{A07D94C2-40EF-48DB-B828-7E53E7F5A372}.Debug|x64.ActiveCfg = Debug|Any CPU
		{A07D94C2-40EF-48DB-B828-7E53E7F5A372}.Debug|x64.Build.0 = Debug|Any CPU
		{A07D94C2-40EF-48DB-B828-7E53E7F5A372}.Debug|x86.ActiveCfg = Debug|Any CPU
		{A07D94C2-40EF-48DB-B828-7E53E7F5A372}.Debug|x86.Build.0 = Debug|Any CPU
		{A07D94C2-40EF-48DB-B828-7E53E7F5A372}.Release|Any CPU.ActiveCfg = Release|Any CPU
		{A07D94C2-40EF-48DB-B828-7E53E7F5A372}.Release|Any CPU.Build.0 = Release|Any CPU
		{A07D94C2-40EF-48DB-B828-7E53E7F5A372}.Release|x64.ActiveCfg = Release|Any CPU
		{A07D94C2-40EF-48DB-B828-7E53E7F5A372}.Release|x64.Build.0 = Release|Any CPU
		{A07D94C2-40EF-48DB-B828-7E53E7F5A372}.Release|x86.ActiveCfg = Release|Any CPU
		{A07D94C2-40EF-48DB-B828-7E53E7F5A372}.Release|x86.Build.0 = Release|Any CPU
		{235804A8-9C8F-40EC-8786-5DAB24733977}.Debug|Any CPU.ActiveCfg = Debug|Any CPU
		{235804A8-9C8F-40EC-8786-5DAB24733977}.Debug|Any CPU.Build.0 = Debug|Any CPU
		{235804A8-9C8F-40EC-8786-5DAB24733977}.Debug|x64.ActiveCfg = Debug|Any CPU
		{235804A8-9C8F-40EC-8786-5DAB24733977}.Debug|x64.Build.0 = Debug|Any CPU
		{235804A8-9C8F-40EC-8786-5DAB24733977}.Debug|x86.ActiveCfg = Debug|Any CPU
		{235804A8-9C8F-40EC-8786-5DAB24733977}.Debug|x86.Build.0 = Debug|Any CPU
		{235804A8-9C8F-40EC-8786-5DAB24733977}.Release|Any CPU.ActiveCfg = Release|Any CPU
		{235804A8-9C8F-40EC-8786-5DAB24733977}.Release|Any CPU.Build.0 = Release|Any CPU
		{235804A8-9C8F-40EC-8786-5DAB24733977}.Release|x64.ActiveCfg = Release|Any CPU
		{235804A8-9C8F-40EC-8786-5DAB24733977}.Release|x64.Build.0 = Release|Any CPU
		{235804A8-9C8F-40EC-8786-5DAB24733977}.Release|x86.ActiveCfg = Release|Any CPU
		{235804A8-9C8F-40EC-8786-5DAB24733977}.Release|x86.Build.0 = Release|Any CPU
		{5F25D9C5-9A93-49E7-92F7-58E399AEF928}.Debug|Any CPU.ActiveCfg = Debug|Any CPU
		{5F25D9C5-9A93-49E7-92F7-58E399AEF928}.Debug|Any CPU.Build.0 = Debug|Any CPU
		{5F25D9C5-9A93-49E7-92F7-58E399AEF928}.Debug|x64.ActiveCfg = Debug|Any CPU
		{5F25D9C5-9A93-49E7-92F7-58E399AEF928}.Debug|x64.Build.0 = Debug|Any CPU
		{5F25D9C5-9A93-49E7-92F7-58E399AEF928}.Debug|x86.ActiveCfg = Debug|Any CPU
		{5F25D9C5-9A93-49E7-92F7-58E399AEF928}.Debug|x86.Build.0 = Debug|Any CPU
		{5F25D9C5-9A93-49E7-92F7-58E399AEF928}.Release|Any CPU.ActiveCfg = Release|Any CPU
		{5F25D9C5-9A93-49E7-92F7-58E399AEF928}.Release|Any CPU.Build.0 = Release|Any CPU
		{5F25D9C5-9A93-49E7-92F7-58E399AEF928}.Release|x64.ActiveCfg = Release|Any CPU
		{5F25D9C5-9A93-49E7-92F7-58E399AEF928}.Release|x64.Build.0 = Release|Any CPU
		{5F25D9C5-9A93-49E7-92F7-58E399AEF928}.Release|x86.ActiveCfg = Release|Any CPU
		{5F25D9C5-9A93-49E7-92F7-58E399AEF928}.Release|x86.Build.0 = Release|Any CPU
		{FBEE1369-0F6C-41E6-8C62-8C1C5CDBB602}.Debug|Any CPU.ActiveCfg = Debug|Any CPU
		{FBEE1369-0F6C-41E6-8C62-8C1C5CDBB602}.Debug|Any CPU.Build.0 = Debug|Any CPU
		{FBEE1369-0F6C-41E6-8C62-8C1C5CDBB602}.Debug|x64.ActiveCfg = Debug|Any CPU
		{FBEE1369-0F6C-41E6-8C62-8C1C5CDBB602}.Debug|x64.Build.0 = Debug|Any CPU
		{FBEE1369-0F6C-41E6-8C62-8C1C5CDBB602}.Debug|x86.ActiveCfg = Debug|Any CPU
		{FBEE1369-0F6C-41E6-8C62-8C1C5CDBB602}.Debug|x86.Build.0 = Debug|Any CPU
		{FBEE1369-0F6C-41E6-8C62-8C1C5CDBB602}.Release|Any CPU.ActiveCfg = Release|Any CPU
		{FBEE1369-0F6C-41E6-8C62-8C1C5CDBB602}.Release|Any CPU.Build.0 = Release|Any CPU
		{FBEE1369-0F6C-41E6-8C62-8C1C5CDBB602}.Release|x64.ActiveCfg = Release|Any CPU
		{FBEE1369-0F6C-41E6-8C62-8C1C5CDBB602}.Release|x64.Build.0 = Release|Any CPU
		{FBEE1369-0F6C-41E6-8C62-8C1C5CDBB602}.Release|x86.ActiveCfg = Release|Any CPU
		{FBEE1369-0F6C-41E6-8C62-8C1C5CDBB602}.Release|x86.Build.0 = Release|Any CPU
		{6A84DB56-920C-4FC1-9CB0-9C29D0FC1586}.Debug|Any CPU.ActiveCfg = Debug|Any CPU
		{6A84DB56-920C-4FC1-9CB0-9C29D0FC1586}.Debug|Any CPU.Build.0 = Debug|Any CPU
		{6A84DB56-920C-4FC1-9CB0-9C29D0FC1586}.Debug|x64.ActiveCfg = Debug|Any CPU
		{6A84DB56-920C-4FC1-9CB0-9C29D0FC1586}.Debug|x64.Build.0 = Debug|Any CPU
		{6A84DB56-920C-4FC1-9CB0-9C29D0FC1586}.Debug|x86.ActiveCfg = Debug|Any CPU
		{6A84DB56-920C-4FC1-9CB0-9C29D0FC1586}.Debug|x86.Build.0 = Debug|Any CPU
		{6A84DB56-920C-4FC1-9CB0-9C29D0FC1586}.Release|Any CPU.ActiveCfg = Release|Any CPU
		{6A84DB56-920C-4FC1-9CB0-9C29D0FC1586}.Release|Any CPU.Build.0 = Release|Any CPU
		{6A84DB56-920C-4FC1-9CB0-9C29D0FC1586}.Release|x64.ActiveCfg = Release|Any CPU
		{6A84DB56-920C-4FC1-9CB0-9C29D0FC1586}.Release|x64.Build.0 = Release|Any CPU
		{6A84DB56-920C-4FC1-9CB0-9C29D0FC1586}.Release|x86.ActiveCfg = Release|Any CPU
		{6A84DB56-920C-4FC1-9CB0-9C29D0FC1586}.Release|x86.Build.0 = Release|Any CPU
		{E07DFE6A-8C18-460A-8DD4-47A3320223D7}.Debug|Any CPU.ActiveCfg = Debug|Any CPU
		{E07DFE6A-8C18-460A-8DD4-47A3320223D7}.Debug|Any CPU.Build.0 = Debug|Any CPU
		{E07DFE6A-8C18-460A-8DD4-47A3320223D7}.Debug|x64.ActiveCfg = Debug|Any CPU
		{E07DFE6A-8C18-460A-8DD4-47A3320223D7}.Debug|x64.Build.0 = Debug|Any CPU
		{E07DFE6A-8C18-460A-8DD4-47A3320223D7}.Debug|x86.ActiveCfg = Debug|Any CPU
		{E07DFE6A-8C18-460A-8DD4-47A3320223D7}.Debug|x86.Build.0 = Debug|Any CPU
		{E07DFE6A-8C18-460A-8DD4-47A3320223D7}.Release|Any CPU.ActiveCfg = Release|Any CPU
		{E07DFE6A-8C18-460A-8DD4-47A3320223D7}.Release|Any CPU.Build.0 = Release|Any CPU
		{E07DFE6A-8C18-460A-8DD4-47A3320223D7}.Release|x64.ActiveCfg = Release|Any CPU
		{E07DFE6A-8C18-460A-8DD4-47A3320223D7}.Release|x64.Build.0 = Release|Any CPU
		{E07DFE6A-8C18-460A-8DD4-47A3320223D7}.Release|x86.ActiveCfg = Release|Any CPU
		{E07DFE6A-8C18-460A-8DD4-47A3320223D7}.Release|x86.Build.0 = Release|Any CPU
		{5E3A0536-9983-41FF-B083-7823DE6C0C68}.Debug|Any CPU.ActiveCfg = Debug|x64
		{5E3A0536-9983-41FF-B083-7823DE6C0C68}.Debug|x64.ActiveCfg = Debug|x64
		{5E3A0536-9983-41FF-B083-7823DE6C0C68}.Debug|x64.Build.0 = Debug|x64
		{5E3A0536-9983-41FF-B083-7823DE6C0C68}.Debug|x86.ActiveCfg = Debug|x64
		{5E3A0536-9983-41FF-B083-7823DE6C0C68}.Release|Any CPU.ActiveCfg = Release|x64
		{5E3A0536-9983-41FF-B083-7823DE6C0C68}.Release|x64.ActiveCfg = Release|x64
		{5E3A0536-9983-41FF-B083-7823DE6C0C68}.Release|x64.Build.0 = Release|x64
		{5E3A0536-9983-41FF-B083-7823DE6C0C68}.Release|x86.ActiveCfg = Release|x64
		{9276E328-FBD9-4AA6-863A-0FAE8B665625}.Debug|Any CPU.ActiveCfg = Debug|x64
		{9276E328-FBD9-4AA6-863A-0FAE8B665625}.Debug|x64.ActiveCfg = Debug|x64
		{9276E328-FBD9-4AA6-863A-0FAE8B665625}.Debug|x64.Build.0 = Debug|x64
		{9276E328-FBD9-4AA6-863A-0FAE8B665625}.Debug|x86.ActiveCfg = Debug|x64
		{9276E328-FBD9-4AA6-863A-0FAE8B665625}.Release|Any CPU.ActiveCfg = Release|x64
		{9276E328-FBD9-4AA6-863A-0FAE8B665625}.Release|x64.ActiveCfg = Release|x64
		{9276E328-FBD9-4AA6-863A-0FAE8B665625}.Release|x64.Build.0 = Release|x64
		{9276E328-FBD9-4AA6-863A-0FAE8B665625}.Release|x86.ActiveCfg = Release|x64
		{06A9FD17-9E70-4CBF-AD4B-9AD68BB2CBF4}.Debug|Any CPU.ActiveCfg = Debug|Any CPU
		{06A9FD17-9E70-4CBF-AD4B-9AD68BB2CBF4}.Debug|Any CPU.Build.0 = Debug|Any CPU
		{06A9FD17-9E70-4CBF-AD4B-9AD68BB2CBF4}.Debug|x64.ActiveCfg = Debug|Any CPU
		{06A9FD17-9E70-4CBF-AD4B-9AD68BB2CBF4}.Debug|x64.Build.0 = Debug|Any CPU
		{06A9FD17-9E70-4CBF-AD4B-9AD68BB2CBF4}.Debug|x86.ActiveCfg = Debug|Any CPU
		{06A9FD17-9E70-4CBF-AD4B-9AD68BB2CBF4}.Debug|x86.Build.0 = Debug|Any CPU
		{06A9FD17-9E70-4CBF-AD4B-9AD68BB2CBF4}.Release|Any CPU.ActiveCfg = Release|Any CPU
		{06A9FD17-9E70-4CBF-AD4B-9AD68BB2CBF4}.Release|Any CPU.Build.0 = Release|Any CPU
		{06A9FD17-9E70-4CBF-AD4B-9AD68BB2CBF4}.Release|x64.ActiveCfg = Release|Any CPU
		{06A9FD17-9E70-4CBF-AD4B-9AD68BB2CBF4}.Release|x64.Build.0 = Release|Any CPU
		{06A9FD17-9E70-4CBF-AD4B-9AD68BB2CBF4}.Release|x86.ActiveCfg = Release|Any CPU
		{06A9FD17-9E70-4CBF-AD4B-9AD68BB2CBF4}.Release|x86.Build.0 = Release|Any CPU
		{274DCAF7-5FDD-46A0-97E2-91DBCA365381}.Debug|Any CPU.ActiveCfg = Debug|Any CPU
		{274DCAF7-5FDD-46A0-97E2-91DBCA365381}.Debug|Any CPU.Build.0 = Debug|Any CPU
		{274DCAF7-5FDD-46A0-97E2-91DBCA365381}.Debug|x64.ActiveCfg = Debug|Any CPU
		{274DCAF7-5FDD-46A0-97E2-91DBCA365381}.Debug|x64.Build.0 = Debug|Any CPU
		{274DCAF7-5FDD-46A0-97E2-91DBCA365381}.Debug|x86.ActiveCfg = Debug|Any CPU
		{274DCAF7-5FDD-46A0-97E2-91DBCA365381}.Debug|x86.Build.0 = Debug|Any CPU
		{274DCAF7-5FDD-46A0-97E2-91DBCA365381}.Release|Any CPU.ActiveCfg = Release|Any CPU
		{274DCAF7-5FDD-46A0-97E2-91DBCA365381}.Release|Any CPU.Build.0 = Release|Any CPU
		{274DCAF7-5FDD-46A0-97E2-91DBCA365381}.Release|x64.ActiveCfg = Release|Any CPU
		{274DCAF7-5FDD-46A0-97E2-91DBCA365381}.Release|x64.Build.0 = Release|Any CPU
		{274DCAF7-5FDD-46A0-97E2-91DBCA365381}.Release|x86.ActiveCfg = Release|Any CPU
		{274DCAF7-5FDD-46A0-97E2-91DBCA365381}.Release|x86.Build.0 = Release|Any CPU
		{BA3D0EA9-5697-412C-B9A3-B71E988709CE}.Debug|Any CPU.ActiveCfg = Debug|Any CPU
		{BA3D0EA9-5697-412C-B9A3-B71E988709CE}.Debug|Any CPU.Build.0 = Debug|Any CPU
		{BA3D0EA9-5697-412C-B9A3-B71E988709CE}.Debug|x64.ActiveCfg = Debug|Any CPU
		{BA3D0EA9-5697-412C-B9A3-B71E988709CE}.Debug|x64.Build.0 = Debug|Any CPU
		{BA3D0EA9-5697-412C-B9A3-B71E988709CE}.Debug|x86.ActiveCfg = Debug|Any CPU
		{BA3D0EA9-5697-412C-B9A3-B71E988709CE}.Debug|x86.Build.0 = Debug|Any CPU
		{BA3D0EA9-5697-412C-B9A3-B71E988709CE}.Release|Any CPU.ActiveCfg = Release|Any CPU
		{BA3D0EA9-5697-412C-B9A3-B71E988709CE}.Release|Any CPU.Build.0 = Release|Any CPU
		{BA3D0EA9-5697-412C-B9A3-B71E988709CE}.Release|x64.ActiveCfg = Release|Any CPU
		{BA3D0EA9-5697-412C-B9A3-B71E988709CE}.Release|x64.Build.0 = Release|Any CPU
		{BA3D0EA9-5697-412C-B9A3-B71E988709CE}.Release|x86.ActiveCfg = Release|Any CPU
		{BA3D0EA9-5697-412C-B9A3-B71E988709CE}.Release|x86.Build.0 = Release|Any CPU
		{1CBAD4E4-7C41-4273-9B8B-70CC97EFEE4A}.Debug|Any CPU.ActiveCfg = Debug|x64
		{1CBAD4E4-7C41-4273-9B8B-70CC97EFEE4A}.Debug|x64.ActiveCfg = Debug|x64
		{1CBAD4E4-7C41-4273-9B8B-70CC97EFEE4A}.Debug|x64.Build.0 = Debug|x64
		{1CBAD4E4-7C41-4273-9B8B-70CC97EFEE4A}.Debug|x86.ActiveCfg = Debug|x64
		{1CBAD4E4-7C41-4273-9B8B-70CC97EFEE4A}.Release|Any CPU.ActiveCfg = Release|x64
		{1CBAD4E4-7C41-4273-9B8B-70CC97EFEE4A}.Release|x64.ActiveCfg = Release|x64
		{1CBAD4E4-7C41-4273-9B8B-70CC97EFEE4A}.Release|x64.Build.0 = Release|x64
		{1CBAD4E4-7C41-4273-9B8B-70CC97EFEE4A}.Release|x86.ActiveCfg = Release|x64
		{4CC0B3F4-8E22-4AEB-82ED-F8F67DAA0699}.Debug|Any CPU.ActiveCfg = Debug|x64
		{4CC0B3F4-8E22-4AEB-82ED-F8F67DAA0699}.Debug|x64.ActiveCfg = Debug|x64
		{4CC0B3F4-8E22-4AEB-82ED-F8F67DAA0699}.Debug|x64.Build.0 = Debug|x64
		{4CC0B3F4-8E22-4AEB-82ED-F8F67DAA0699}.Debug|x86.ActiveCfg = Debug|x64
		{4CC0B3F4-8E22-4AEB-82ED-F8F67DAA0699}.Release|Any CPU.ActiveCfg = Release|x64
		{4CC0B3F4-8E22-4AEB-82ED-F8F67DAA0699}.Release|x64.ActiveCfg = Release|x64
		{4CC0B3F4-8E22-4AEB-82ED-F8F67DAA0699}.Release|x64.Build.0 = Release|x64
		{4CC0B3F4-8E22-4AEB-82ED-F8F67DAA0699}.Release|x86.ActiveCfg = Release|x64
		{35679A04-DB61-4430-AD3F-65C2C2A53391}.Debug|Any CPU.ActiveCfg = Debug|Any CPU
		{35679A04-DB61-4430-AD3F-65C2C2A53391}.Debug|Any CPU.Build.0 = Debug|Any CPU
		{35679A04-DB61-4430-AD3F-65C2C2A53391}.Debug|x64.ActiveCfg = Debug|Any CPU
		{35679A04-DB61-4430-AD3F-65C2C2A53391}.Debug|x64.Build.0 = Debug|Any CPU
		{35679A04-DB61-4430-AD3F-65C2C2A53391}.Debug|x86.ActiveCfg = Debug|Any CPU
		{35679A04-DB61-4430-AD3F-65C2C2A53391}.Debug|x86.Build.0 = Debug|Any CPU
		{35679A04-DB61-4430-AD3F-65C2C2A53391}.Release|Any CPU.ActiveCfg = Release|Any CPU
		{35679A04-DB61-4430-AD3F-65C2C2A53391}.Release|Any CPU.Build.0 = Release|Any CPU
		{35679A04-DB61-4430-AD3F-65C2C2A53391}.Release|x64.ActiveCfg = Release|Any CPU
		{35679A04-DB61-4430-AD3F-65C2C2A53391}.Release|x64.Build.0 = Release|Any CPU
		{35679A04-DB61-4430-AD3F-65C2C2A53391}.Release|x86.ActiveCfg = Release|Any CPU
		{35679A04-DB61-4430-AD3F-65C2C2A53391}.Release|x86.Build.0 = Release|Any CPU
		{3C03A41C-BE4C-40A8-97D5-5DBAC0C34102}.Debug|Any CPU.ActiveCfg = Debug|x86
		{3C03A41C-BE4C-40A8-97D5-5DBAC0C34102}.Debug|x64.ActiveCfg = Debug|x64
		{3C03A41C-BE4C-40A8-97D5-5DBAC0C34102}.Debug|x64.Build.0 = Debug|x64
		{3C03A41C-BE4C-40A8-97D5-5DBAC0C34102}.Debug|x86.ActiveCfg = Debug|x86
		{3C03A41C-BE4C-40A8-97D5-5DBAC0C34102}.Debug|x86.Build.0 = Debug|x86
		{3C03A41C-BE4C-40A8-97D5-5DBAC0C34102}.Release|Any CPU.ActiveCfg = Release|x86
		{3C03A41C-BE4C-40A8-97D5-5DBAC0C34102}.Release|x64.ActiveCfg = Release|x64
		{3C03A41C-BE4C-40A8-97D5-5DBAC0C34102}.Release|x64.Build.0 = Release|x64
		{3C03A41C-BE4C-40A8-97D5-5DBAC0C34102}.Release|x86.ActiveCfg = Release|x86
		{3C03A41C-BE4C-40A8-97D5-5DBAC0C34102}.Release|x86.Build.0 = Release|x86
		{05FA2F21-D4DE-4F42-8D8F-AC79993394F6}.Debug|Any CPU.ActiveCfg = Debug|x86
		{05FA2F21-D4DE-4F42-8D8F-AC79993394F6}.Debug|x64.ActiveCfg = Debug|x64
		{05FA2F21-D4DE-4F42-8D8F-AC79993394F6}.Debug|x64.Build.0 = Debug|x64
		{05FA2F21-D4DE-4F42-8D8F-AC79993394F6}.Debug|x86.ActiveCfg = Debug|x86
		{05FA2F21-D4DE-4F42-8D8F-AC79993394F6}.Debug|x86.Build.0 = Debug|x86
		{05FA2F21-D4DE-4F42-8D8F-AC79993394F6}.Release|Any CPU.ActiveCfg = Release|x86
		{05FA2F21-D4DE-4F42-8D8F-AC79993394F6}.Release|x64.ActiveCfg = Release|x64
		{05FA2F21-D4DE-4F42-8D8F-AC79993394F6}.Release|x64.Build.0 = Release|x64
		{05FA2F21-D4DE-4F42-8D8F-AC79993394F6}.Release|x86.ActiveCfg = Release|x86
		{05FA2F21-D4DE-4F42-8D8F-AC79993394F6}.Release|x86.Build.0 = Release|x86
		{3DD11384-2CC1-4EE9-9F4A-02B6FE8759C0}.Debug|Any CPU.ActiveCfg = Debug|x86
		{3DD11384-2CC1-4EE9-9F4A-02B6FE8759C0}.Debug|x64.ActiveCfg = Debug|x64
		{3DD11384-2CC1-4EE9-9F4A-02B6FE8759C0}.Debug|x64.Build.0 = Debug|x64
		{3DD11384-2CC1-4EE9-9F4A-02B6FE8759C0}.Debug|x86.ActiveCfg = Debug|x86
		{3DD11384-2CC1-4EE9-9F4A-02B6FE8759C0}.Debug|x86.Build.0 = Debug|x86
		{3DD11384-2CC1-4EE9-9F4A-02B6FE8759C0}.Release|Any CPU.ActiveCfg = Release|x86
		{3DD11384-2CC1-4EE9-9F4A-02B6FE8759C0}.Release|x64.ActiveCfg = Release|x64
		{3DD11384-2CC1-4EE9-9F4A-02B6FE8759C0}.Release|x64.Build.0 = Release|x64
		{3DD11384-2CC1-4EE9-9F4A-02B6FE8759C0}.Release|x86.ActiveCfg = Release|x86
		{3DD11384-2CC1-4EE9-9F4A-02B6FE8759C0}.Release|x86.Build.0 = Release|x86
		{DB770671-ECE8-4978-A992-E0D4D44F8FC8}.Debug|Any CPU.ActiveCfg = Debug|Any CPU
		{DB770671-ECE8-4978-A992-E0D4D44F8FC8}.Debug|Any CPU.Build.0 = Debug|Any CPU
		{DB770671-ECE8-4978-A992-E0D4D44F8FC8}.Debug|x64.ActiveCfg = Debug|Any CPU
		{DB770671-ECE8-4978-A992-E0D4D44F8FC8}.Debug|x64.Build.0 = Debug|Any CPU
		{DB770671-ECE8-4978-A992-E0D4D44F8FC8}.Debug|x86.ActiveCfg = Debug|Any CPU
		{DB770671-ECE8-4978-A992-E0D4D44F8FC8}.Debug|x86.Build.0 = Debug|Any CPU
		{DB770671-ECE8-4978-A992-E0D4D44F8FC8}.Release|Any CPU.ActiveCfg = Release|Any CPU
		{DB770671-ECE8-4978-A992-E0D4D44F8FC8}.Release|Any CPU.Build.0 = Release|Any CPU
		{DB770671-ECE8-4978-A992-E0D4D44F8FC8}.Release|x64.ActiveCfg = Release|Any CPU
		{DB770671-ECE8-4978-A992-E0D4D44F8FC8}.Release|x64.Build.0 = Release|Any CPU
		{DB770671-ECE8-4978-A992-E0D4D44F8FC8}.Release|x86.ActiveCfg = Release|Any CPU
		{DB770671-ECE8-4978-A992-E0D4D44F8FC8}.Release|x86.Build.0 = Release|Any CPU
		{D4ABD5DE-047E-495C-B4DB-503CD2C002C0}.Debug|Any CPU.ActiveCfg = Debug|x64
		{D4ABD5DE-047E-495C-B4DB-503CD2C002C0}.Debug|x64.ActiveCfg = Debug|x64
		{D4ABD5DE-047E-495C-B4DB-503CD2C002C0}.Debug|x64.Build.0 = Debug|x64
		{D4ABD5DE-047E-495C-B4DB-503CD2C002C0}.Debug|x86.ActiveCfg = Debug|x64
		{D4ABD5DE-047E-495C-B4DB-503CD2C002C0}.Release|Any CPU.ActiveCfg = Release|x64
		{D4ABD5DE-047E-495C-B4DB-503CD2C002C0}.Release|x64.ActiveCfg = Release|x64
		{D4ABD5DE-047E-495C-B4DB-503CD2C002C0}.Release|x64.Build.0 = Release|x64
		{D4ABD5DE-047E-495C-B4DB-503CD2C002C0}.Release|x86.ActiveCfg = Release|x64
		{C210A526-3C5A-470F-9E1F-DF6D19A4D257}.Debug|Any CPU.ActiveCfg = Debug|Any CPU
		{C210A526-3C5A-470F-9E1F-DF6D19A4D257}.Debug|Any CPU.Build.0 = Debug|Any CPU
		{C210A526-3C5A-470F-9E1F-DF6D19A4D257}.Debug|x64.ActiveCfg = Debug|Any CPU
		{C210A526-3C5A-470F-9E1F-DF6D19A4D257}.Debug|x64.Build.0 = Debug|Any CPU
		{C210A526-3C5A-470F-9E1F-DF6D19A4D257}.Debug|x86.ActiveCfg = Debug|Any CPU
		{C210A526-3C5A-470F-9E1F-DF6D19A4D257}.Debug|x86.Build.0 = Debug|Any CPU
		{C210A526-3C5A-470F-9E1F-DF6D19A4D257}.Release|Any CPU.ActiveCfg = Release|Any CPU
		{C210A526-3C5A-470F-9E1F-DF6D19A4D257}.Release|Any CPU.Build.0 = Release|Any CPU
		{C210A526-3C5A-470F-9E1F-DF6D19A4D257}.Release|x64.ActiveCfg = Release|Any CPU
		{C210A526-3C5A-470F-9E1F-DF6D19A4D257}.Release|x64.Build.0 = Release|Any CPU
		{C210A526-3C5A-470F-9E1F-DF6D19A4D257}.Release|x86.ActiveCfg = Release|Any CPU
		{C210A526-3C5A-470F-9E1F-DF6D19A4D257}.Release|x86.Build.0 = Release|Any CPU
		{AA75150D-EE56-49C0-9431-751F83CCC0CD}.Debug|Any CPU.ActiveCfg = Debug|Any CPU
		{AA75150D-EE56-49C0-9431-751F83CCC0CD}.Debug|Any CPU.Build.0 = Debug|Any CPU
		{AA75150D-EE56-49C0-9431-751F83CCC0CD}.Debug|x64.ActiveCfg = Debug|Any CPU
		{AA75150D-EE56-49C0-9431-751F83CCC0CD}.Debug|x64.Build.0 = Debug|Any CPU
		{AA75150D-EE56-49C0-9431-751F83CCC0CD}.Debug|x86.ActiveCfg = Debug|Any CPU
		{AA75150D-EE56-49C0-9431-751F83CCC0CD}.Debug|x86.Build.0 = Debug|Any CPU
		{AA75150D-EE56-49C0-9431-751F83CCC0CD}.Release|Any CPU.ActiveCfg = Release|Any CPU
		{AA75150D-EE56-49C0-9431-751F83CCC0CD}.Release|Any CPU.Build.0 = Release|Any CPU
		{AA75150D-EE56-49C0-9431-751F83CCC0CD}.Release|x64.ActiveCfg = Release|Any CPU
		{AA75150D-EE56-49C0-9431-751F83CCC0CD}.Release|x64.Build.0 = Release|Any CPU
		{AA75150D-EE56-49C0-9431-751F83CCC0CD}.Release|x86.ActiveCfg = Release|Any CPU
		{AA75150D-EE56-49C0-9431-751F83CCC0CD}.Release|x86.Build.0 = Release|Any CPU
		{5B775779-A5AE-4F94-90EC-59973FA80D4D}.Debug|Any CPU.ActiveCfg = Debug|Any CPU
		{5B775779-A5AE-4F94-90EC-59973FA80D4D}.Debug|Any CPU.Build.0 = Debug|Any CPU
		{5B775779-A5AE-4F94-90EC-59973FA80D4D}.Debug|x64.ActiveCfg = Debug|Any CPU
		{5B775779-A5AE-4F94-90EC-59973FA80D4D}.Debug|x64.Build.0 = Debug|Any CPU
		{5B775779-A5AE-4F94-90EC-59973FA80D4D}.Debug|x86.ActiveCfg = Debug|Any CPU
		{5B775779-A5AE-4F94-90EC-59973FA80D4D}.Debug|x86.Build.0 = Debug|Any CPU
		{5B775779-A5AE-4F94-90EC-59973FA80D4D}.Release|Any CPU.ActiveCfg = Release|Any CPU
		{5B775779-A5AE-4F94-90EC-59973FA80D4D}.Release|Any CPU.Build.0 = Release|Any CPU
		{5B775779-A5AE-4F94-90EC-59973FA80D4D}.Release|x64.ActiveCfg = Release|Any CPU
		{5B775779-A5AE-4F94-90EC-59973FA80D4D}.Release|x64.Build.0 = Release|Any CPU
		{5B775779-A5AE-4F94-90EC-59973FA80D4D}.Release|x86.ActiveCfg = Release|Any CPU
		{5B775779-A5AE-4F94-90EC-59973FA80D4D}.Release|x86.Build.0 = Release|Any CPU
		{AE91CEB5-378A-4EEF-AEBF-C40ED1EF23CF}.Debug|Any CPU.ActiveCfg = Debug|Any CPU
		{AE91CEB5-378A-4EEF-AEBF-C40ED1EF23CF}.Debug|Any CPU.Build.0 = Debug|Any CPU
		{AE91CEB5-378A-4EEF-AEBF-C40ED1EF23CF}.Debug|x64.ActiveCfg = Debug|Any CPU
		{AE91CEB5-378A-4EEF-AEBF-C40ED1EF23CF}.Debug|x64.Build.0 = Debug|Any CPU
		{AE91CEB5-378A-4EEF-AEBF-C40ED1EF23CF}.Debug|x86.ActiveCfg = Debug|Any CPU
		{AE91CEB5-378A-4EEF-AEBF-C40ED1EF23CF}.Debug|x86.Build.0 = Debug|Any CPU
		{AE91CEB5-378A-4EEF-AEBF-C40ED1EF23CF}.Release|Any CPU.ActiveCfg = Release|Any CPU
		{AE91CEB5-378A-4EEF-AEBF-C40ED1EF23CF}.Release|Any CPU.Build.0 = Release|Any CPU
		{AE91CEB5-378A-4EEF-AEBF-C40ED1EF23CF}.Release|x64.ActiveCfg = Release|Any CPU
		{AE91CEB5-378A-4EEF-AEBF-C40ED1EF23CF}.Release|x64.Build.0 = Release|Any CPU
		{AE91CEB5-378A-4EEF-AEBF-C40ED1EF23CF}.Release|x86.ActiveCfg = Release|Any CPU
		{AE91CEB5-378A-4EEF-AEBF-C40ED1EF23CF}.Release|x86.Build.0 = Release|Any CPU
	EndGlobalSection
	GlobalSection(SolutionProperties) = preSolution
		HideSolutionNode = FALSE
	EndGlobalSection
	GlobalSection(NestedProjects) = preSolution
		{DE385DE4-96A1-4CB0-A853-56425EC534D6} = {7832FB84-700F-4A9A-89E5-4BD9F38EDCD8}
		{7832FB84-700F-4A9A-89E5-4BD9F38EDCD8} = {59D60414-B0FB-4A6E-8CEE-A6FC387A5A53}
		{0F674328-FA69-4F6C-AB70-9D8B01EC83DB} = {59D60414-B0FB-4A6E-8CEE-A6FC387A5A53}
		{039B8809-03A5-4783-9C2E-FC53C884B9AD} = {59D60414-B0FB-4A6E-8CEE-A6FC387A5A53}
		{01D58FA3-7E45-4310-8C89-2F0226F4A0D6} = {7832FB84-700F-4A9A-89E5-4BD9F38EDCD8}
		{63E5FB17-6A61-4110-8266-02D5F5E35822} = {039B8809-03A5-4783-9C2E-FC53C884B9AD}
		{70268375-6F86-40F2-9D9B-0A5E18D870D0} = {0F674328-FA69-4F6C-AB70-9D8B01EC83DB}
		{2088AB3A-612C-4495-A745-D032D121ABC2} = {039B8809-03A5-4783-9C2E-FC53C884B9AD}
		{34A9CA67-9D17-4AD5-B259-B1D60BACBF17} = {1273566C-3127-47ED-987F-48FE148D53F9}
		{A07D94C2-40EF-48DB-B828-7E53E7F5A372} = {34A9CA67-9D17-4AD5-B259-B1D60BACBF17}
		{235804A8-9C8F-40EC-8786-5DAB24733977} = {34A9CA67-9D17-4AD5-B259-B1D60BACBF17}
		{5F25D9C5-9A93-49E7-92F7-58E399AEF928} = {34A9CA67-9D17-4AD5-B259-B1D60BACBF17}
		{FBEE1369-0F6C-41E6-8C62-8C1C5CDBB602} = {1273566C-3127-47ED-987F-48FE148D53F9}
		{6A84DB56-920C-4FC1-9CB0-9C29D0FC1586} = {1273566C-3127-47ED-987F-48FE148D53F9}
		{E07DFE6A-8C18-460A-8DD4-47A3320223D7} = {1273566C-3127-47ED-987F-48FE148D53F9}
		{5E3A0536-9983-41FF-B083-7823DE6C0C68} = {0F674328-FA69-4F6C-AB70-9D8B01EC83DB}
		{F19A6BE6-6FC6-40F0-B49E-BF1EEE7FFDD6} = {59D60414-B0FB-4A6E-8CEE-A6FC387A5A53}
		{9276E328-FBD9-4AA6-863A-0FAE8B665625} = {F19A6BE6-6FC6-40F0-B49E-BF1EEE7FFDD6}
		{06A9FD17-9E70-4CBF-AD4B-9AD68BB2CBF4} = {F19A6BE6-6FC6-40F0-B49E-BF1EEE7FFDD6}
		{274DCAF7-5FDD-46A0-97E2-91DBCA365381} = {F9184B5A-8054-446B-9768-48AF0CF1CA7F}
		{BA3D0EA9-5697-412C-B9A3-B71E988709CE} = {F9184B5A-8054-446B-9768-48AF0CF1CA7F}
		{DF04B40F-DF58-4085-A6E6-AB5C4B38D8DA} = {F9184B5A-8054-446B-9768-48AF0CF1CA7F}
		{4CC0B3F4-8E22-4AEB-82ED-F8F67DAA0699} = {F9184B5A-8054-446B-9768-48AF0CF1CA7F}
		{35679A04-DB61-4430-AD3F-65C2C2A53391} = {DF04B40F-DF58-4085-A6E6-AB5C4B38D8DA}
		{3C03A41C-BE4C-40A8-97D5-5DBAC0C34102} = {DF04B40F-DF58-4085-A6E6-AB5C4B38D8DA}
		{05FA2F21-D4DE-4F42-8D8F-AC79993394F6} = {DF04B40F-DF58-4085-A6E6-AB5C4B38D8DA}
		{3DD11384-2CC1-4EE9-9F4A-02B6FE8759C0} = {DF04B40F-DF58-4085-A6E6-AB5C4B38D8DA}
		{DB770671-ECE8-4978-A992-E0D4D44F8FC8} = {DF04B40F-DF58-4085-A6E6-AB5C4B38D8DA}
		{D4ABD5DE-047E-495C-B4DB-503CD2C002C0} = {611D98F4-AC14-44AC-8049-5FED992B8410}
		{C210A526-3C5A-470F-9E1F-DF6D19A4D257} = {611D98F4-AC14-44AC-8049-5FED992B8410}
		{AA75150D-EE56-49C0-9431-751F83CCC0CD} = {34A9CA67-9D17-4AD5-B259-B1D60BACBF17}
		{5B775779-A5AE-4F94-90EC-59973FA80D4D} = {1273566C-3127-47ED-987F-48FE148D53F9}
		{AE91CEB5-378A-4EEF-AEBF-C40ED1EF23CF} = {1273566C-3127-47ED-987F-48FE148D53F9}
	EndGlobalSection
	GlobalSection(ExtensibilityGlobals) = postSolution
		SolutionGuid = {900889C5-0CD3-44E8-ADE4-9BED7AA01A1E}
	EndGlobalSection
EndGlobal
