
Microsoft Visual Studio Solution File, Format Version 12.00
# Visual Studio Version 16
VisualStudioVersion = 16.0.29403.142
MinimumVisualStudioVersion = 10.0.40219.1
Project("{FAE04EC0-301F-11D3-BF4B-00C04F79EFBC}") = "OMS.Web.API", "OMS.Web.API\OMS.Web.API.csproj", "{9DA1F44E-8FFF-46C2-AF3A-31901B1394BD}"
EndProject
Project("{FAE04EC0-301F-11D3-BF4B-00C04F79EFBC}") = "OMS.Web.API.Tests", "OMS.Web.API.Tests\OMS.Web.API.Tests.csproj", "{60FF4041-6509-45AB-A4F5-CC55A1E213B6}"
EndProject
Global
	GlobalSection(SolutionConfigurationPlatforms) = preSolution
		Debug|Any CPU = Debug|Any CPU
		Release|Any CPU = Release|Any CPU
	EndGlobalSection
	GlobalSection(ProjectConfigurationPlatforms) = postSolution
		{9DA1F44E-8FFF-46C2-AF3A-31901B1394BD}.Debug|Any CPU.ActiveCfg = Debug|Any CPU
		{9DA1F44E-8FFF-46C2-AF3A-31901B1394BD}.Debug|Any CPU.Build.0 = Debug|Any CPU
		{9DA1F44E-8FFF-46C2-AF3A-31901B1394BD}.Release|Any CPU.ActiveCfg = Release|Any CPU
		{9DA1F44E-8FFF-46C2-AF3A-31901B1394BD}.Release|Any CPU.Build.0 = Release|Any CPU
		{60FF4041-6509-45AB-A4F5-CC55A1E213B6}.Debug|Any CPU.ActiveCfg = Debug|Any CPU
		{60FF4041-6509-45AB-A4F5-CC55A1E213B6}.Debug|Any CPU.Build.0 = Debug|Any CPU
		{60FF4041-6509-45AB-A4F5-CC55A1E213B6}.Release|Any CPU.ActiveCfg = Release|Any CPU
		{60FF4041-6509-45AB-A4F5-CC55A1E213B6}.Release|Any CPU.Build.0 = Release|Any CPU
	EndGlobalSection
	GlobalSection(SolutionProperties) = preSolution
		HideSolutionNode = FALSE
	EndGlobalSection
	GlobalSection(ExtensibilityGlobals) = postSolution
		SolutionGuid = {09D7925C-EB75-4CBB-B547-11C69BA89230}
	EndGlobalSection
EndGlobal
