
Microsoft Visual Studio Solution File, Format Version 12.00
# Visual Studio 14
VisualStudioVersion = 14.0.25420.1
MinimumVisualStudioVersion = 10.0.40219.1
Project("{FAE04EC0-301F-11D3-BF4B-00C04F79EFBC}") = "NetworkModelService", "NetworkModelService\NetworkModelService.csproj", "{C348D8C1-43B0-423C-A70A-374D54510830}"
EndProject
Project("{FAE04EC0-301F-11D3-BF4B-00C04F79EFBC}") = "NetworkModelServiceHost", "NetworkModelServiceHost\NetworkModelServiceHost.csproj", "{0DFE09A6-2A5D-4C50-BC03-FCC6FFE93B9A}"
EndProject
Project("{FAE04EC0-301F-11D3-BF4B-00C04F79EFBC}") = "DataModel", "DataModel\DataModel.csproj", "{274DCAF7-5FDD-46A0-97E2-91DBCA365381}"
EndProject
Project("{2150E333-8FDC-42A3-9474-1A3956D46DE8}") = "Common", "Common", "{0DE53BD9-8CBF-42A0-A609-3C3C470CC25D}"
EndProject
Project("{2150E333-8FDC-42A3-9474-1A3956D46DE8}") = "ServiceContracts", "ServiceContracts", "{29C3859C-A4A9-4938-B5D4-3AE761745D55}"
EndProject
Project("{2150E333-8FDC-42A3-9474-1A3956D46DE8}") = "3rdPartySoftware", "3rdPartySoftware", "{C7B7DE16-099E-4DE1-9EB8-05A50A1CD1F3}"
EndProject
Project("{2150E333-8FDC-42A3-9474-1A3956D46DE8}") = "DataImporter", "DataImporter", "{86881BA8-C2B7-4B80-B3D2-B5CBA8F27B33}"
EndProject
Project("{FAE04EC0-301F-11D3-BF4B-00C04F79EFBC}") = "CIMAdapter", "CIMAdapter\CIMAdapter.csproj", "{35679A04-DB61-4430-AD3F-65C2C2A53391}"
EndProject
Project("{FAE04EC0-301F-11D3-BF4B-00C04F79EFBC}") = "ModelLabsApp", "ModelLabsApp\ModelLabsApp.csproj", "{3DD11384-2CC1-4EE9-9F4A-02B6FE8759C0}"
EndProject
Project("{2150E333-8FDC-42A3-9474-1A3956D46DE8}") = "CIMProfileCreator", "CIMProfileCreator", "{4822D9C3-12BB-4F10-9C61-3188ECA46DDE}"
EndProject
Project("{FAE04EC0-301F-11D3-BF4B-00C04F79EFBC}") = "CIMParser", "CIMParser\CIMParser.csproj", "{3C03A41C-BE4C-40A8-97D5-5DBAC0C34102}"
EndProject
Project("{FAE04EC0-301F-11D3-BF4B-00C04F79EFBC}") = "CIMProfileCreator", "CIMProfileCreator\CIMProfileCreator.csproj", "{05FA2F21-D4DE-4F42-8D8F-AC79993394F6}"
EndProject
Project("{FAE04EC0-301F-11D3-BF4B-00C04F79EFBC}") = "Common", "Common\Common.csproj", "{892CBE15-9ED7-4540-81FA-0EAABA592138}"
EndProject
Project("{FAE04EC0-301F-11D3-BF4B-00C04F79EFBC}") = "NetworkModelGDAContract", "NetworkModelQueryContract\NetworkModelGDAContract.csproj", "{B726FB71-D295-41EE-9644-B2B0B1BC8911}"
EndProject
<<<<<<< HEAD
Project("{FAE04EC0-301F-11D3-BF4B-00C04F79EFBC}") = "Client", "Client\Client.csproj", "{C99A9D63-D9B6-4EDF-8B30-FA2D0338B981}"
=======
Project("{FAE04EC0-301F-11D3-BF4B-00C04F79EFBC}") = "NMSTestClientUI", "NMSTestClientUI\NMSTestClientUI.csproj", "{DB770671-ECE8-4978-A992-E0D4D44F8FC8}"
>>>>>>> c36308c973915c530d85ce116b975955cc509134
EndProject
Global
	GlobalSection(SolutionConfigurationPlatforms) = preSolution
		Debug|Any CPU = Debug|Any CPU
		Debug|x64 = Debug|x64
		Debug|x86 = Debug|x86
		Release|Any CPU = Release|Any CPU
		Release|x64 = Release|x64
		Release|x86 = Release|x86
	EndGlobalSection
	GlobalSection(ProjectConfigurationPlatforms) = postSolution
		{C348D8C1-43B0-423C-A70A-374D54510830}.Debug|Any CPU.ActiveCfg = Debug|Any CPU
		{C348D8C1-43B0-423C-A70A-374D54510830}.Debug|Any CPU.Build.0 = Debug|Any CPU
		{C348D8C1-43B0-423C-A70A-374D54510830}.Debug|x64.ActiveCfg = Debug|Any CPU
		{C348D8C1-43B0-423C-A70A-374D54510830}.Debug|x64.Build.0 = Debug|Any CPU
		{C348D8C1-43B0-423C-A70A-374D54510830}.Debug|x86.ActiveCfg = Debug|Any CPU
		{C348D8C1-43B0-423C-A70A-374D54510830}.Debug|x86.Build.0 = Debug|Any CPU
		{C348D8C1-43B0-423C-A70A-374D54510830}.Release|Any CPU.ActiveCfg = Release|Any CPU
		{C348D8C1-43B0-423C-A70A-374D54510830}.Release|Any CPU.Build.0 = Release|Any CPU
		{C348D8C1-43B0-423C-A70A-374D54510830}.Release|x64.ActiveCfg = Release|Any CPU
		{C348D8C1-43B0-423C-A70A-374D54510830}.Release|x64.Build.0 = Release|Any CPU
		{C348D8C1-43B0-423C-A70A-374D54510830}.Release|x86.ActiveCfg = Release|Any CPU
		{C348D8C1-43B0-423C-A70A-374D54510830}.Release|x86.Build.0 = Release|Any CPU
		{0DFE09A6-2A5D-4C50-BC03-FCC6FFE93B9A}.Debug|Any CPU.ActiveCfg = Debug|Any CPU
		{0DFE09A6-2A5D-4C50-BC03-FCC6FFE93B9A}.Debug|Any CPU.Build.0 = Debug|Any CPU
		{0DFE09A6-2A5D-4C50-BC03-FCC6FFE93B9A}.Debug|x64.ActiveCfg = Debug|Any CPU
		{0DFE09A6-2A5D-4C50-BC03-FCC6FFE93B9A}.Debug|x64.Build.0 = Debug|Any CPU
		{0DFE09A6-2A5D-4C50-BC03-FCC6FFE93B9A}.Debug|x86.ActiveCfg = Debug|Any CPU
		{0DFE09A6-2A5D-4C50-BC03-FCC6FFE93B9A}.Debug|x86.Build.0 = Debug|Any CPU
		{0DFE09A6-2A5D-4C50-BC03-FCC6FFE93B9A}.Release|Any CPU.ActiveCfg = Release|Any CPU
		{0DFE09A6-2A5D-4C50-BC03-FCC6FFE93B9A}.Release|Any CPU.Build.0 = Release|Any CPU
		{0DFE09A6-2A5D-4C50-BC03-FCC6FFE93B9A}.Release|x64.ActiveCfg = Release|Any CPU
		{0DFE09A6-2A5D-4C50-BC03-FCC6FFE93B9A}.Release|x64.Build.0 = Release|Any CPU
		{0DFE09A6-2A5D-4C50-BC03-FCC6FFE93B9A}.Release|x86.ActiveCfg = Release|Any CPU
		{0DFE09A6-2A5D-4C50-BC03-FCC6FFE93B9A}.Release|x86.Build.0 = Release|Any CPU
		{274DCAF7-5FDD-46A0-97E2-91DBCA365381}.Debug|Any CPU.ActiveCfg = Debug|Any CPU
		{274DCAF7-5FDD-46A0-97E2-91DBCA365381}.Debug|Any CPU.Build.0 = Debug|Any CPU
		{274DCAF7-5FDD-46A0-97E2-91DBCA365381}.Debug|x64.ActiveCfg = Debug|Any CPU
		{274DCAF7-5FDD-46A0-97E2-91DBCA365381}.Debug|x64.Build.0 = Debug|Any CPU
		{274DCAF7-5FDD-46A0-97E2-91DBCA365381}.Debug|x86.ActiveCfg = Debug|Any CPU
		{274DCAF7-5FDD-46A0-97E2-91DBCA365381}.Debug|x86.Build.0 = Debug|Any CPU
		{274DCAF7-5FDD-46A0-97E2-91DBCA365381}.Release|Any CPU.ActiveCfg = Release|Any CPU
		{274DCAF7-5FDD-46A0-97E2-91DBCA365381}.Release|Any CPU.Build.0 = Release|Any CPU
		{274DCAF7-5FDD-46A0-97E2-91DBCA365381}.Release|x64.ActiveCfg = Release|Any CPU
		{274DCAF7-5FDD-46A0-97E2-91DBCA365381}.Release|x64.Build.0 = Release|Any CPU
		{274DCAF7-5FDD-46A0-97E2-91DBCA365381}.Release|x86.ActiveCfg = Release|Any CPU
		{274DCAF7-5FDD-46A0-97E2-91DBCA365381}.Release|x86.Build.0 = Release|Any CPU
		{35679A04-DB61-4430-AD3F-65C2C2A53391}.Debug|Any CPU.ActiveCfg = Debug|Any CPU
		{35679A04-DB61-4430-AD3F-65C2C2A53391}.Debug|Any CPU.Build.0 = Debug|Any CPU
		{35679A04-DB61-4430-AD3F-65C2C2A53391}.Debug|x64.ActiveCfg = Debug|Any CPU
		{35679A04-DB61-4430-AD3F-65C2C2A53391}.Debug|x64.Build.0 = Debug|Any CPU
		{35679A04-DB61-4430-AD3F-65C2C2A53391}.Debug|x86.ActiveCfg = Debug|Any CPU
		{35679A04-DB61-4430-AD3F-65C2C2A53391}.Debug|x86.Build.0 = Debug|Any CPU
		{35679A04-DB61-4430-AD3F-65C2C2A53391}.Release|Any CPU.ActiveCfg = Release|Any CPU
		{35679A04-DB61-4430-AD3F-65C2C2A53391}.Release|Any CPU.Build.0 = Release|Any CPU
		{35679A04-DB61-4430-AD3F-65C2C2A53391}.Release|x64.ActiveCfg = Release|Any CPU
		{35679A04-DB61-4430-AD3F-65C2C2A53391}.Release|x64.Build.0 = Release|Any CPU
		{35679A04-DB61-4430-AD3F-65C2C2A53391}.Release|x86.ActiveCfg = Release|Any CPU
		{35679A04-DB61-4430-AD3F-65C2C2A53391}.Release|x86.Build.0 = Release|Any CPU
		{3DD11384-2CC1-4EE9-9F4A-02B6FE8759C0}.Debug|Any CPU.ActiveCfg = Debug|x86
		{3DD11384-2CC1-4EE9-9F4A-02B6FE8759C0}.Debug|x64.ActiveCfg = Debug|x64
		{3DD11384-2CC1-4EE9-9F4A-02B6FE8759C0}.Debug|x64.Build.0 = Debug|x64
		{3DD11384-2CC1-4EE9-9F4A-02B6FE8759C0}.Debug|x86.ActiveCfg = Debug|x86
		{3DD11384-2CC1-4EE9-9F4A-02B6FE8759C0}.Debug|x86.Build.0 = Debug|x86
		{3DD11384-2CC1-4EE9-9F4A-02B6FE8759C0}.Release|Any CPU.ActiveCfg = Release|x86
		{3DD11384-2CC1-4EE9-9F4A-02B6FE8759C0}.Release|x64.ActiveCfg = Release|x64
		{3DD11384-2CC1-4EE9-9F4A-02B6FE8759C0}.Release|x64.Build.0 = Release|x64
		{3DD11384-2CC1-4EE9-9F4A-02B6FE8759C0}.Release|x86.ActiveCfg = Release|x86
		{3DD11384-2CC1-4EE9-9F4A-02B6FE8759C0}.Release|x86.Build.0 = Release|x86
		{3C03A41C-BE4C-40A8-97D5-5DBAC0C34102}.Debug|Any CPU.ActiveCfg = Debug|x86
		{3C03A41C-BE4C-40A8-97D5-5DBAC0C34102}.Debug|x64.ActiveCfg = Debug|x64
		{3C03A41C-BE4C-40A8-97D5-5DBAC0C34102}.Debug|x64.Build.0 = Debug|x64
		{3C03A41C-BE4C-40A8-97D5-5DBAC0C34102}.Debug|x86.ActiveCfg = Debug|x86
		{3C03A41C-BE4C-40A8-97D5-5DBAC0C34102}.Debug|x86.Build.0 = Debug|x86
		{3C03A41C-BE4C-40A8-97D5-5DBAC0C34102}.Release|Any CPU.ActiveCfg = Release|x86
		{3C03A41C-BE4C-40A8-97D5-5DBAC0C34102}.Release|x64.ActiveCfg = Release|x64
		{3C03A41C-BE4C-40A8-97D5-5DBAC0C34102}.Release|x64.Build.0 = Release|x64
		{3C03A41C-BE4C-40A8-97D5-5DBAC0C34102}.Release|x86.ActiveCfg = Release|x86
		{3C03A41C-BE4C-40A8-97D5-5DBAC0C34102}.Release|x86.Build.0 = Release|x86
		{05FA2F21-D4DE-4F42-8D8F-AC79993394F6}.Debug|Any CPU.ActiveCfg = Debug|x86
		{05FA2F21-D4DE-4F42-8D8F-AC79993394F6}.Debug|x64.ActiveCfg = Debug|x64
		{05FA2F21-D4DE-4F42-8D8F-AC79993394F6}.Debug|x64.Build.0 = Debug|x64
		{05FA2F21-D4DE-4F42-8D8F-AC79993394F6}.Debug|x86.ActiveCfg = Debug|x86
		{05FA2F21-D4DE-4F42-8D8F-AC79993394F6}.Debug|x86.Build.0 = Debug|x86
		{05FA2F21-D4DE-4F42-8D8F-AC79993394F6}.Release|Any CPU.ActiveCfg = Release|x86
		{05FA2F21-D4DE-4F42-8D8F-AC79993394F6}.Release|x64.ActiveCfg = Release|x64
		{05FA2F21-D4DE-4F42-8D8F-AC79993394F6}.Release|x64.Build.0 = Release|x64
		{05FA2F21-D4DE-4F42-8D8F-AC79993394F6}.Release|x86.ActiveCfg = Release|x86
		{05FA2F21-D4DE-4F42-8D8F-AC79993394F6}.Release|x86.Build.0 = Release|x86
		{892CBE15-9ED7-4540-81FA-0EAABA592138}.Debug|Any CPU.ActiveCfg = Debug|x86
		{892CBE15-9ED7-4540-81FA-0EAABA592138}.Debug|x64.ActiveCfg = Debug|x64
		{892CBE15-9ED7-4540-81FA-0EAABA592138}.Debug|x64.Build.0 = Debug|x64
		{892CBE15-9ED7-4540-81FA-0EAABA592138}.Debug|x86.ActiveCfg = Debug|x86
		{892CBE15-9ED7-4540-81FA-0EAABA592138}.Debug|x86.Build.0 = Debug|x86
		{892CBE15-9ED7-4540-81FA-0EAABA592138}.Release|Any CPU.ActiveCfg = Release|x86
		{892CBE15-9ED7-4540-81FA-0EAABA592138}.Release|x64.ActiveCfg = Release|x64
		{892CBE15-9ED7-4540-81FA-0EAABA592138}.Release|x64.Build.0 = Release|x64
		{892CBE15-9ED7-4540-81FA-0EAABA592138}.Release|x86.ActiveCfg = Release|x86
		{892CBE15-9ED7-4540-81FA-0EAABA592138}.Release|x86.Build.0 = Release|x86
		{B726FB71-D295-41EE-9644-B2B0B1BC8911}.Debug|Any CPU.ActiveCfg = Debug|x86
		{B726FB71-D295-41EE-9644-B2B0B1BC8911}.Debug|x64.ActiveCfg = Debug|x64
		{B726FB71-D295-41EE-9644-B2B0B1BC8911}.Debug|x64.Build.0 = Debug|x64
		{B726FB71-D295-41EE-9644-B2B0B1BC8911}.Debug|x86.ActiveCfg = Debug|x86
		{B726FB71-D295-41EE-9644-B2B0B1BC8911}.Debug|x86.Build.0 = Debug|x86
		{B726FB71-D295-41EE-9644-B2B0B1BC8911}.Release|Any CPU.ActiveCfg = Release|x86
		{B726FB71-D295-41EE-9644-B2B0B1BC8911}.Release|x64.ActiveCfg = Release|x64
		{B726FB71-D295-41EE-9644-B2B0B1BC8911}.Release|x64.Build.0 = Release|x64
		{B726FB71-D295-41EE-9644-B2B0B1BC8911}.Release|x86.ActiveCfg = Release|x86
		{B726FB71-D295-41EE-9644-B2B0B1BC8911}.Release|x86.Build.0 = Release|x86
<<<<<<< HEAD
		{C99A9D63-D9B6-4EDF-8B30-FA2D0338B981}.Debug|Any CPU.ActiveCfg = Debug|Any CPU
		{C99A9D63-D9B6-4EDF-8B30-FA2D0338B981}.Debug|Any CPU.Build.0 = Debug|Any CPU
		{C99A9D63-D9B6-4EDF-8B30-FA2D0338B981}.Debug|x64.ActiveCfg = Debug|Any CPU
		{C99A9D63-D9B6-4EDF-8B30-FA2D0338B981}.Debug|x64.Build.0 = Debug|Any CPU
		{C99A9D63-D9B6-4EDF-8B30-FA2D0338B981}.Debug|x86.ActiveCfg = Debug|Any CPU
		{C99A9D63-D9B6-4EDF-8B30-FA2D0338B981}.Debug|x86.Build.0 = Debug|Any CPU
		{C99A9D63-D9B6-4EDF-8B30-FA2D0338B981}.Release|Any CPU.ActiveCfg = Release|Any CPU
		{C99A9D63-D9B6-4EDF-8B30-FA2D0338B981}.Release|Any CPU.Build.0 = Release|Any CPU
		{C99A9D63-D9B6-4EDF-8B30-FA2D0338B981}.Release|x64.ActiveCfg = Release|Any CPU
		{C99A9D63-D9B6-4EDF-8B30-FA2D0338B981}.Release|x64.Build.0 = Release|Any CPU
		{C99A9D63-D9B6-4EDF-8B30-FA2D0338B981}.Release|x86.ActiveCfg = Release|Any CPU
		{C99A9D63-D9B6-4EDF-8B30-FA2D0338B981}.Release|x86.Build.0 = Release|Any CPU
=======
		{DB770671-ECE8-4978-A992-E0D4D44F8FC8}.Debug|Any CPU.ActiveCfg = Debug|Any CPU
		{DB770671-ECE8-4978-A992-E0D4D44F8FC8}.Debug|Any CPU.Build.0 = Debug|Any CPU
		{DB770671-ECE8-4978-A992-E0D4D44F8FC8}.Debug|x64.ActiveCfg = Debug|Any CPU
		{DB770671-ECE8-4978-A992-E0D4D44F8FC8}.Debug|x64.Build.0 = Debug|Any CPU
		{DB770671-ECE8-4978-A992-E0D4D44F8FC8}.Debug|x86.ActiveCfg = Debug|Any CPU
		{DB770671-ECE8-4978-A992-E0D4D44F8FC8}.Debug|x86.Build.0 = Debug|Any CPU
		{DB770671-ECE8-4978-A992-E0D4D44F8FC8}.Release|Any CPU.ActiveCfg = Release|Any CPU
		{DB770671-ECE8-4978-A992-E0D4D44F8FC8}.Release|Any CPU.Build.0 = Release|Any CPU
		{DB770671-ECE8-4978-A992-E0D4D44F8FC8}.Release|x64.ActiveCfg = Release|Any CPU
		{DB770671-ECE8-4978-A992-E0D4D44F8FC8}.Release|x64.Build.0 = Release|Any CPU
		{DB770671-ECE8-4978-A992-E0D4D44F8FC8}.Release|x86.ActiveCfg = Release|Any CPU
		{DB770671-ECE8-4978-A992-E0D4D44F8FC8}.Release|x86.Build.0 = Release|Any CPU
>>>>>>> c36308c973915c530d85ce116b975955cc509134
	EndGlobalSection
	GlobalSection(SolutionProperties) = preSolution
		HideSolutionNode = FALSE
	EndGlobalSection
	GlobalSection(NestedProjects) = preSolution
		{35679A04-DB61-4430-AD3F-65C2C2A53391} = {86881BA8-C2B7-4B80-B3D2-B5CBA8F27B33}
		{3DD11384-2CC1-4EE9-9F4A-02B6FE8759C0} = {86881BA8-C2B7-4B80-B3D2-B5CBA8F27B33}
		{3C03A41C-BE4C-40A8-97D5-5DBAC0C34102} = {4822D9C3-12BB-4F10-9C61-3188ECA46DDE}
		{05FA2F21-D4DE-4F42-8D8F-AC79993394F6} = {4822D9C3-12BB-4F10-9C61-3188ECA46DDE}
		{892CBE15-9ED7-4540-81FA-0EAABA592138} = {0DE53BD9-8CBF-42A0-A609-3C3C470CC25D}
		{B726FB71-D295-41EE-9644-B2B0B1BC8911} = {29C3859C-A4A9-4938-B5D4-3AE761745D55}
	EndGlobalSection
	GlobalSection(ExtensibilityGlobals) = postSolution
		SolutionGuid = {C1A4DF3B-E552-4974-B508-EB4EBBEBA65A}
	EndGlobalSection
EndGlobal
