
Microsoft Visual Studio Solution File, Format Version 12.00
# Visual Studio Version 16
VisualStudioVersion = 16.0.29609.76
MinimumVisualStudioVersion = 10.0.40219.1
Project("{2150E333-8FDC-42A3-9474-1A3956D46DE8}") = "NetworkModelService", "NetworkModelService", "{2A3238D4-DE67-4A2A-BBF6-E8B17331BF51}"
EndProject
Project("{2150E333-8FDC-42A3-9474-1A3956D46DE8}") = "Common", "Common", "{224B5C2A-A788-4415-996B-587E3B391A71}"
EndProject
Project("{FAE04EC0-301F-11D3-BF4B-00C04F79EFBC}") = "Common", "..\OutageManagementSystem\Common\Common.csproj", "{892CBE15-9ED7-4540-81FA-0EAABA592138}"
EndProject
Project("{9A19103F-16F7-4668-BE54-9A1E7A4F7556}") = "NMS.Stateful", "NetworkModelService\NMS.Stateful\NMS.Stateful.csproj", "{343E9C82-2D3C-4BDF-A766-6CCDFFA250AA}"
EndProject
Project("{FAE04EC0-301F-11D3-BF4B-00C04F79EFBC}") = "NMS.Provider", "NetworkModelService\NMS.Provider\NMS.Provider.csproj", "{DC569D7F-23C2-4DB6-A49E-03459F3D38CF}"
EndProject
Project("{FAE04EC0-301F-11D3-BF4B-00C04F79EFBC}") = "Cloud.Common", "Cloud.Common\Cloud.Common.csproj", "{9C8B510F-C2C6-4F56-ABAC-FAE49C676F7E}"
EndProject
Project("{A07B5EB6-E848-4116-A8D0-A826331D98C6}") = "CloudOMS", "CloudOMS\CloudOMS.sfproj", "{C4A9FA33-B624-4942-B45C-ADA6C25EFD22}"
EndProject
Global
	GlobalSection(SolutionConfigurationPlatforms) = preSolution
		Debug|Any CPU = Debug|Any CPU
		Debug|x64 = Debug|x64
		Debug|x86 = Debug|x86
		Release|Any CPU = Release|Any CPU
		Release|x64 = Release|x64
		Release|x86 = Release|x86
	EndGlobalSection
	GlobalSection(ProjectConfigurationPlatforms) = postSolution
		{892CBE15-9ED7-4540-81FA-0EAABA592138}.Debug|Any CPU.ActiveCfg = Debug|x86
		{892CBE15-9ED7-4540-81FA-0EAABA592138}.Debug|x64.ActiveCfg = Debug|x64
		{892CBE15-9ED7-4540-81FA-0EAABA592138}.Debug|x64.Build.0 = Debug|x64
		{892CBE15-9ED7-4540-81FA-0EAABA592138}.Debug|x86.ActiveCfg = Debug|x86
		{892CBE15-9ED7-4540-81FA-0EAABA592138}.Debug|x86.Build.0 = Debug|x86
		{892CBE15-9ED7-4540-81FA-0EAABA592138}.Release|Any CPU.ActiveCfg = Release|x86
		{892CBE15-9ED7-4540-81FA-0EAABA592138}.Release|x64.ActiveCfg = Release|x64
		{892CBE15-9ED7-4540-81FA-0EAABA592138}.Release|x64.Build.0 = Release|x64
		{892CBE15-9ED7-4540-81FA-0EAABA592138}.Release|x86.ActiveCfg = Release|x86
		{892CBE15-9ED7-4540-81FA-0EAABA592138}.Release|x86.Build.0 = Release|x86
		{343E9C82-2D3C-4BDF-A766-6CCDFFA250AA}.Debug|Any CPU.ActiveCfg = Debug|Any CPU
		{343E9C82-2D3C-4BDF-A766-6CCDFFA250AA}.Debug|Any CPU.Build.0 = Debug|Any CPU
		{343E9C82-2D3C-4BDF-A766-6CCDFFA250AA}.Debug|x64.ActiveCfg = Debug|Any CPU
		{343E9C82-2D3C-4BDF-A766-6CCDFFA250AA}.Debug|x64.Build.0 = Debug|Any CPU
		{343E9C82-2D3C-4BDF-A766-6CCDFFA250AA}.Debug|x86.ActiveCfg = Debug|Any CPU
		{343E9C82-2D3C-4BDF-A766-6CCDFFA250AA}.Debug|x86.Build.0 = Debug|Any CPU
		{343E9C82-2D3C-4BDF-A766-6CCDFFA250AA}.Release|Any CPU.ActiveCfg = Release|Any CPU
		{343E9C82-2D3C-4BDF-A766-6CCDFFA250AA}.Release|Any CPU.Build.0 = Release|Any CPU
		{343E9C82-2D3C-4BDF-A766-6CCDFFA250AA}.Release|x64.ActiveCfg = Release|Any CPU
		{343E9C82-2D3C-4BDF-A766-6CCDFFA250AA}.Release|x64.Build.0 = Release|Any CPU
		{343E9C82-2D3C-4BDF-A766-6CCDFFA250AA}.Release|x86.ActiveCfg = Release|Any CPU
		{343E9C82-2D3C-4BDF-A766-6CCDFFA250AA}.Release|x86.Build.0 = Release|Any CPU
		{DC569D7F-23C2-4DB6-A49E-03459F3D38CF}.Debug|Any CPU.ActiveCfg = Debug|Any CPU
		{DC569D7F-23C2-4DB6-A49E-03459F3D38CF}.Debug|Any CPU.Build.0 = Debug|Any CPU
		{DC569D7F-23C2-4DB6-A49E-03459F3D38CF}.Debug|x64.ActiveCfg = Debug|Any CPU
		{DC569D7F-23C2-4DB6-A49E-03459F3D38CF}.Debug|x64.Build.0 = Debug|Any CPU
		{DC569D7F-23C2-4DB6-A49E-03459F3D38CF}.Debug|x86.ActiveCfg = Debug|Any CPU
		{DC569D7F-23C2-4DB6-A49E-03459F3D38CF}.Debug|x86.Build.0 = Debug|Any CPU
		{DC569D7F-23C2-4DB6-A49E-03459F3D38CF}.Release|Any CPU.ActiveCfg = Release|Any CPU
		{DC569D7F-23C2-4DB6-A49E-03459F3D38CF}.Release|Any CPU.Build.0 = Release|Any CPU
		{DC569D7F-23C2-4DB6-A49E-03459F3D38CF}.Release|x64.ActiveCfg = Release|Any CPU
		{DC569D7F-23C2-4DB6-A49E-03459F3D38CF}.Release|x64.Build.0 = Release|Any CPU
		{DC569D7F-23C2-4DB6-A49E-03459F3D38CF}.Release|x86.ActiveCfg = Release|Any CPU
		{DC569D7F-23C2-4DB6-A49E-03459F3D38CF}.Release|x86.Build.0 = Release|Any CPU
		{9C8B510F-C2C6-4F56-ABAC-FAE49C676F7E}.Debug|Any CPU.ActiveCfg = Debug|Any CPU
		{9C8B510F-C2C6-4F56-ABAC-FAE49C676F7E}.Debug|Any CPU.Build.0 = Debug|Any CPU
		{9C8B510F-C2C6-4F56-ABAC-FAE49C676F7E}.Debug|x64.ActiveCfg = Debug|Any CPU
		{9C8B510F-C2C6-4F56-ABAC-FAE49C676F7E}.Debug|x64.Build.0 = Debug|Any CPU
		{9C8B510F-C2C6-4F56-ABAC-FAE49C676F7E}.Debug|x86.ActiveCfg = Debug|Any CPU
		{9C8B510F-C2C6-4F56-ABAC-FAE49C676F7E}.Debug|x86.Build.0 = Debug|Any CPU
		{9C8B510F-C2C6-4F56-ABAC-FAE49C676F7E}.Release|Any CPU.ActiveCfg = Release|Any CPU
		{9C8B510F-C2C6-4F56-ABAC-FAE49C676F7E}.Release|Any CPU.Build.0 = Release|Any CPU
		{9C8B510F-C2C6-4F56-ABAC-FAE49C676F7E}.Release|x64.ActiveCfg = Release|Any CPU
		{9C8B510F-C2C6-4F56-ABAC-FAE49C676F7E}.Release|x64.Build.0 = Release|Any CPU
		{9C8B510F-C2C6-4F56-ABAC-FAE49C676F7E}.Release|x86.ActiveCfg = Release|Any CPU
		{9C8B510F-C2C6-4F56-ABAC-FAE49C676F7E}.Release|x86.Build.0 = Release|Any CPU
		{C4A9FA33-B624-4942-B45C-ADA6C25EFD22}.Debug|Any CPU.ActiveCfg = Debug|x64
		{C4A9FA33-B624-4942-B45C-ADA6C25EFD22}.Debug|x64.ActiveCfg = Debug|x64
		{C4A9FA33-B624-4942-B45C-ADA6C25EFD22}.Debug|x64.Build.0 = Debug|x64
		{C4A9FA33-B624-4942-B45C-ADA6C25EFD22}.Debug|x64.Deploy.0 = Debug|x64
		{C4A9FA33-B624-4942-B45C-ADA6C25EFD22}.Debug|x86.ActiveCfg = Debug|x64
		{C4A9FA33-B624-4942-B45C-ADA6C25EFD22}.Release|Any CPU.ActiveCfg = Release|x64
		{C4A9FA33-B624-4942-B45C-ADA6C25EFD22}.Release|x64.ActiveCfg = Release|x64
		{C4A9FA33-B624-4942-B45C-ADA6C25EFD22}.Release|x64.Build.0 = Release|x64
		{C4A9FA33-B624-4942-B45C-ADA6C25EFD22}.Release|x64.Deploy.0 = Release|x64
		{C4A9FA33-B624-4942-B45C-ADA6C25EFD22}.Release|x86.ActiveCfg = Release|x64
	EndGlobalSection
	GlobalSection(SolutionProperties) = preSolution
		HideSolutionNode = FALSE
	EndGlobalSection
	GlobalSection(NestedProjects) = preSolution
		{892CBE15-9ED7-4540-81FA-0EAABA592138} = {224B5C2A-A788-4415-996B-587E3B391A71}
		{343E9C82-2D3C-4BDF-A766-6CCDFFA250AA} = {2A3238D4-DE67-4A2A-BBF6-E8B17331BF51}
		{DC569D7F-23C2-4DB6-A49E-03459F3D38CF} = {2A3238D4-DE67-4A2A-BBF6-E8B17331BF51}
		{9C8B510F-C2C6-4F56-ABAC-FAE49C676F7E} = {224B5C2A-A788-4415-996B-587E3B391A71}
	EndGlobalSection
	GlobalSection(ExtensibilityGlobals) = postSolution
		SolutionGuid = {BBE37664-C048-44DA-AA41-73AB45DE3CE9}
	EndGlobalSection
EndGlobal
